{
  "version": 4,
  "terraform_version": "1.14.3",
  "serial": 419,
  "lineage": "eeb2f45a-f121-c96a-8fbc-92595bb69cf8",
  "outputs": {
    "aws_region": {
      "value": "us-east-2",
      "type": "string"
    },
    "bastion_1_public_ip": {
      "value": "3.148.207.51",
      "type": "string"
    },
    "bastion_2_public_ip": {
      "value": "18.191.151.62",
      "type": "string"
    },
    "bastion_keypair_name": {
      "value": "bastion-keypair",
      "type": "string"
    },
    "bastion_private_key_secret_arn": {
      "value": "arn:aws:secretsmanager:us-east-2:215848077383:secret:bastion-ssh-private-key-pDBlMF",
      "type": "string"
    },
    "bastion_public_key_secret_arn": {
      "value": "arn:aws:secretsmanager:us-east-2:215848077383:secret:bastion-ssh-public-key-D4AscI",
      "type": "string"
    },
    "eks_cluster_endpoint": {
      "value": "https://3F8E05294598E461ABDA3C737CC73362.gr7.us-east-2.eks.amazonaws.com",
      "type": "string"
    },
    "eks_cluster_name": {
      "value": "my-eks-cluster",
      "type": "string"
    },
    "eks_control_node_private_ip": {
      "value": "10.0.20.117",
      "type": "string"
    },
    "eks_control_node_role_arn": {
      "value": "arn:aws:iam::215848077383:role/eks-control-node-role",
      "type": "string"
    },
    "eks_node_role_arn": {
      "value": "arn:aws:iam::215848077383:role/eks-node-role",
      "type": "string"
    },
    "infrahash_db_endpoint": {
      "value": "infrahash-db.cnssacwgkq31.us-east-2.rds.amazonaws.com",
      "type": "string"
    },
    "infrahash_db_name": {
      "value": "",
      "type": "string"
    },
    "infrahash_db_password": {
      "value": "vl%u#pr+990w4wEakv]2",
      "type": "string",
      "sensitive": true
    },
    "infrahash_db_secret_arn": {
      "value": "arn:aws:secretsmanager:us-east-2:215848077383:secret:infrahash-db-credentials-D4AscI",
      "type": "string"
    },
    "infrahash_db_username": {
      "value": "infrahash_admin",
      "type": "string"
    },
    "infrahash_rds_sg_id": {
      "value": "sg-00538752aa134122f",
      "type": "string"
    },
    "infrahash_repository_url": {
      "value": "215848077383.dkr.ecr.us-east-2.amazonaws.com/infrahash",
      "type": "string"
    },
    "management_keypair_name": {
      "value": "management-keypair",
      "type": "string"
    },
    "management_private_key_secret_arn": {
      "value": "arn:aws:secretsmanager:us-east-2:215848077383:secret:management-ssh-private-key-yyrjuD",
      "type": "string"
    },
    "management_public_key_secret_arn": {
      "value": "arn:aws:secretsmanager:us-east-2:215848077383:secret:management-ssh-public-key-r4DeFH",
      "type": "string"
    },
    "vpc_id": {
      "value": "vpc-0fb4405a171d17c92",
      "type": "string"
    }
  },
  "resources": [
    {
      "mode": "data",
      "type": "aws_ami",
      "name": "amazon_linux_2",
      "provider": "provider[\"registry.terraform.io/hashicorp/aws\"]",
      "instances": [
        {
          "schema_version": 0,
          "attributes": {
            "architecture": "x86_64",
            "arn": "arn:aws:ec2:us-east-2::image/ami-0bb172e7d7a2e80b8",
            "block_device_mappings": [
              {
                "device_name": "/dev/xvda",
                "ebs": {
                  "delete_on_termination": "true",
                  "encrypted": "false",
                  "iops": "0",
                  "snapshot_id": "snap-0a0fe37fa64944b4a",
                  "throughput": "0",
                  "volume_initialization_rate": "0",
                  "volume_size": "8",
                  "volume_type": "gp2"
                },
                "no_device": "",
                "virtual_name": ""
              }
            ],
            "boot_mode": "",
            "creation_date": "2026-01-16T23:17:53.000Z",
            "deprecation_time": "2026-04-16T23:23:00.000Z",
            "description": "Amazon Linux 2 AMI 2.0.20260120.1 x86_64 HVM gp2",
            "ena_support": true,
            "executable_users": null,
            "filter": [
              {
                "name": "name",
                "values": [
                  "amzn2-ami-hvm-*-x86_64-gp2"
                ]
              }
            ],
            "hypervisor": "xen",
            "id": "ami-0bb172e7d7a2e80b8",
            "image_id": "ami-0bb172e7d7a2e80b8",
            "image_location": "amazon/amzn2-ami-hvm-2.0.20260120.1-x86_64-gp2",
            "image_owner_alias": "amazon",
            "image_type": "machine",
            "imds_support": "",
            "include_deprecated": false,
            "kernel_id": "",
            "last_launched_time": "",
            "most_recent": true,
            "name": "amzn2-ami-hvm-2.0.20260120.1-x86_64-gp2",
            "name_regex": null,
            "owner_id": "137112412989",
            "owners": [
              "amazon"
            ],
            "platform": "",
            "platform_details": "Linux/UNIX",
            "product_codes": [],
            "public": true,
            "ramdisk_id": "",
            "root_device_name": "/dev/xvda",
            "root_device_type": "ebs",
            "root_snapshot_id": "snap-0a0fe37fa64944b4a",
            "sriov_net_support": "simple",
            "state": "available",
            "state_reason": {
              "code": "UNSET",
              "message": "UNSET"
            },
            "tags": {},
            "timeouts": null,
            "tpm_support": "",
            "uefi_data": null,
            "usage_operation": "RunInstances",
            "virtualization_type": "hvm"
          },
          "sensitive_attributes": [],
          "identity_schema_version": 0
        }
      ]
    },
    {
      "mode": "data",
      "type": "aws_caller_identity",
      "name": "current",
      "provider": "provider[\"registry.terraform.io/hashicorp/aws\"]",
      "instances": [
        {
          "schema_version": 0,
          "attributes": {
            "account_id": "215848077383",
            "arn": "arn:aws:iam::215848077383:user/terraform_user",
            "id": "215848077383",
            "user_id": "AIDATEQMMJBD3O3QTNGTJ"
          },
          "sensitive_attributes": [],
          "identity_schema_version": 0
        }
      ]
    },
    {
      "mode": "managed",
      "type": "aws_autoscaling_group",
      "name": "bastion_asg",
      "provider": "provider[\"registry.terraform.io/hashicorp/aws\"]",
      "instances": [
        {
          "schema_version": 1,
          "attributes": {
            "arn": "arn:aws:autoscaling:us-east-2:215848077383:autoScalingGroup:9e6e8ac3-c6da-4bd4-aef0-b2530e732171:autoScalingGroupName/bastion-asg",
            "availability_zone_distribution": [
              {
                "capacity_distribution_strategy": "balanced-best-effort"
              }
            ],
            "availability_zones": [
              "us-east-2a",
              "us-east-2b"
            ],
            "capacity_rebalance": false,
            "capacity_reservation_specification": [
              {
                "capacity_reservation_preference": "default",
                "capacity_reservation_target": []
              }
            ],
            "context": "",
            "default_cooldown": 300,
            "default_instance_warmup": 0,
            "desired_capacity": 1,
            "desired_capacity_type": "",
            "enabled_metrics": [],
            "force_delete": false,
            "force_delete_warm_pool": false,
            "health_check_grace_period": 300,
            "health_check_type": "EC2",
            "id": "bastion-asg",
            "ignore_failed_scaling_activities": false,
            "initial_lifecycle_hook": [],
            "instance_maintenance_policy": [],
            "instance_refresh": [],
            "launch_configuration": "",
            "launch_template": [
              {
                "id": "lt-0f4a2367246237a65",
                "name": "bastion-lt-20260126162813251600000010",
                "version": "$Latest"
              }
            ],
            "load_balancers": [],
            "max_instance_lifetime": 0,
            "max_size": 2,
            "metrics_granularity": "1Minute",
            "min_elb_capacity": null,
            "min_size": 1,
            "mixed_instances_policy": [],
            "name": "bastion-asg",
            "name_prefix": "",
            "placement_group": "",
            "predicted_capacity": 0,
            "protect_from_scale_in": false,
            "service_linked_role_arn": "arn:aws:iam::215848077383:role/aws-service-role/autoscaling.amazonaws.com/AWSServiceRoleForAutoScaling",
            "suspended_processes": [],
            "tag": [
              {
                "key": "Name",
                "propagate_at_launch": true,
                "value": "bastion-asg-instance"
              }
            ],
            "target_group_arns": [
              "arn:aws:elasticloadbalancing:us-east-2:215848077383:targetgroup/bastion-tg/cd7378609c2c2238"
            ],
            "termination_policies": [],
            "timeouts": null,
            "traffic_source": [
              {
                "identifier": "arn:aws:elasticloadbalancing:us-east-2:215848077383:targetgroup/bastion-tg/cd7378609c2c2238",
                "type": "elbv2"
              }
            ],
            "vpc_zone_identifier": [
              "subnet-0a6560834fa060d9b",
              "subnet-0ff6dc7afee25bd3d"
            ],
            "wait_for_capacity_timeout": "10m",
            "wait_for_elb_capacity": null,
            "warm_pool": [],
            "warm_pool_size": 0
          },
          "sensitive_attributes": [],
          "identity_schema_version": 0,
          "private": "eyJlMmJmYjczMC1lY2FhLTExZTYtOGY4OC0zNDM2M2JjN2M0YzAiOnsiZGVsZXRlIjo2MDAwMDAwMDAwMDAsInVwZGF0ZSI6NjAwMDAwMDAwMDAwfSwic2NoZW1hX3ZlcnNpb24iOiIxIn0=",
          "dependencies": [
            "aws_key_pair.bastion_keypair",
            "aws_launch_template.bastion_lt",
            "aws_lb.bastion_nlb",
            "aws_lb_listener.bastion_listener",
            "aws_lb_target_group.bastion_tg",
            "aws_security_group.bastion_sg",
            "aws_subnet.public_1",
            "aws_subnet.public_2",
            "aws_vpc.main_vpc",
            "data.aws_ami.amazon_linux_2",
            "tls_private_key.bastion_ssh_key"
          ],
          "create_before_destroy": true
        }
      ]
    },
    {
      "mode": "managed",
      "type": "aws_db_instance",
      "name": "infrahash_db",
      "provider": "provider[\"registry.terraform.io/hashicorp/aws\"]",
      "instances": [
        {
          "schema_version": 2,
          "attributes": {
            "address": "infrahash-db.cnssacwgkq31.us-east-2.rds.amazonaws.com",
            "allocated_storage": 20,
            "allow_major_version_upgrade": null,
            "apply_immediately": false,
            "arn": "arn:aws:rds:us-east-2:215848077383:db:infrahash-db",
            "auto_minor_version_upgrade": true,
            "availability_zone": "us-east-2b",
            "backup_retention_period": 7,
            "backup_target": "region",
            "backup_window": "09:37-10:07",
            "blue_green_update": [],
            "ca_cert_identifier": "rds-ca-rsa2048-g1",
            "character_set_name": "",
            "copy_tags_to_snapshot": false,
            "custom_iam_instance_profile": "",
            "customer_owned_ip_enabled": false,
            "database_insights_mode": "standard",
            "db_name": "",
            "db_subnet_group_name": "infrahash-db-subnet-group",
            "dedicated_log_volume": false,
            "delete_automated_backups": true,
            "deletion_protection": false,
            "domain": "",
            "domain_auth_secret_arn": "",
            "domain_dns_ips": [],
            "domain_fqdn": "",
            "domain_iam_role_name": "",
            "domain_ou": "",
            "enabled_cloudwatch_logs_exports": [],
            "endpoint": "infrahash-db.cnssacwgkq31.us-east-2.rds.amazonaws.com:5432",
            "engine": "postgres",
            "engine_lifecycle_support": "open-source-rds-extended-support",
            "engine_version": "15.14",
            "engine_version_actual": "15.14",
            "final_snapshot_identifier": null,
            "hosted_zone_id": "Z2XHWR1WZ565X2",
            "iam_database_authentication_enabled": false,
            "id": "db-AF45BWM36J2B43CDVPQVMB5BRY",
            "identifier": "infrahash-db",
            "identifier_prefix": "",
            "instance_class": "db.t3.micro",
            "iops": 0,
            "kms_key_id": "",
            "latest_restorable_time": "2026-01-26T16:55:55Z",
            "license_model": "postgresql-license",
            "listener_endpoint": [],
            "maintenance_window": "wed:05:23-wed:05:53",
            "manage_master_user_password": null,
            "master_user_secret": [],
            "master_user_secret_kms_key_id": null,
            "max_allocated_storage": 0,
            "monitoring_interval": 0,
            "monitoring_role_arn": "",
            "multi_az": true,
            "nchar_character_set_name": "",
            "network_type": "IPV4",
            "option_group_name": "default:postgres-15",
            "parameter_group_name": "default.postgres15",
            "password": "vl%u#pr+990w4wEakv]2",
            "password_wo": null,
            "password_wo_version": null,
            "performance_insights_enabled": false,
            "performance_insights_kms_key_id": "",
            "performance_insights_retention_period": 0,
            "port": 5432,
            "publicly_accessible": false,
            "replica_mode": "",
            "replicas": [],
            "replicate_source_db": "",
            "resource_id": "db-AF45BWM36J2B43CDVPQVMB5BRY",
            "restore_to_point_in_time": [],
            "s3_import": [],
            "skip_final_snapshot": true,
            "snapshot_identifier": null,
            "status": "available",
            "storage_encrypted": false,
            "storage_throughput": 0,
            "storage_type": "gp2",
            "tags": {
              "Name": "infrahash-db",
              "Project": "InfraHash"
            },
            "tags_all": {
              "Name": "infrahash-db",
              "Project": "InfraHash"
            },
            "timeouts": null,
            "timezone": "",
            "upgrade_storage_config": null,
            "username": "infrahash_admin",
            "vpc_security_group_ids": [
              "sg-00538752aa134122f"
            ]
          },
          "sensitive_attributes": [
            [
              {
                "type": "get_attr",
                "value": "password"
              }
            ],
            [
              {
                "type": "get_attr",
                "value": "password_wo"
              }
            ]
          ],
          "identity_schema_version": 0,
          "private": "eyJlMmJmYjczMC1lY2FhLTExZTYtOGY4OC0zNDM2M2JjN2M0YzAiOnsiY3JlYXRlIjozMDAwMDAwMDAwMDAwLCJkZWxldGUiOjM2MDAwMDAwMDAwMDAsInVwZGF0ZSI6NDgwMDAwMDAwMDAwMH0sInNjaGVtYV92ZXJzaW9uIjoiMiJ9",
          "dependencies": [
            "aws_db_subnet_group.infrahash_db_subnet_group",
            "aws_security_group.alb_sg",
            "aws_security_group.app_sg",
            "aws_security_group.management_sg",
            "aws_security_group.rds_sg",
            "aws_subnet.private_1",
            "aws_subnet.private_2",
            "aws_vpc.main_vpc",
            "random_password.infrahash_db_password"
          ]
        }
      ]
    },
    {
      "mode": "managed",
      "type": "aws_db_subnet_group",
      "name": "infrahash_db_subnet_group",
      "provider": "provider[\"registry.terraform.io/hashicorp/aws\"]",
      "instances": [
        {
          "schema_version": 0,
          "attributes": {
            "arn": "arn:aws:rds:us-east-2:215848077383:subgrp:infrahash-db-subnet-group",
            "description": "Managed by Terraform",
            "id": "infrahash-db-subnet-group",
            "name": "infrahash-db-subnet-group",
            "name_prefix": "",
            "subnet_ids": [
              "subnet-0c2c8bd6650fe89a4",
              "subnet-0d92cbda201d1edea"
            ],
            "supported_network_types": [
              "IPV4"
            ],
            "tags": {
              "Name": "infrahash-db-subnet-group"
            },
            "tags_all": {
              "Name": "infrahash-db-subnet-group"
            },
            "vpc_id": "vpc-0fb4405a171d17c92"
          },
          "sensitive_attributes": [],
          "identity_schema_version": 0,
          "private": "bnVsbA==",
          "dependencies": [
            "aws_subnet.private_1",
            "aws_subnet.private_2",
            "aws_vpc.main_vpc"
          ]
        }
      ]
    },
    {
      "mode": "managed",
      "type": "aws_ecr_repository",
      "name": "infrahash_repo",
      "provider": "provider[\"registry.terraform.io/hashicorp/aws\"]",
      "instances": [
        {
          "schema_version": 0,
          "attributes": {
            "arn": "arn:aws:ecr:us-east-2:215848077383:repository/infrahash",
            "encryption_configuration": [
              {
                "encryption_type": "AES256",
                "kms_key": ""
              }
            ],
            "force_delete": true,
            "id": "infrahash",
            "image_scanning_configuration": [
              {
                "scan_on_push": true
              }
            ],
            "image_tag_mutability": "MUTABLE",
            "name": "infrahash",
            "registry_id": "215848077383",
            "repository_url": "215848077383.dkr.ecr.us-east-2.amazonaws.com/infrahash",
            "tags": {
              "Name": "infrahash-repo"
            },
            "tags_all": {
              "Name": "infrahash-repo"
            },
            "timeouts": null
          },
          "sensitive_attributes": [],
          "identity_schema_version": 0,
          "private": "eyJlMmJmYjczMC1lY2FhLTExZTYtOGY4OC0zNDM2M2JjN2M0YzAiOnsiZGVsZXRlIjoxMjAwMDAwMDAwMDAwfX0="
        }
      ]
    },
    {
      "mode": "managed",
      "type": "aws_eip",
      "name": "nat_1",
      "provider": "provider[\"registry.terraform.io/hashicorp/aws\"]",
      "instances": [
        {
          "schema_version": 0,
          "attributes": {
            "address": null,
            "allocation_id": "eipalloc-0dd69ee27201d2316",
            "arn": "arn:aws:ec2:us-east-2:215848077383:elastic-ip/eipalloc-0dd69ee27201d2316",
            "associate_with_private_ip": null,
            "association_id": "eipassoc-070d2b35301482988",
            "carrier_ip": "",
            "customer_owned_ip": "",
            "customer_owned_ipv4_pool": "",
            "domain": "vpc",
            "id": "eipalloc-0dd69ee27201d2316",
            "instance": "",
            "ipam_pool_id": null,
            "network_border_group": "us-east-2",
            "network_interface": "eni-0e6912b414cf2030d",
            "private_dns": "ip-10-0-131-181.us-east-2.compute.internal",
            "private_ip": "10.0.131.181",
            "ptr_record": "",
            "public_dns": "ec2-3-132-235-115.us-east-2.compute.amazonaws.com",
            "public_ip": "3.132.235.115",
            "public_ipv4_pool": "amazon",
            "tags": {},
            "tags_all": {},
            "timeouts": null,
            "vpc": true
          },
          "sensitive_attributes": [],
          "identity_schema_version": 0,
          "private": "eyJlMmJmYjczMC1lY2FhLTExZTYtOGY4OC0zNDM2M2JjN2M0YzAiOnsiZGVsZXRlIjoxODAwMDAwMDAwMDAsInJlYWQiOjkwMDAwMDAwMDAwMCwidXBkYXRlIjozMDAwMDAwMDAwMDB9fQ=="
        }
      ]
    },
    {
      "mode": "managed",
      "type": "aws_eip",
      "name": "nat_2",
      "provider": "provider[\"registry.terraform.io/hashicorp/aws\"]",
      "instances": [
        {
          "schema_version": 0,
          "attributes": {
            "address": null,
            "allocation_id": "eipalloc-06fbb496f58fdb305",
            "arn": "arn:aws:ec2:us-east-2:215848077383:elastic-ip/eipalloc-06fbb496f58fdb305",
            "associate_with_private_ip": null,
            "association_id": "eipassoc-0d1776d3b8f86e56e",
            "carrier_ip": "",
            "customer_owned_ip": "",
            "customer_owned_ipv4_pool": "",
            "domain": "vpc",
            "id": "eipalloc-06fbb496f58fdb305",
            "instance": "",
            "ipam_pool_id": null,
            "network_border_group": "us-east-2",
            "network_interface": "eni-0ad2add3eaa8aca79",
            "private_dns": "ip-10-0-148-29.us-east-2.compute.internal",
            "private_ip": "10.0.148.29",
            "ptr_record": "",
            "public_dns": "ec2-3-149-41-167.us-east-2.compute.amazonaws.com",
            "public_ip": "3.149.41.167",
            "public_ipv4_pool": "amazon",
            "tags": {},
            "tags_all": {},
            "timeouts": null,
            "vpc": true
          },
          "sensitive_attributes": [],
          "identity_schema_version": 0,
          "private": "eyJlMmJmYjczMC1lY2FhLTExZTYtOGY4OC0zNDM2M2JjN2M0YzAiOnsiZGVsZXRlIjoxODAwMDAwMDAwMDAsInJlYWQiOjkwMDAwMDAwMDAwMCwidXBkYXRlIjozMDAwMDAwMDAwMDB9fQ=="
        }
      ]
    },
    {
      "mode": "managed",
      "type": "aws_eks_cluster",
      "name": "main",
      "provider": "provider[\"registry.terraform.io/hashicorp/aws\"]",
      "instances": [
        {
          "schema_version": 1,
          "attributes": {
            "access_config": [
              {
                "authentication_mode": "CONFIG_MAP",
                "bootstrap_cluster_creator_admin_permissions": true
              }
            ],
            "arn": "arn:aws:eks:us-east-2:215848077383:cluster/my-eks-cluster",
            "bootstrap_self_managed_addons": true,
            "certificate_authority": [
              {
                "data": "LS0tLS1CRUdJTiBDRVJUSUZJQ0FURS0tLS0tCk1JSURCVENDQWUyZ0F3SUJBZ0lJYnhydDN4MUdudnd3RFFZSktvWklodmNOQVFFTEJRQXdGVEVUTUJFR0ExVUUKQXhNS2EzVmlaWEp1WlhSbGN6QWVGdzB5TmpBeE1qWXhOakkzTlRoYUZ3MHpOakF4TWpReE5qTXlOVGhhTUJVeApFekFSQmdOVkJBTVRDbXQxWW1WeWJtVjBaWE13Z2dFaU1BMEdDU3FHU0liM0RRRUJBUVVBQTRJQkR3QXdnZ0VLCkFvSUJBUURqZnZCZXVRMHA3eTZheVpzOEpEMm90TWFRWEQxR0F2Z1FJT0pQT05kbVFLekNoK1pJT3pXTXBVaTkKZWVua0VVUlNWTm5Cc0tuOWNjN2gzM2Vkdno4dm1FUkd4dGZqYkEwSmphMW1qekVhTHJGOWVkOHB4cjY2YUg2Ygp5Y2hhbTBIWkNMU0czR21XMi83cCs4Z05FYXRHb2VUcmVJSDEvank1TXc3cWZBcUVmWUxob3NnVlc3dVU1TmEwCjdzbkx3YndRSGF5R2lMQ1h4bGp1QXk0TVZWZktzWHpiUTBkOFRJaEN4RlVnT3c0ZlQ2NEZzZXhuZ1hyME5aY0MKTmNIa0VnYmFTTzdaUms3NzV0VkZ2d0FuUnFqTUhlYjJZa3JCdGpKZjcrbm5FYVJtWHZjaytmRGZLUi9IYy9lVQpHUmhZbTNIT0ZSR01tSktSSHhvd1Q3bUcrS1hCQWdNQkFBR2pXVEJYTUE0R0ExVWREd0VCL3dRRUF3SUNwREFQCkJnTlZIUk1CQWY4RUJUQURBUUgvTUIwR0ExVWREZ1FXQkJSVXhFMVQ1VG9rUkVEakR5Y2haa0tFZ05ia05EQVYKQmdOVkhSRUVEakFNZ2dwcmRXSmxjbTVsZEdWek1BMEdDU3FHU0liM0RRRUJDd1VBQTRJQkFRQlJNSmxjcDMrUgpUUVpGdlYxalpMNTdmK3VUNUd0SWRPVjRaMmh6WXVtSU1PMnVpUlJDZlVFTWg2RGxDeUVmeDBKNEVRTnJybVlHCkJsNWFWSEorV2lDRGdlcGhDTDBtb2JpenBYMmd2SXdRSHk5cFU3VU1EUW9lcmNBVHhPMTErYk5IY1VMb05CblMKRDZNSi8rZzgzVGRKc04zbW9oTnlsa2xQZk1QZXFMNzY4NUtBdjdaQmJXUU1HMjJuRTFOcHVQSTVnYnIzeXVJVApobUdZakFVWWF5aEFFYmVsMkxHMkU1NWN3OFljZjJhTkFtYlFoSjdoMkhacVpROGZPbTFTK3NZMlFvb1ZrZmF4CmNwNkw3WkJNdjhweWZRdDNUQU03cm5rUHBjdW9vd2lWRGdKcDR4c3hFUEhuRnFkSmN1aUpYNkFVSlZWeDNmY1UKdU1nUU1LSVlJdlhyCi0tLS0tRU5EIENFUlRJRklDQVRFLS0tLS0K"
              }
            ],
            "cluster_id": null,
            "compute_config": [],
            "created_at": "2026-01-26T16:28:35Z",
            "enabled_cluster_log_types": [],
            "encryption_config": [],
            "endpoint": "https://3F8E05294598E461ABDA3C737CC73362.gr7.us-east-2.eks.amazonaws.com",
            "force_update_version": null,
            "id": "my-eks-cluster",
            "identity": [
              {
                "oidc": [
                  {
                    "issuer": "https://oidc.eks.us-east-2.amazonaws.com/id/3F8E05294598E461ABDA3C737CC73362"
                  }
                ]
              }
            ],
            "kubernetes_network_config": [
              {
                "elastic_load_balancing": [
                  {
                    "enabled": false
                  }
                ],
                "ip_family": "ipv4",
                "service_ipv4_cidr": "172.20.0.0/16",
                "service_ipv6_cidr": ""
              }
            ],
            "name": "my-eks-cluster",
            "outpost_config": [],
            "platform_version": "eks.13",
            "remote_network_config": [],
            "role_arn": "arn:aws:iam::215848077383:role/eks-cluster-role",
            "status": "ACTIVE",
            "storage_config": [],
            "tags": {},
            "tags_all": {},
            "timeouts": null,
            "upgrade_policy": [
              {
                "support_type": "EXTENDED"
              }
            ],
            "version": "1.34",
            "vpc_config": [
              {
                "cluster_security_group_id": "sg-01d8aa9d36db6d8a5",
                "endpoint_private_access": true,
                "endpoint_public_access": true,
                "public_access_cidrs": [
                  "0.0.0.0/0"
                ],
                "security_group_ids": [],
                "subnet_ids": [
                  "subnet-0a6560834fa060d9b",
                  "subnet-0c2c8bd6650fe89a4",
                  "subnet-0d92cbda201d1edea",
                  "subnet-0ff6dc7afee25bd3d"
                ],
                "vpc_id": "vpc-0fb4405a171d17c92"
              }
            ],
            "zonal_shift_config": []
          },
          "sensitive_attributes": [],
          "identity_schema_version": 0,
          "private": "eyJlMmJmYjczMC1lY2FhLTExZTYtOGY4OC0zNDM2M2JjN2M0YzAiOnsiY3JlYXRlIjoxODAwMDAwMDAwMDAwLCJkZWxldGUiOjkwMDAwMDAwMDAwMCwidXBkYXRlIjozNjAwMDAwMDAwMDAwfSwic2NoZW1hX3ZlcnNpb24iOiIxIn0=",
          "dependencies": [
            "aws_iam_role.eks_cluster_role",
            "aws_iam_role_policy_attachment.eks_cluster_policy",
            "aws_iam_role_policy_attachment.eks_vpc_controller",
            "aws_subnet.private_1",
            "aws_subnet.private_2",
            "aws_subnet.public_1",
            "aws_subnet.public_2",
            "aws_vpc.main_vpc"
          ]
        }
      ]
    },
    {
      "mode": "managed",
      "type": "aws_eks_node_group",
      "name": "main_nodes",
      "provider": "provider[\"registry.terraform.io/hashicorp/aws\"]",
      "instances": [
        {
          "schema_version": 0,
          "attributes": {
            "ami_type": "AL2023_x86_64_STANDARD",
            "arn": "arn:aws:eks:us-east-2:215848077383:nodegroup/my-eks-cluster/eks-node-group/12cdfd95-27dd-34e4-5640-c6a09a0b894e",
            "capacity_type": "ON_DEMAND",
            "cluster_name": "my-eks-cluster",
            "disk_size": 20,
            "force_update_version": null,
            "id": "my-eks-cluster:eks-node-group",
            "instance_types": [
              "t3.medium"
            ],
            "labels": {},
            "launch_template": [],
            "node_group_name": "eks-node-group",
            "node_group_name_prefix": "",
            "node_repair_config": [],
            "node_role_arn": "arn:aws:iam::215848077383:role/eks-node-role",
            "release_version": "1.34.2-20260120",
            "remote_access": [],
            "resources": [
              {
                "autoscaling_groups": [
                  {
                    "name": "eks-eks-node-group-12cdfd95-27dd-34e4-5640-c6a09a0b894e"
                  }
                ],
                "remote_access_security_group_id": ""
              }
            ],
            "scaling_config": [
              {
                "desired_size": 2,
                "max_size": 3,
                "min_size": 1
              }
            ],
            "status": "ACTIVE",
            "subnet_ids": [
              "subnet-0c2c8bd6650fe89a4",
              "subnet-0d92cbda201d1edea"
            ],
            "tags": {},
            "tags_all": {},
            "taint": [],
            "timeouts": null,
            "update_config": [
              {
                "max_unavailable": 1,
                "max_unavailable_percentage": 0
              }
            ],
            "version": "1.34"
          },
          "sensitive_attributes": [],
          "identity_schema_version": 0,
          "private": "eyJlMmJmYjczMC1lY2FhLTExZTYtOGY4OC0zNDM2M2JjN2M0YzAiOnsiY3JlYXRlIjozNjAwMDAwMDAwMDAwLCJkZWxldGUiOjM2MDAwMDAwMDAwMDAsInVwZGF0ZSI6MzYwMDAwMDAwMDAwMH19",
          "dependencies": [
            "aws_eks_cluster.main",
            "aws_iam_role.eks_cluster_role",
            "aws_iam_role.eks_node_role",
            "aws_iam_role_policy_attachment.eks_cluster_policy",
            "aws_iam_role_policy_attachment.eks_vpc_controller",
            "aws_iam_role_policy_attachment.worker_cni_policy",
            "aws_iam_role_policy_attachment.worker_node_policy",
            "aws_iam_role_policy_attachment.worker_registry_policy",
            "aws_subnet.private_1",
            "aws_subnet.private_2",
            "aws_subnet.public_1",
            "aws_subnet.public_2",
            "aws_vpc.main_vpc"
          ]
        }
      ]
    },
    {
      "mode": "managed",
      "type": "aws_iam_instance_profile",
      "name": "bastion_instance_profile",
      "provider": "provider[\"registry.terraform.io/hashicorp/aws\"]",
      "instances": [
        {
          "schema_version": 0,
          "attributes": {
            "arn": "arn:aws:iam::215848077383:instance-profile/bastion-instance-profile",
            "create_date": "2026-01-26T16:28:01Z",
            "id": "bastion-instance-profile",
            "name": "bastion-instance-profile",
            "name_prefix": "",
            "path": "/",
            "role": "bastion-instance-role",
            "tags": {},
            "tags_all": {},
            "unique_id": "AIPATEQMMJBD5YKFHQBKI"
          },
          "sensitive_attributes": [],
          "identity_schema_version": 0,
          "private": "bnVsbA==",
          "dependencies": [
            "aws_iam_role.bastion_role"
          ]
        }
      ]
    },
    {
      "mode": "managed",
      "type": "aws_iam_instance_profile",
      "name": "eks_control_node_profile",
      "provider": "provider[\"registry.terraform.io/hashicorp/aws\"]",
      "instances": [
        {
          "schema_version": 0,
          "attributes": {
            "arn": "arn:aws:iam::215848077383:instance-profile/eks-control-node-profile",
            "create_date": "2026-01-26T16:27:56Z",
            "id": "eks-control-node-profile",
            "name": "eks-control-node-profile",
            "name_prefix": "",
            "path": "/",
            "role": "eks-control-node-role",
            "tags": {},
            "tags_all": {},
            "unique_id": "AIPATEQMMJBD3MSYUTY62"
          },
          "sensitive_attributes": [],
          "identity_schema_version": 0,
          "private": "bnVsbA==",
          "dependencies": [
            "aws_iam_role.eks_control_node_role"
          ]
        }
      ]
    },
    {
      "mode": "managed",
      "type": "aws_iam_openid_connect_provider",
      "name": "eks",
      "provider": "provider[\"registry.terraform.io/hashicorp/aws\"]",
      "instances": [
        {
          "schema_version": 0,
          "attributes": {
            "arn": "arn:aws:iam::215848077383:oidc-provider/oidc.eks.us-east-2.amazonaws.com/id/3F8E05294598E461ABDA3C737CC73362",
            "client_id_list": [
              "sts.amazonaws.com"
            ],
            "id": "arn:aws:iam::215848077383:oidc-provider/oidc.eks.us-east-2.amazonaws.com/id/3F8E05294598E461ABDA3C737CC73362",
            "tags": {},
            "tags_all": {},
            "thumbprint_list": [
              "9e99a48a9960b14926bb7f3b02e22da0afd10df6"
            ],
            "url": "oidc.eks.us-east-2.amazonaws.com/id/3F8E05294598E461ABDA3C737CC73362"
          },
          "sensitive_attributes": [],
          "identity_schema_version": 0,
          "private": "bnVsbA==",
          "dependencies": [
            "aws_eks_cluster.main",
            "aws_iam_role.eks_cluster_role",
            "aws_iam_role_policy_attachment.eks_cluster_policy",
            "aws_iam_role_policy_attachment.eks_vpc_controller",
            "aws_subnet.private_1",
            "aws_subnet.private_2",
            "aws_subnet.public_1",
            "aws_subnet.public_2",
            "aws_vpc.main_vpc"
          ]
        }
      ]
    },
    {
      "mode": "managed",
      "type": "aws_iam_policy",
      "name": "bastion_secrets_policy",
      "provider": "provider[\"registry.terraform.io/hashicorp/aws\"]",
      "instances": [
        {
          "schema_version": 0,
          "attributes": {
            "arn": "arn:aws:iam::215848077383:policy/bastion-secrets-access",
            "attachment_count": 0,
            "description": "Allow bastion EC2 to read SSH keys from Secrets Manager",
            "id": "arn:aws:iam::215848077383:policy/bastion-secrets-access",
            "name": "bastion-secrets-access",
            "name_prefix": "",
            "path": "/",
            "policy": "{\"Statement\":[{\"Action\":[\"secretsmanager:GetSecretValue\"],\"Effect\":\"Allow\",\"Resource\":[\"arn:aws:secretsmanager:us-east-2:215848077383:secret:bastion-ssh-private-key-pDBlMF\",\"arn:aws:secretsmanager:us-east-2:215848077383:secret:bastion-ssh-public-key-D4AscI\"]}],\"Version\":\"2012-10-17\"}",
            "policy_id": "ANPATEQMMJBDV57GUR4VV",
            "tags": null,
            "tags_all": {}
          },
          "sensitive_attributes": [],
          "identity_schema_version": 0,
          "private": "bnVsbA==",
          "dependencies": [
            "aws_secretsmanager_secret.bastion_private_key",
            "aws_secretsmanager_secret.bastion_public_key"
          ]
        }
      ]
    },
    {
      "mode": "managed",
      "type": "aws_iam_role",
      "name": "aws_load_balancer_controller_role",
      "provider": "provider[\"registry.terraform.io/hashicorp/aws\"]",
      "instances": [
        {
          "schema_version": 0,
          "attributes": {
            "arn": "arn:aws:iam::215848077383:role/aws-load-balancer-controller-role",
            "assume_role_policy": "{\"Statement\":[{\"Action\":\"sts:AssumeRoleWithWebIdentity\",\"Condition\":{\"StringEquals\":{\"oidc.eks.us-east-2.amazonaws.com/id/3F8E05294598E461ABDA3C737CC73362:sub\":\"system:serviceaccount:kube-system:aws-load-balancer-controller\"}},\"Effect\":\"Allow\",\"Principal\":{\"Federated\":\"arn:aws:iam::215848077383:oidc-provider/oidc.eks.us-east-2.amazonaws.com/id/3F8E05294598E461ABDA3C737CC73362\"}}],\"Version\":\"2012-10-17\"}",
            "create_date": "2026-01-26T16:36:53Z",
            "description": "",
            "force_detach_policies": false,
            "id": "aws-load-balancer-controller-role",
            "inline_policy": [],
            "managed_policy_arns": [
              "arn:aws:iam::215848077383:policy/AWSLoadBalancerControllerIAMPolicy"
            ],
            "max_session_duration": 3600,
            "name": "aws-load-balancer-controller-role",
            "name_prefix": "",
            "path": "/",
            "permissions_boundary": "",
            "tags": {},
            "tags_all": {},
            "unique_id": "AROATEQMMJBD3VJRIFMOX"
          },
          "sensitive_attributes": [],
          "identity_schema_version": 0,
          "private": "bnVsbA==",
          "dependencies": [
            "aws_eks_cluster.main",
            "aws_iam_openid_connect_provider.eks",
            "aws_iam_role.eks_cluster_role",
            "aws_iam_role_policy_attachment.eks_cluster_policy",
            "aws_iam_role_policy_attachment.eks_vpc_controller",
            "aws_subnet.private_1",
            "aws_subnet.private_2",
            "aws_subnet.public_1",
            "aws_subnet.public_2",
            "aws_vpc.main_vpc"
          ]
        }
      ]
    },
    {
      "mode": "managed",
      "type": "aws_iam_role",
      "name": "bastion_key_rotation_role",
      "provider": "provider[\"registry.terraform.io/hashicorp/aws\"]",
      "instances": [
        {
          "schema_version": 0,
          "attributes": {
            "arn": "arn:aws:iam::215848077383:role/bastion-key-rotation-role",
            "assume_role_policy": "{\"Statement\":[{\"Action\":\"sts:AssumeRole\",\"Effect\":\"Allow\",\"Principal\":{\"Service\":\"lambda.amazonaws.com\"}}],\"Version\":\"2012-10-17\"}",
            "create_date": "2026-01-26T16:27:54Z",
            "description": "",
            "force_detach_policies": false,
            "id": "bastion-key-rotation-role",
            "inline_policy": [],
            "managed_policy_arns": [],
            "max_session_duration": 3600,
            "name": "bastion-key-rotation-role",
            "name_prefix": "",
            "path": "/",
            "permissions_boundary": "",
            "tags": {},
            "tags_all": {},
            "unique_id": "AROATEQMMJBD5V5LFDPZI"
          },
          "sensitive_attributes": [],
          "identity_schema_version": 0,
          "private": "bnVsbA=="
        }
      ]
    },
    {
      "mode": "managed",
      "type": "aws_iam_role",
      "name": "bastion_role",
      "provider": "provider[\"registry.terraform.io/hashicorp/aws\"]",
      "instances": [
        {
          "schema_version": 0,
          "attributes": {
            "arn": "arn:aws:iam::215848077383:role/bastion-instance-role",
            "assume_role_policy": "{\"Statement\":[{\"Action\":\"sts:AssumeRole\",\"Effect\":\"Allow\",\"Principal\":{\"Service\":\"ec2.amazonaws.com\"}}],\"Version\":\"2012-10-17\"}",
            "create_date": "2026-01-26T16:27:54Z",
            "description": "",
            "force_detach_policies": false,
            "id": "bastion-instance-role",
            "inline_policy": [],
            "managed_policy_arns": [],
            "max_session_duration": 3600,
            "name": "bastion-instance-role",
            "name_prefix": "",
            "path": "/",
            "permissions_boundary": "",
            "tags": {},
            "tags_all": {},
            "unique_id": "AROATEQMMJBD7QNZH5C2E"
          },
          "sensitive_attributes": [],
          "identity_schema_version": 0,
          "private": "bnVsbA=="
        }
      ]
    },
    {
      "mode": "managed",
      "type": "aws_iam_role",
      "name": "eks_cluster_role",
      "provider": "provider[\"registry.terraform.io/hashicorp/aws\"]",
      "instances": [
        {
          "schema_version": 0,
          "attributes": {
            "arn": "arn:aws:iam::215848077383:role/eks-cluster-role",
            "assume_role_policy": "{\"Statement\":[{\"Action\":\"sts:AssumeRole\",\"Effect\":\"Allow\",\"Principal\":{\"Service\":\"eks.amazonaws.com\"}}],\"Version\":\"2012-10-17\"}",
            "create_date": "2026-01-26T16:27:54Z",
            "description": "",
            "force_detach_policies": false,
            "id": "eks-cluster-role",
            "inline_policy": [],
            "managed_policy_arns": [
              "arn:aws:iam::aws:policy/AmazonEKSClusterPolicy",
              "arn:aws:iam::aws:policy/AmazonEKSVPCResourceController"
            ],
            "max_session_duration": 3600,
            "name": "eks-cluster-role",
            "name_prefix": "",
            "path": "/",
            "permissions_boundary": "",
            "tags": {},
            "tags_all": {},
            "unique_id": "AROATEQMMJBD7FDMG4WFO"
          },
          "sensitive_attributes": [],
          "identity_schema_version": 0,
          "private": "bnVsbA=="
        }
      ]
    },
    {
      "mode": "managed",
      "type": "aws_iam_role",
      "name": "eks_control_node_role",
      "provider": "provider[\"registry.terraform.io/hashicorp/aws\"]",
      "instances": [
        {
          "schema_version": 0,
          "attributes": {
            "arn": "arn:aws:iam::215848077383:role/eks-control-node-role",
            "assume_role_policy": "{\"Statement\":[{\"Action\":\"sts:AssumeRole\",\"Effect\":\"Allow\",\"Principal\":{\"Service\":\"ec2.amazonaws.com\"}}],\"Version\":\"2012-10-17\"}",
            "create_date": "2026-01-26T16:27:54Z",
            "description": "",
            "force_detach_policies": false,
            "id": "eks-control-node-role",
            "inline_policy": [],
            "managed_policy_arns": [
              "arn:aws:iam::aws:policy/AdministratorAccess",
              "arn:aws:iam::aws:policy/AmazonEC2ContainerRegistryReadOnly",
              "arn:aws:iam::aws:policy/AmazonEKSWorkerNodePolicy",
              "arn:aws:iam::aws:policy/AmazonEKS_CNI_Policy"
            ],
            "max_session_duration": 3600,
            "name": "eks-control-node-role",
            "name_prefix": "",
            "path": "/",
            "permissions_boundary": "",
            "tags": {},
            "tags_all": {},
            "unique_id": "AROATEQMMJBD2XUSVPS3R"
          },
          "sensitive_attributes": [],
          "identity_schema_version": 0,
          "private": "bnVsbA=="
        }
      ]
    },
    {
      "mode": "managed",
      "type": "aws_iam_role",
      "name": "eks_node_role",
      "provider": "provider[\"registry.terraform.io/hashicorp/aws\"]",
      "instances": [
        {
          "schema_version": 0,
          "attributes": {
            "arn": "arn:aws:iam::215848077383:role/eks-node-role",
            "assume_role_policy": "{\"Statement\":[{\"Action\":\"sts:AssumeRole\",\"Effect\":\"Allow\",\"Principal\":{\"Service\":\"ec2.amazonaws.com\"}}],\"Version\":\"2012-10-17\"}",
            "create_date": "2026-01-26T16:27:54Z",
            "description": "",
            "force_detach_policies": false,
            "id": "eks-node-role",
            "inline_policy": [],
            "managed_policy_arns": [
              "arn:aws:iam::aws:policy/AmazonEC2ContainerRegistryReadOnly",
              "arn:aws:iam::aws:policy/AmazonEKSWorkerNodePolicy",
              "arn:aws:iam::aws:policy/AmazonEKS_CNI_Policy"
            ],
            "max_session_duration": 3600,
            "name": "eks-node-role",
            "name_prefix": "",
            "path": "/",
            "permissions_boundary": "",
            "tags": {},
            "tags_all": {},
            "unique_id": "AROATEQMMJBDSKRG4UHCE"
          },
          "sensitive_attributes": [],
          "identity_schema_version": 0,
          "private": "bnVsbA=="
        }
      ]
    },
    {
      "mode": "managed",
      "type": "aws_iam_role_policy",
      "name": "bastion_key_rotation_policy",
      "provider": "provider[\"registry.terraform.io/hashicorp/aws\"]",
      "instances": [
        {
          "schema_version": 0,
          "attributes": {
            "id": "bastion-key-rotation-role:bastion-key-rotation-policy",
            "name": "bastion-key-rotation-policy",
            "name_prefix": "",
            "policy": "{\"Version\":\"2012-10-17\",\"Statement\":[{\"Action\":[\"secretsmanager:GetSecretValue\",\"secretsmanager:PutSecretValue\",\"secretsmanager:UpdateSecretVersionStage\"],\"Effect\":\"Allow\",\"Resource\":[\"arn:aws:secretsmanager:us-east-2:215848077383:secret:bastion-ssh-private-key-pDBlMF\",\"arn:aws:secretsmanager:us-east-2:215848077383:secret:bastion-ssh-public-key-D4AscI\"]},{\"Action\":[\"logs:CreateLogGroup\",\"logs:CreateLogStream\",\"logs:PutLogEvents\"],\"Effect\":\"Allow\",\"Resource\":\"*\"}]}",
            "role": "bastion-key-rotation-role"
          },
          "sensitive_attributes": [],
          "identity_schema_version": 0,
          "private": "bnVsbA==",
          "dependencies": [
            "aws_iam_role.bastion_key_rotation_role",
            "aws_secretsmanager_secret.bastion_private_key",
            "aws_secretsmanager_secret.bastion_public_key"
          ]
        }
      ]
    },
    {
      "mode": "managed",
      "type": "aws_iam_role_policy_attachment",
      "name": "alb_controller_attach_policy",
      "provider": "provider[\"registry.terraform.io/hashicorp/aws\"]",
      "instances": [
        {
          "schema_version": 0,
          "attributes": {
            "id": "aws-load-balancer-controller-role-2026012616365355760000001c",
            "policy_arn": "arn:aws:iam::215848077383:policy/AWSLoadBalancerControllerIAMPolicy",
            "role": "aws-load-balancer-controller-role"
          },
          "sensitive_attributes": [],
          "identity_schema_version": 0,
          "private": "bnVsbA==",
          "dependencies": [
            "aws_eks_cluster.main",
            "aws_iam_openid_connect_provider.eks",
            "aws_iam_role.aws_load_balancer_controller_role",
            "aws_iam_role.eks_cluster_role",
            "aws_iam_role_policy_attachment.eks_cluster_policy",
            "aws_iam_role_policy_attachment.eks_vpc_controller",
            "aws_subnet.private_1",
            "aws_subnet.private_2",
            "aws_subnet.public_1",
            "aws_subnet.public_2",
            "aws_vpc.main_vpc"
          ]
        }
      ]
    },
    {
      "mode": "managed",
      "type": "aws_iam_role_policy_attachment",
      "name": "bastion_attach_policy",
      "provider": "provider[\"registry.terraform.io/hashicorp/aws\"]",
      "instances": [
        {
          "schema_version": 0,
          "attributes": {
            "id": "bastion-instance-role-20260126170122655200000006",
            "policy_arn": "arn:aws:iam::215848077383:policy/bastion-secrets-access",
            "role": "bastion-instance-role"
          },
          "sensitive_attributes": [],
          "identity_schema_version": 0,
          "private": "bnVsbA==",
          "dependencies": [
            "aws_iam_policy.bastion_secrets_policy",
            "aws_iam_role.bastion_role",
            "aws_secretsmanager_secret.bastion_private_key",
            "aws_secretsmanager_secret.bastion_public_key"
          ]
        }
      ]
    },
    {
      "mode": "managed",
      "type": "aws_iam_role_policy_attachment",
      "name": "control_cni_policy",
      "provider": "provider[\"registry.terraform.io/hashicorp/aws\"]",
      "instances": [
        {
          "schema_version": 0,
          "attributes": {
            "id": "eks-control-node-role-2026012616280132970000000e",
            "policy_arn": "arn:aws:iam::aws:policy/AmazonEKS_CNI_Policy",
            "role": "eks-control-node-role"
          },
          "sensitive_attributes": [],
          "identity_schema_version": 0,
          "private": "bnVsbA==",
          "dependencies": [
            "aws_iam_role.eks_control_node_role"
          ]
        }
      ]
    },
    {
      "mode": "managed",
      "type": "aws_iam_role_policy_attachment",
      "name": "control_node_policy",
      "provider": "provider[\"registry.terraform.io/hashicorp/aws\"]",
      "instances": [
        {
          "schema_version": 0,
          "attributes": {
            "id": "eks-control-node-role-2026012616280110410000000d",
            "policy_arn": "arn:aws:iam::aws:policy/AmazonEKSWorkerNodePolicy",
            "role": "eks-control-node-role"
          },
          "sensitive_attributes": [],
          "identity_schema_version": 0,
          "private": "bnVsbA==",
          "dependencies": [
            "aws_iam_role.eks_control_node_role"
          ]
        }
      ]
    },
    {
      "mode": "managed",
      "type": "aws_iam_role_policy_attachment",
      "name": "control_registry_policy",
      "provider": "provider[\"registry.terraform.io/hashicorp/aws\"]",
      "instances": [
        {
          "schema_version": 0,
          "attributes": {
            "id": "eks-control-node-role-2026012616275647600000000b",
            "policy_arn": "arn:aws:iam::aws:policy/AmazonEC2ContainerRegistryReadOnly",
            "role": "eks-control-node-role"
          },
          "sensitive_attributes": [],
          "identity_schema_version": 0,
          "private": "bnVsbA==",
          "dependencies": [
            "aws_iam_role.eks_control_node_role"
          ]
        }
      ]
    },
    {
      "mode": "managed",
      "type": "aws_iam_role_policy_attachment",
      "name": "eks_admin_policy",
      "provider": "provider[\"registry.terraform.io/hashicorp/aws\"]",
      "instances": [
        {
          "schema_version": 0,
          "attributes": {
            "id": "eks-control-node-role-2026012616280080970000000c",
            "policy_arn": "arn:aws:iam::aws:policy/AdministratorAccess",
            "role": "eks-control-node-role"
          },
          "sensitive_attributes": [],
          "identity_schema_version": 0,
          "private": "bnVsbA==",
          "dependencies": [
            "aws_iam_role.eks_control_node_role"
          ]
        }
      ]
    },
    {
      "mode": "managed",
      "type": "aws_iam_role_policy_attachment",
      "name": "eks_cluster_policy",
      "provider": "provider[\"registry.terraform.io/hashicorp/aws\"]",
      "instances": [
        {
          "schema_version": 0,
          "attributes": {
            "id": "eks-cluster-role-2026012616275625350000000a",
            "policy_arn": "arn:aws:iam::aws:policy/AmazonEKSClusterPolicy",
            "role": "eks-cluster-role"
          },
          "sensitive_attributes": [],
          "identity_schema_version": 0,
          "private": "bnVsbA==",
          "dependencies": [
            "aws_iam_role.eks_cluster_role"
          ]
        }
      ]
    },
    {
      "mode": "managed",
      "type": "aws_iam_role_policy_attachment",
      "name": "eks_vpc_controller",
      "provider": "provider[\"registry.terraform.io/hashicorp/aws\"]",
      "instances": [
        {
          "schema_version": 0,
          "attributes": {
            "id": "eks-cluster-role-20260126162756032700000009",
            "policy_arn": "arn:aws:iam::aws:policy/AmazonEKSVPCResourceController",
            "role": "eks-cluster-role"
          },
          "sensitive_attributes": [],
          "identity_schema_version": 0,
          "private": "bnVsbA==",
          "dependencies": [
            "aws_iam_role.eks_cluster_role"
          ]
        }
      ]
    },
    {
      "mode": "managed",
      "type": "aws_iam_role_policy_attachment",
      "name": "worker_cni_policy",
      "provider": "provider[\"registry.terraform.io/hashicorp/aws\"]",
      "instances": [
        {
          "schema_version": 0,
          "attributes": {
            "id": "eks-node-role-20260126162755815300000008",
            "policy_arn": "arn:aws:iam::aws:policy/AmazonEKS_CNI_Policy",
            "role": "eks-node-role"
          },
          "sensitive_attributes": [],
          "identity_schema_version": 0,
          "private": "bnVsbA==",
          "dependencies": [
            "aws_iam_role.eks_node_role"
          ]
        }
      ]
    },
    {
      "mode": "managed",
      "type": "aws_iam_role_policy_attachment",
      "name": "worker_node_policy",
      "provider": "provider[\"registry.terraform.io/hashicorp/aws\"]",
      "instances": [
        {
          "schema_version": 0,
          "attributes": {
            "id": "eks-node-role-20260126162755577500000007",
            "policy_arn": "arn:aws:iam::aws:policy/AmazonEKSWorkerNodePolicy",
            "role": "eks-node-role"
          },
          "sensitive_attributes": [],
          "identity_schema_version": 0,
          "private": "bnVsbA==",
          "dependencies": [
            "aws_iam_role.eks_node_role"
          ]
        }
      ]
    },
    {
      "mode": "managed",
      "type": "aws_iam_role_policy_attachment",
      "name": "worker_registry_policy",
      "provider": "provider[\"registry.terraform.io/hashicorp/aws\"]",
      "instances": [
        {
          "schema_version": 0,
          "attributes": {
            "id": "eks-node-role-20260126162755298900000006",
            "policy_arn": "arn:aws:iam::aws:policy/AmazonEC2ContainerRegistryReadOnly",
            "role": "eks-node-role"
          },
          "sensitive_attributes": [],
          "identity_schema_version": 0,
          "private": "bnVsbA==",
          "dependencies": [
            "aws_iam_role.eks_node_role"
          ]
        }
      ]
    },
    {
      "mode": "managed",
      "type": "aws_instance",
      "name": "bastion_1",
      "provider": "provider[\"registry.terraform.io/hashicorp/aws\"]",
      "instances": [
        {
          "schema_version": 1,
          "attributes": {
            "ami": "ami-0bb172e7d7a2e80b8",
            "arn": "arn:aws:ec2:us-east-2:215848077383:instance/i-0f5a994a4ddffc1db",
            "associate_public_ip_address": true,
            "availability_zone": "us-east-2a",
            "capacity_reservation_specification": [
              {
                "capacity_reservation_preference": "open",
                "capacity_reservation_target": []
              }
            ],
            "cpu_core_count": 1,
            "cpu_options": [
              {
                "amd_sev_snp": "",
                "core_count": 1,
                "threads_per_core": 2
              }
            ],
            "cpu_threads_per_core": 2,
            "credit_specification": [
              {
                "cpu_credits": "unlimited"
              }
            ],
            "disable_api_stop": false,
            "disable_api_termination": false,
            "ebs_block_device": [],
            "ebs_optimized": false,
            "enable_primary_ipv6": null,
            "enclave_options": [
              {
                "enabled": false
              }
            ],
            "ephemeral_block_device": [],
            "get_password_data": false,
            "hibernation": false,
            "host_id": "",
            "host_resource_group_arn": null,
            "iam_instance_profile": "",
            "id": "i-0f5a994a4ddffc1db",
            "instance_initiated_shutdown_behavior": "stop",
            "instance_lifecycle": "",
            "instance_market_options": [],
            "instance_state": "running",
            "instance_type": "t3.micro",
            "ipv6_address_count": 0,
            "ipv6_addresses": [],
            "key_name": "bastion-keypair",
            "launch_template": [],
            "maintenance_options": [
              {
                "auto_recovery": "default"
              }
            ],
            "metadata_options": [
              {
                "http_endpoint": "enabled",
                "http_protocol_ipv6": "disabled",
                "http_put_response_hop_limit": 1,
                "http_tokens": "optional",
                "instance_metadata_tags": "disabled"
              }
            ],
            "monitoring": false,
            "network_interface": [],
            "outpost_arn": "",
            "password_data": "",
            "placement_group": "",
            "placement_partition_number": 0,
            "primary_network_interface_id": "eni-0086998606c587f9a",
            "private_dns": "ip-10-0-139-162.us-east-2.compute.internal",
            "private_dns_name_options": [
              {
                "enable_resource_name_dns_a_record": false,
                "enable_resource_name_dns_aaaa_record": false,
                "hostname_type": "ip-name"
              }
            ],
            "private_ip": "10.0.139.162",
            "public_dns": "ec2-3-148-207-51.us-east-2.compute.amazonaws.com",
            "public_ip": "3.148.207.51",
            "root_block_device": [
              {
                "delete_on_termination": true,
                "device_name": "/dev/xvda",
                "encrypted": false,
                "iops": 100,
                "kms_key_id": "",
                "tags": {},
                "tags_all": {},
                "throughput": 0,
                "volume_id": "vol-0640947e5f5f319c1",
                "volume_size": 8,
                "volume_type": "gp2"
              }
            ],
            "secondary_private_ips": [],
            "security_groups": [],
            "source_dest_check": true,
            "spot_instance_request_id": "",
            "subnet_id": "subnet-0ff6dc7afee25bd3d",
            "tags": {
              "Name": "bastion_host_1"
            },
            "tags_all": {
              "Name": "bastion_host_1"
            },
            "tenancy": "default",
            "timeouts": null,
            "user_data": null,
            "user_data_base64": null,
            "user_data_replace_on_change": false,
            "volume_tags": null,
            "vpc_security_group_ids": [
              "sg-0ab358879eedc3757"
            ]
          },
          "sensitive_attributes": [],
          "identity_schema_version": 0,
          "private": "eyJlMmJmYjczMC1lY2FhLTExZTYtOGY4OC0zNDM2M2JjN2M0YzAiOnsiY3JlYXRlIjo2MDAwMDAwMDAwMDAsImRlbGV0ZSI6MTIwMDAwMDAwMDAwMCwicmVhZCI6OTAwMDAwMDAwMDAwLCJ1cGRhdGUiOjYwMDAwMDAwMDAwMH0sInNjaGVtYV92ZXJzaW9uIjoiMSJ9",
          "dependencies": [
            "aws_key_pair.bastion_keypair",
            "aws_security_group.bastion_sg",
            "aws_subnet.public_1",
            "aws_vpc.main_vpc",
            "data.aws_ami.amazon_linux_2",
            "tls_private_key.bastion_ssh_key"
          ]
        }
      ]
    },
    {
      "mode": "managed",
      "type": "aws_instance",
      "name": "bastion_2",
      "provider": "provider[\"registry.terraform.io/hashicorp/aws\"]",
      "instances": [
        {
          "schema_version": 1,
          "attributes": {
            "ami": "ami-0bb172e7d7a2e80b8",
            "arn": "arn:aws:ec2:us-east-2:215848077383:instance/i-053d1b0684b6dac71",
            "associate_public_ip_address": true,
            "availability_zone": "us-east-2b",
            "capacity_reservation_specification": [
              {
                "capacity_reservation_preference": "open",
                "capacity_reservation_target": []
              }
            ],
            "cpu_core_count": 1,
            "cpu_options": [
              {
                "amd_sev_snp": "",
                "core_count": 1,
                "threads_per_core": 2
              }
            ],
            "cpu_threads_per_core": 2,
            "credit_specification": [
              {
                "cpu_credits": "unlimited"
              }
            ],
            "disable_api_stop": false,
            "disable_api_termination": false,
            "ebs_block_device": [],
            "ebs_optimized": false,
            "enable_primary_ipv6": null,
            "enclave_options": [
              {
                "enabled": false
              }
            ],
            "ephemeral_block_device": [],
            "get_password_data": false,
            "hibernation": false,
            "host_id": "",
            "host_resource_group_arn": null,
            "iam_instance_profile": "",
            "id": "i-053d1b0684b6dac71",
            "instance_initiated_shutdown_behavior": "stop",
            "instance_lifecycle": "",
            "instance_market_options": [],
            "instance_state": "running",
            "instance_type": "t3.micro",
            "ipv6_address_count": 0,
            "ipv6_addresses": [],
            "key_name": "bastion-keypair",
            "launch_template": [],
            "maintenance_options": [
              {
                "auto_recovery": "default"
              }
            ],
            "metadata_options": [
              {
                "http_endpoint": "enabled",
                "http_protocol_ipv6": "disabled",
                "http_put_response_hop_limit": 1,
                "http_tokens": "optional",
                "instance_metadata_tags": "disabled"
              }
            ],
            "monitoring": false,
            "network_interface": [],
            "outpost_arn": "",
            "password_data": "",
            "placement_group": "",
            "placement_partition_number": 0,
            "primary_network_interface_id": "eni-0fdb20a9e49c4417b",
            "private_dns": "ip-10-0-155-186.us-east-2.compute.internal",
            "private_dns_name_options": [
              {
                "enable_resource_name_dns_a_record": false,
                "enable_resource_name_dns_aaaa_record": false,
                "hostname_type": "ip-name"
              }
            ],
            "private_ip": "10.0.155.186",
            "public_dns": "ec2-18-191-151-62.us-east-2.compute.amazonaws.com",
            "public_ip": "18.191.151.62",
            "root_block_device": [
              {
                "delete_on_termination": true,
                "device_name": "/dev/xvda",
                "encrypted": false,
                "iops": 100,
                "kms_key_id": "",
                "tags": {},
                "tags_all": {},
                "throughput": 0,
                "volume_id": "vol-096ba6ab4716a7206",
                "volume_size": 8,
                "volume_type": "gp2"
              }
            ],
            "secondary_private_ips": [],
            "security_groups": [],
            "source_dest_check": true,
            "spot_instance_request_id": "",
            "subnet_id": "subnet-0a6560834fa060d9b",
            "tags": {
              "Name": "bastion_host_2"
            },
            "tags_all": {
              "Name": "bastion_host_2"
            },
            "tenancy": "default",
            "timeouts": null,
            "user_data": null,
            "user_data_base64": null,
            "user_data_replace_on_change": false,
            "volume_tags": null,
            "vpc_security_group_ids": [
              "sg-0ab358879eedc3757"
            ]
          },
          "sensitive_attributes": [],
          "identity_schema_version": 0,
          "private": "eyJlMmJmYjczMC1lY2FhLTExZTYtOGY4OC0zNDM2M2JjN2M0YzAiOnsiY3JlYXRlIjo2MDAwMDAwMDAwMDAsImRlbGV0ZSI6MTIwMDAwMDAwMDAwMCwicmVhZCI6OTAwMDAwMDAwMDAwLCJ1cGRhdGUiOjYwMDAwMDAwMDAwMH0sInNjaGVtYV92ZXJzaW9uIjoiMSJ9",
          "dependencies": [
            "aws_key_pair.bastion_keypair",
            "aws_security_group.bastion_sg",
            "aws_subnet.public_2",
            "aws_vpc.main_vpc",
            "data.aws_ami.amazon_linux_2",
            "tls_private_key.bastion_ssh_key"
          ]
        }
      ]
    },
    {
      "mode": "managed",
      "type": "aws_instance",
      "name": "eks_control_node",
      "provider": "provider[\"registry.terraform.io/hashicorp/aws\"]",
      "instances": [
        {
          "schema_version": 1,
          "attributes": {
            "ami": "ami-0bb172e7d7a2e80b8",
            "arn": "arn:aws:ec2:us-east-2:215848077383:instance/i-09cfe05bafbad68ee",
            "associate_public_ip_address": false,
            "availability_zone": "us-east-2a",
            "capacity_reservation_specification": [
              {
                "capacity_reservation_preference": "open",
                "capacity_reservation_target": []
              }
            ],
            "cpu_core_count": 1,
            "cpu_options": [
              {
                "amd_sev_snp": "",
                "core_count": 1,
                "threads_per_core": 2
              }
            ],
            "cpu_threads_per_core": 2,
            "credit_specification": [
              {
                "cpu_credits": "unlimited"
              }
            ],
            "disable_api_stop": false,
            "disable_api_termination": false,
            "ebs_block_device": [],
            "ebs_optimized": false,
            "enable_primary_ipv6": null,
            "enclave_options": [
              {
                "enabled": false
              }
            ],
            "ephemeral_block_device": [],
            "get_password_data": false,
            "hibernation": false,
            "host_id": "",
            "host_resource_group_arn": null,
            "iam_instance_profile": "eks-control-node-profile",
            "id": "i-09cfe05bafbad68ee",
            "instance_initiated_shutdown_behavior": "stop",
            "instance_lifecycle": "",
            "instance_market_options": [],
            "instance_state": "running",
            "instance_type": "t3.micro",
            "ipv6_address_count": 0,
            "ipv6_addresses": [],
            "key_name": "management-keypair",
            "launch_template": [],
            "maintenance_options": [
              {
                "auto_recovery": "default"
              }
            ],
            "metadata_options": [
              {
                "http_endpoint": "enabled",
                "http_protocol_ipv6": "disabled",
                "http_put_response_hop_limit": 1,
                "http_tokens": "optional",
                "instance_metadata_tags": "disabled"
              }
            ],
            "monitoring": false,
            "network_interface": [],
            "outpost_arn": "",
            "password_data": "",
            "placement_group": "",
            "placement_partition_number": 0,
            "primary_network_interface_id": "eni-0209d4b0aaa193304",
            "private_dns": "ip-10-0-20-117.us-east-2.compute.internal",
            "private_dns_name_options": [
              {
                "enable_resource_name_dns_a_record": false,
                "enable_resource_name_dns_aaaa_record": false,
                "hostname_type": "ip-name"
              }
            ],
            "private_ip": "10.0.20.117",
            "public_dns": "",
            "public_ip": "",
            "root_block_device": [
              {
                "delete_on_termination": true,
                "device_name": "/dev/xvda",
                "encrypted": false,
                "iops": 100,
                "kms_key_id": "",
                "tags": {},
                "tags_all": {},
                "throughput": 0,
                "volume_id": "vol-01a61eaccb58c14e6",
                "volume_size": 8,
                "volume_type": "gp2"
              }
            ],
            "secondary_private_ips": [],
            "security_groups": [],
            "source_dest_check": true,
            "spot_instance_request_id": "",
            "subnet_id": "subnet-0c2c8bd6650fe89a4",
            "tags": {
              "Name": "eks-control-node"
            },
            "tags_all": {
              "Name": "eks-control-node"
            },
            "tenancy": "default",
            "timeouts": null,
            "user_data": "e47d841f6a9a45ff33fda5c9aae160c04b53bbe5",
            "user_data_base64": null,
            "user_data_replace_on_change": false,
            "volume_tags": null,
            "vpc_security_group_ids": [
              "sg-0d4bd0314b548b655"
            ]
          },
          "sensitive_attributes": [],
          "identity_schema_version": 0,
          "private": "eyJlMmJmYjczMC1lY2FhLTExZTYtOGY4OC0zNDM2M2JjN2M0YzAiOnsiY3JlYXRlIjo2MDAwMDAwMDAwMDAsImRlbGV0ZSI6MTIwMDAwMDAwMDAwMCwicmVhZCI6OTAwMDAwMDAwMDAwLCJ1cGRhdGUiOjYwMDAwMDAwMDAwMH0sInNjaGVtYV92ZXJzaW9uIjoiMSJ9",
          "dependencies": [
            "aws_eks_cluster.main",
            "aws_iam_instance_profile.eks_control_node_profile",
            "aws_iam_role.eks_cluster_role",
            "aws_iam_role.eks_control_node_role",
            "aws_iam_role_policy_attachment.eks_cluster_policy",
            "aws_iam_role_policy_attachment.eks_vpc_controller",
            "aws_key_pair.management_keypair",
            "aws_security_group.management_sg",
            "aws_subnet.private_1",
            "aws_subnet.private_2",
            "aws_subnet.public_1",
            "aws_subnet.public_2",
            "aws_vpc.main_vpc",
            "data.aws_ami.amazon_linux_2",
            "tls_private_key.management_ssh_key"
          ]
        }
      ]
    },
    {
      "mode": "managed",
      "type": "aws_internet_gateway",
      "name": "igw",
      "provider": "provider[\"registry.terraform.io/hashicorp/aws\"]",
      "instances": [
        {
          "schema_version": 0,
          "attributes": {
            "arn": "arn:aws:ec2:us-east-2:215848077383:internet-gateway/igw-02b2fef49170835bf",
            "id": "igw-02b2fef49170835bf",
            "owner_id": "215848077383",
            "tags": {
              "Name": "main-igw"
            },
            "tags_all": {
              "Name": "main-igw"
            },
            "timeouts": null,
            "vpc_id": "vpc-0fb4405a171d17c92"
          },
          "sensitive_attributes": [],
          "identity_schema_version": 0,
          "private": "eyJlMmJmYjczMC1lY2FhLTExZTYtOGY4OC0zNDM2M2JjN2M0YzAiOnsiY3JlYXRlIjoxMjAwMDAwMDAwMDAwLCJkZWxldGUiOjEyMDAwMDAwMDAwMDAsInVwZGF0ZSI6MTIwMDAwMDAwMDAwMH19",
          "dependencies": [
            "aws_vpc.main_vpc"
          ]
        }
      ]
    },
    {
      "mode": "managed",
      "type": "aws_key_pair",
      "name": "bastion_keypair",
      "provider": "provider[\"registry.terraform.io/hashicorp/aws\"]",
      "instances": [
        {
          "schema_version": 1,
          "attributes": {
            "arn": "arn:aws:ec2:us-east-2:215848077383:key-pair/bastion-keypair",
            "fingerprint": "0c:bc:33:d4:a5:55:2e:0d:6f:59:ce:84:35:76:e1:30",
            "id": "bastion-keypair",
            "key_name": "bastion-keypair",
            "key_name_prefix": "",
            "key_pair_id": "key-0306f4222be59dc51",
            "key_type": "rsa",
            "public_key": "ssh-rsa AAAAB3NzaC1yc2EAAAADAQABAAACAQDXhzqJtBRski5AyY3tAfXvUgLLRa/I82R7UH5qSUxbVkAF3QrwdlZZedLYSBuVHKP9pe2ONMQJp/JS7ijY+EKUR//tTQb2DptTQtAFm5wy75Bc7S02ragoHFfj3AqojlE/MAt2v43KjYNSRCHTxkhlTmiNKtmvVOhYw/RX8abRaYzfOMCkf7aFZ3q09G5M5XV0NNziRwhqvxsBxr6Ftu2RtgHSvslQ5iF+/KzVi08Bb+uWLL3et69vvKEuoIvxpaBORMrWJcBLOVvyCuk8vvET/A+aaL7UejlFr4tevov8vLX7Pwl3C9OvTGCXxvrDJalV7l+X2Jt5auSAHJhD2OtwnfBbdE5uHNVEFzdO5rMb+dLotNiY1WbYVnte8q71VvfASi20THp4NrO8xxg+MYZSVdnlDx+0XZi/fftwWxhjbXh/5WBPv9JQSBvwuB0N2JhRGGhUz6mdzXAYcPMop/0ks6aU9Y9878zhIax0Wfdb92+CDnJwDH7iOJoiwUggB4ZVKXaEllk8OkHuvfiAFJdKoYbD+ozYjYzIcUi4mbuUsIJhgGvBO14q+im5QqcwdErlX50hO0lUEBd3pn+wTFEvwL/UGL2hw4zj9OF2cUjENsdwFUV710wILVzjrT52bT78ldVl+UggucJrUGTMUg11UCZFYSZIiFGYYg1W262tjQ==",
            "tags": {},
            "tags_all": {}
          },
          "sensitive_attributes": [],
          "identity_schema_version": 0,
          "private": "eyJzY2hlbWFfdmVyc2lvbiI6IjEifQ==",
          "dependencies": [
            "tls_private_key.bastion_ssh_key"
          ],
          "create_before_destroy": true
        }
      ]
    },
    {
      "mode": "managed",
      "type": "aws_key_pair",
      "name": "management_keypair",
      "provider": "provider[\"registry.terraform.io/hashicorp/aws\"]",
      "instances": [
        {
          "schema_version": 1,
          "attributes": {
            "arn": "arn:aws:ec2:us-east-2:215848077383:key-pair/management-keypair",
            "fingerprint": "08:48:f8:c8:e0:82:3b:4d:4c:0e:ab:6f:d7:66:c5:4b",
            "id": "management-keypair",
            "key_name": "management-keypair",
            "key_name_prefix": "",
            "key_pair_id": "key-0d4d1a882344140a2",
            "key_type": "rsa",
            "public_key": "ssh-rsa AAAAB3NzaC1yc2EAAAADAQABAAACAQDLctxBmfW2vbJULJh8sMT6rDIMoQ/F1UWLpJ3NrVyo5o/tP4Qktb5mC22G4kl6ucHAKywBd3S4ZG/RaVHxVcx7iVMCYDwT8txzajWuus7ECE/eLZDzAGIuR6sn6Z6xeKFZdgdIKJ2w+b7f1502rxiX5KNS+4DaFCfvSSfxpCzsl0hNYcrXRQXCj0OsOGi9WV7XMCuH6t7iylfHxtruo+dNLvregOuaXXYWIMT02ts5SeCJo2iH0co8y/6xq27V6fvUh0FeiEOQeXte1L2dmfTRawL1t4tkghh+R/4TbD+pAUeaukUrf+mrYPjsbEMEm0i+kL7HxKfpglRzh2GcP0MDb34e2TjyB/nlSrHPKc2G1MgvqfkBR3YqpEYtmOV2owTtxKFitx0A3ZGggvLlCcrp/j4hqLtpXXCWJuaQjIrnHRnjMZmfdMC7s/Fwmdo5POu9+FBcx2HnevsmqOJ03r4nxA7Grs/HxrUbFhpCK4MCyGlelJTWn+TseuiafQKkhBeE0/Qy8axYVU4fu+50/6KGudhYw9ooglJKvGSrYdlFh7ZrevRcP+66d5TFvfP17Zf+GYLjZ6CUUfYLHhp46vC+BWZBaf6tBDied2Q3mUmT88UkdAbaDCMNFTgoIDHgguuOpir/trqXuw2091PQiH1t1zzGOvSJmAkJDZoiPIPWQQ==",
            "tags": {},
            "tags_all": {}
          },
          "sensitive_attributes": [],
          "identity_schema_version": 0,
          "private": "eyJzY2hlbWFfdmVyc2lvbiI6IjEifQ==",
          "dependencies": [
            "tls_private_key.management_ssh_key"
          ]
        }
      ]
    },
    {
      "mode": "managed",
      "type": "aws_lambda_function",
      "name": "bastion_key_rotation_lambda",
      "provider": "provider[\"registry.terraform.io/hashicorp/aws\"]",
      "instances": [
        {
          "schema_version": 0,
          "attributes": {
            "architectures": [
              "x86_64"
            ],
            "arn": "arn:aws:lambda:us-east-2:215848077383:function:rotate-bastion-ssh-key",
            "code_sha256": "Z0rNec7bOgVhE1I9BoeMNwWufS9558QSC7KiVcg36cs=",
            "code_signing_config_arn": "",
            "dead_letter_config": [],
            "description": "",
            "environment": [
              {
                "variables": {
                  "PRIVATE_SECRET_ARN": "arn:aws:secretsmanager:us-east-2:215848077383:secret:bastion-ssh-private-key-pDBlMF",
                  "PUBLIC_SECRET_ARN": "arn:aws:secretsmanager:us-east-2:215848077383:secret:bastion-ssh-public-key-D4AscI"
                }
              }
            ],
            "ephemeral_storage": [
              {
                "size": 512
              }
            ],
            "file_system_config": [],
            "filename": "rotate_bastion_key.zip",
            "function_name": "rotate-bastion-ssh-key",
            "handler": "rotate_bastion_key.lambda_handler",
            "id": "rotate-bastion-ssh-key",
            "image_config": [],
            "image_uri": "",
            "invoke_arn": "arn:aws:apigateway:us-east-2:lambda:path/2015-03-31/functions/arn:aws:lambda:us-east-2:215848077383:function:rotate-bastion-ssh-key/invocations",
            "kms_key_arn": "",
            "last_modified": "2026-01-26T17:01:22.569+0000",
            "layers": null,
            "logging_config": [
              {
                "application_log_level": "",
                "log_format": "Text",
                "log_group": "/aws/lambda/rotate-bastion-ssh-key",
                "system_log_level": ""
              }
            ],
            "memory_size": 128,
            "package_type": "Zip",
            "publish": false,
            "qualified_arn": "arn:aws:lambda:us-east-2:215848077383:function:rotate-bastion-ssh-key:$LATEST",
            "qualified_invoke_arn": "arn:aws:apigateway:us-east-2:lambda:path/2015-03-31/functions/arn:aws:lambda:us-east-2:215848077383:function:rotate-bastion-ssh-key:$LATEST/invocations",
            "replace_security_groups_on_destroy": null,
            "replacement_security_group_ids": null,
            "reserved_concurrent_executions": -1,
            "role": "arn:aws:iam::215848077383:role/bastion-key-rotation-role",
            "runtime": "python3.10",
            "s3_bucket": null,
            "s3_key": null,
            "s3_object_version": null,
            "signing_job_arn": "",
            "signing_profile_version_arn": "",
            "skip_destroy": false,
            "snap_start": [],
            "source_code_hash": "",
            "source_code_size": 698,
            "tags": null,
            "tags_all": {},
            "timeout": 30,
            "timeouts": null,
            "tracing_config": [
              {
                "mode": "PassThrough"
              }
            ],
            "version": "$LATEST",
            "vpc_config": []
          },
          "sensitive_attributes": [],
          "identity_schema_version": 0,
          "private": "eyJlMmJmYjczMC1lY2FhLTExZTYtOGY4OC0zNDM2M2JjN2M0YzAiOnsiY3JlYXRlIjo2MDAwMDAwMDAwMDAsImRlbGV0ZSI6NjAwMDAwMDAwMDAwLCJ1cGRhdGUiOjYwMDAwMDAwMDAwMH19",
          "dependencies": [
            "aws_iam_role.bastion_key_rotation_role",
            "aws_secretsmanager_secret.bastion_private_key",
            "aws_secretsmanager_secret.bastion_public_key"
          ]
        }
      ]
    },
    {
      "mode": "managed",
      "type": "aws_lambda_permission",
      "name": "allow_secretsmanager_invoke",
      "provider": "provider[\"registry.terraform.io/hashicorp/aws\"]",
      "instances": [
        {
          "schema_version": 0,
          "attributes": {
            "action": "lambda:InvokeFunction",
            "event_source_token": null,
            "function_name": "rotate-bastion-ssh-key",
            "function_url_auth_type": null,
            "id": "AllowSecretsManagerInvoke",
            "principal": "secretsmanager.amazonaws.com",
            "principal_org_id": null,
            "qualifier": "",
            "source_account": null,
            "source_arn": null,
            "statement_id": "AllowSecretsManagerInvoke",
            "statement_id_prefix": ""
          },
          "sensitive_attributes": [],
          "identity_schema_version": 0,
          "private": "bnVsbA==",
          "dependencies": [
            "aws_iam_role.bastion_key_rotation_role",
            "aws_lambda_function.bastion_key_rotation_lambda",
            "aws_secretsmanager_secret.bastion_private_key",
            "aws_secretsmanager_secret.bastion_public_key"
          ]
        }
      ]
    },
    {
      "mode": "managed",
      "type": "aws_launch_template",
      "name": "bastion_lt",
      "provider": "provider[\"registry.terraform.io/hashicorp/aws\"]",
      "instances": [
        {
          "schema_version": 0,
          "attributes": {
            "arn": "arn:aws:ec2:us-east-2:215848077383:launch-template/lt-0f4a2367246237a65",
            "block_device_mappings": [],
            "capacity_reservation_specification": [],
            "cpu_options": [],
            "credit_specification": [],
            "default_version": 1,
            "description": "",
            "disable_api_stop": false,
            "disable_api_termination": false,
            "ebs_optimized": "",
            "elastic_gpu_specifications": [],
            "elastic_inference_accelerator": [],
            "enclave_options": [],
            "hibernation_options": [],
            "iam_instance_profile": [],
            "id": "lt-0f4a2367246237a65",
            "image_id": "ami-0bb172e7d7a2e80b8",
            "instance_initiated_shutdown_behavior": "",
            "instance_market_options": [],
            "instance_requirements": [],
            "instance_type": "t3.micro",
            "kernel_id": "",
            "key_name": "bastion-keypair",
            "latest_version": 1,
            "license_specification": [],
            "maintenance_options": [],
            "metadata_options": [],
            "monitoring": [],
            "name": "bastion-lt-20260126162813251600000010",
            "name_prefix": "bastion-lt-",
            "network_interfaces": [],
            "placement": [],
            "private_dns_name_options": [],
            "ram_disk_id": "",
            "security_group_names": [],
            "tag_specifications": [
              {
                "resource_type": "instance",
                "tags": {
                  "Name": "bastion-asg-instance"
                }
              }
            ],
            "tags": {},
            "tags_all": {},
            "update_default_version": null,
            "user_data": "IyEvYmluL2Jhc2gKeXVtIHVwZGF0ZSAteQp5dW0gaW5zdGFsbCAteSBhd3NjbGkganEKClNFQ1JFVF9OQU1FPSJiYXN0aW9uLXNzaC1wdWJsaWMta2V5IgpSRUdJT049InVzLWVhc3QtMiIKClBVQkxJQ19LRVk9JChhd3Mgc2VjcmV0c21hbmFnZXIgZ2V0LXNlY3JldC12YWx1ZSAtLXNlY3JldC1pZCAkU0VDUkVUX05BTUUgLS1xdWVyeSBTZWNyZXRTdHJpbmcgLS1vdXRwdXQgdGV4dCAtLXJlZ2lvbiAkUkVHSU9OKQoKbWtkaXIgLXAgL2hvbWUvZWMyLXVzZXIvLnNzaAplY2hvICIkUFVCTElDX0tFWSIgPj4gL2hvbWUvZWMyLXVzZXIvLnNzaC9hdXRob3JpemVkX2tleXMKY2hvd24gLVIgZWMyLXVzZXI6ZWMyLXVzZXIgL2hvbWUvZWMyLXVzZXIvLnNzaApjaG1vZCA3MDAgL2hvbWUvZWMyLXVzZXIvLnNzaApjaG1vZCA2MDAgL2hvbWUvZWMyLXVzZXIvLnNzaC9hdXRob3JpemVkX2tleXMKCmVjaG8gIkJhc3Rpb24gU1NIIGtleSBjb25maWd1cmVkIGZyb20gU2VjcmV0cyBNYW5hZ2VyIiA+PiAvdmFyL2xvZy91c2VyLWRhdGEubG9nCg==",
            "vpc_security_group_ids": [
              "sg-0ab358879eedc3757"
            ]
          },
          "sensitive_attributes": [],
          "identity_schema_version": 0,
          "private": "bnVsbA==",
          "dependencies": [
            "aws_key_pair.bastion_keypair",
            "aws_security_group.bastion_sg",
            "aws_vpc.main_vpc",
            "data.aws_ami.amazon_linux_2",
            "tls_private_key.bastion_ssh_key"
          ],
          "create_before_destroy": true
        }
      ]
    },
    {
      "mode": "managed",
      "type": "aws_lb",
      "name": "bastion_nlb",
      "provider": "provider[\"registry.terraform.io/hashicorp/aws\"]",
      "instances": [
        {
          "schema_version": 0,
          "attributes": {
            "access_logs": [
              {
                "bucket": "",
                "enabled": false,
                "prefix": ""
              }
            ],
            "arn": "arn:aws:elasticloadbalancing:us-east-2:215848077383:loadbalancer/net/bastion-nlb/9432357aefa2ef46",
            "arn_suffix": "net/bastion-nlb/9432357aefa2ef46",
            "client_keep_alive": null,
            "connection_logs": [],
            "customer_owned_ipv4_pool": "",
            "desync_mitigation_mode": null,
            "dns_name": "bastion-nlb-9432357aefa2ef46.elb.us-east-2.amazonaws.com",
            "dns_record_client_routing_policy": "any_availability_zone",
            "drop_invalid_header_fields": null,
            "enable_cross_zone_load_balancing": false,
            "enable_deletion_protection": false,
            "enable_http2": null,
            "enable_tls_version_and_cipher_suite_headers": null,
            "enable_waf_fail_open": null,
            "enable_xff_client_port": null,
            "enable_zonal_shift": false,
            "enforce_security_group_inbound_rules_on_private_link_traffic": "",
            "id": "arn:aws:elasticloadbalancing:us-east-2:215848077383:loadbalancer/net/bastion-nlb/9432357aefa2ef46",
            "idle_timeout": null,
            "internal": false,
            "ip_address_type": "ipv4",
            "ipam_pools": [],
            "load_balancer_type": "network",
            "minimum_load_balancer_capacity": [],
            "name": "bastion-nlb",
            "name_prefix": "",
            "preserve_host_header": null,
            "security_groups": [],
            "subnet_mapping": [
              {
                "allocation_id": "",
                "ipv6_address": "",
                "outpost_id": "",
                "private_ipv4_address": "",
                "subnet_id": "subnet-0a6560834fa060d9b"
              },
              {
                "allocation_id": "",
                "ipv6_address": "",
                "outpost_id": "",
                "private_ipv4_address": "",
                "subnet_id": "subnet-0ff6dc7afee25bd3d"
              }
            ],
            "subnets": [
              "subnet-0a6560834fa060d9b",
              "subnet-0ff6dc7afee25bd3d"
            ],
            "tags": {
              "Name": "bastion_nlb"
            },
            "tags_all": {
              "Name": "bastion_nlb"
            },
            "timeouts": null,
            "vpc_id": "vpc-0fb4405a171d17c92",
            "xff_header_processing_mode": null,
            "zone_id": "ZLMOA37VPKANP"
          },
          "sensitive_attributes": [],
          "identity_schema_version": 0,
          "private": "eyJlMmJmYjczMC1lY2FhLTExZTYtOGY4OC0zNDM2M2JjN2M0YzAiOnsiY3JlYXRlIjo2MDAwMDAwMDAwMDAsImRlbGV0ZSI6NjAwMDAwMDAwMDAwLCJ1cGRhdGUiOjYwMDAwMDAwMDAwMH19",
          "dependencies": [
            "aws_subnet.public_1",
            "aws_subnet.public_2",
            "aws_vpc.main_vpc"
          ],
          "create_before_destroy": true
        }
      ]
    },
    {
      "mode": "managed",
      "type": "aws_lb_listener",
      "name": "bastion_listener",
      "provider": "provider[\"registry.terraform.io/hashicorp/aws\"]",
      "instances": [
        {
          "schema_version": 0,
          "attributes": {
            "alpn_policy": null,
            "arn": "arn:aws:elasticloadbalancing:us-east-2:215848077383:listener/net/bastion-nlb/9432357aefa2ef46/64e4b946c1064a23",
            "certificate_arn": null,
            "default_action": [
              {
                "authenticate_cognito": [],
                "authenticate_oidc": [],
                "fixed_response": [],
                "forward": [],
                "order": 1,
                "redirect": [],
                "target_group_arn": "arn:aws:elasticloadbalancing:us-east-2:215848077383:targetgroup/bastion-tg/cd7378609c2c2238",
                "type": "forward"
              }
            ],
            "id": "arn:aws:elasticloadbalancing:us-east-2:215848077383:listener/net/bastion-nlb/9432357aefa2ef46/64e4b946c1064a23",
            "load_balancer_arn": "arn:aws:elasticloadbalancing:us-east-2:215848077383:loadbalancer/net/bastion-nlb/9432357aefa2ef46",
            "mutual_authentication": [],
            "port": 22,
            "protocol": "TCP",
            "routing_http_request_x_amzn_mtls_clientcert_header_name": null,
            "routing_http_request_x_amzn_mtls_clientcert_issuer_header_name": null,
            "routing_http_request_x_amzn_mtls_clientcert_leaf_header_name": null,
            "routing_http_request_x_amzn_mtls_clientcert_serial_number_header_name": null,
            "routing_http_request_x_amzn_mtls_clientcert_subject_header_name": null,
            "routing_http_request_x_amzn_mtls_clientcert_validity_header_name": null,
            "routing_http_request_x_amzn_tls_cipher_suite_header_name": null,
            "routing_http_request_x_amzn_tls_version_header_name": null,
            "routing_http_response_access_control_allow_credentials_header_value": null,
            "routing_http_response_access_control_allow_headers_header_value": null,
            "routing_http_response_access_control_allow_methods_header_value": null,
            "routing_http_response_access_control_allow_origin_header_value": null,
            "routing_http_response_access_control_expose_headers_header_value": null,
            "routing_http_response_access_control_max_age_header_value": null,
            "routing_http_response_content_security_policy_header_value": null,
            "routing_http_response_server_enabled": null,
            "routing_http_response_strict_transport_security_header_value": null,
            "routing_http_response_x_content_type_options_header_value": null,
            "routing_http_response_x_frame_options_header_value": null,
            "ssl_policy": "",
            "tags": {},
            "tags_all": {},
            "tcp_idle_timeout_seconds": 350,
            "timeouts": null
          },
          "sensitive_attributes": [],
          "identity_schema_version": 0,
          "private": "eyJlMmJmYjczMC1lY2FhLTExZTYtOGY4OC0zNDM2M2JjN2M0YzAiOnsiY3JlYXRlIjozMDAwMDAwMDAwMDAsInVwZGF0ZSI6MzAwMDAwMDAwMDAwfX0=",
          "dependencies": [
            "aws_lb.bastion_nlb",
            "aws_lb_target_group.bastion_tg",
            "aws_subnet.public_1",
            "aws_subnet.public_2",
            "aws_vpc.main_vpc"
          ],
          "create_before_destroy": true
        }
      ]
    },
    {
      "mode": "managed",
      "type": "aws_lb_target_group",
      "name": "bastion_tg",
      "provider": "provider[\"registry.terraform.io/hashicorp/aws\"]",
      "instances": [
        {
          "schema_version": 0,
          "attributes": {
            "arn": "arn:aws:elasticloadbalancing:us-east-2:215848077383:targetgroup/bastion-tg/cd7378609c2c2238",
            "arn_suffix": "targetgroup/bastion-tg/cd7378609c2c2238",
            "connection_termination": false,
            "deregistration_delay": "300",
            "health_check": [
              {
                "enabled": true,
                "healthy_threshold": 2,
                "interval": 10,
                "matcher": "",
                "path": "",
                "port": "22",
                "protocol": "TCP",
                "timeout": 10,
                "unhealthy_threshold": 2
              }
            ],
            "id": "arn:aws:elasticloadbalancing:us-east-2:215848077383:targetgroup/bastion-tg/cd7378609c2c2238",
            "ip_address_type": "ipv4",
            "lambda_multi_value_headers_enabled": false,
            "load_balancer_arns": [
              "arn:aws:elasticloadbalancing:us-east-2:215848077383:loadbalancer/net/bastion-nlb/9432357aefa2ef46"
            ],
            "load_balancing_algorithm_type": null,
            "load_balancing_anomaly_mitigation": null,
            "load_balancing_cross_zone_enabled": "use_load_balancer_configuration",
            "name": "bastion-tg",
            "name_prefix": "",
            "port": 22,
            "preserve_client_ip": "true",
            "protocol": "TCP",
            "protocol_version": null,
            "proxy_protocol_v2": false,
            "slow_start": 0,
            "stickiness": [
              {
                "cookie_duration": 0,
                "cookie_name": "",
                "enabled": false,
                "type": "source_ip"
              }
            ],
            "tags": {
              "Name": "bastion_tg"
            },
            "tags_all": {
              "Name": "bastion_tg"
            },
            "target_failover": [
              {
                "on_deregistration": null,
                "on_unhealthy": null
              }
            ],
            "target_group_health": [
              {
                "dns_failover": [
                  {
                    "minimum_healthy_targets_count": "1",
                    "minimum_healthy_targets_percentage": "off"
                  }
                ],
                "unhealthy_state_routing": [
                  {
                    "minimum_healthy_targets_count": 1,
                    "minimum_healthy_targets_percentage": "off"
                  }
                ]
              }
            ],
            "target_health_state": [
              {
                "enable_unhealthy_connection_termination": true,
                "unhealthy_draining_interval": 0
              }
            ],
            "target_type": "instance",
            "vpc_id": "vpc-0fb4405a171d17c92"
          },
          "sensitive_attributes": [],
          "identity_schema_version": 0,
          "private": "bnVsbA==",
          "dependencies": [
            "aws_vpc.main_vpc"
          ],
          "create_before_destroy": true
        }
      ]
    },
    {
      "mode": "managed",
      "type": "aws_lb_target_group_attachment",
      "name": "bastion_1",
      "provider": "provider[\"registry.terraform.io/hashicorp/aws\"]",
      "instances": [
        {
          "schema_version": 0,
          "attributes": {
            "availability_zone": null,
            "id": "arn:aws:elasticloadbalancing:us-east-2:215848077383:targetgroup/bastion-tg/cd7378609c2c2238-20260126162954033400000016",
            "port": 22,
            "target_group_arn": "arn:aws:elasticloadbalancing:us-east-2:215848077383:targetgroup/bastion-tg/cd7378609c2c2238",
            "target_id": "i-0f5a994a4ddffc1db"
          },
          "sensitive_attributes": [],
          "identity_schema_version": 0,
          "private": "bnVsbA==",
          "dependencies": [
            "aws_instance.bastion_1",
            "aws_key_pair.bastion_keypair",
            "aws_lb_target_group.bastion_tg",
            "aws_security_group.bastion_sg",
            "aws_subnet.public_1",
            "aws_vpc.main_vpc",
            "data.aws_ami.amazon_linux_2",
            "tls_private_key.bastion_ssh_key"
          ]
        }
      ]
    },
    {
      "mode": "managed",
      "type": "aws_lb_target_group_attachment",
      "name": "bastion_2",
      "provider": "provider[\"registry.terraform.io/hashicorp/aws\"]",
      "instances": [
        {
          "schema_version": 0,
          "attributes": {
            "availability_zone": null,
            "id": "arn:aws:elasticloadbalancing:us-east-2:215848077383:targetgroup/bastion-tg/cd7378609c2c2238-20260126162954246800000017",
            "port": 22,
            "target_group_arn": "arn:aws:elasticloadbalancing:us-east-2:215848077383:targetgroup/bastion-tg/cd7378609c2c2238",
            "target_id": "i-053d1b0684b6dac71"
          },
          "sensitive_attributes": [],
          "identity_schema_version": 0,
          "private": "bnVsbA==",
          "dependencies": [
            "aws_instance.bastion_2",
            "aws_key_pair.bastion_keypair",
            "aws_lb_target_group.bastion_tg",
            "aws_security_group.bastion_sg",
            "aws_subnet.public_2",
            "aws_vpc.main_vpc",
            "data.aws_ami.amazon_linux_2",
            "tls_private_key.bastion_ssh_key"
          ]
        }
      ]
    },
    {
      "mode": "managed",
      "type": "aws_nat_gateway",
      "name": "nat_1",
      "provider": "provider[\"registry.terraform.io/hashicorp/aws\"]",
      "instances": [
        {
          "schema_version": 0,
          "attributes": {
            "allocation_id": "eipalloc-0dd69ee27201d2316",
            "association_id": "eipassoc-070d2b35301482988",
            "connectivity_type": "public",
            "id": "nat-0784805585d2a3070",
            "network_interface_id": "eni-0e6912b414cf2030d",
            "private_ip": "10.0.131.181",
            "public_ip": "3.132.235.115",
            "secondary_allocation_ids": [],
            "secondary_private_ip_address_count": 0,
            "secondary_private_ip_addresses": [],
            "subnet_id": "subnet-0ff6dc7afee25bd3d",
            "tags": {
              "Name": "nat_gateway_a"
            },
            "tags_all": {
              "Name": "nat_gateway_a"
            },
            "timeouts": null
          },
          "sensitive_attributes": [],
          "identity_schema_version": 0,
          "private": "eyJlMmJmYjczMC1lY2FhLTExZTYtOGY4OC0zNDM2M2JjN2M0YzAiOnsiY3JlYXRlIjo2MDAwMDAwMDAwMDAsImRlbGV0ZSI6MTgwMDAwMDAwMDAwMCwidXBkYXRlIjo2MDAwMDAwMDAwMDB9fQ==",
          "dependencies": [
            "aws_eip.nat_1",
            "aws_internet_gateway.igw",
            "aws_subnet.public_1",
            "aws_vpc.main_vpc"
          ]
        }
      ]
    },
    {
      "mode": "managed",
      "type": "aws_nat_gateway",
      "name": "nat_2",
      "provider": "provider[\"registry.terraform.io/hashicorp/aws\"]",
      "instances": [
        {
          "schema_version": 0,
          "attributes": {
            "allocation_id": "eipalloc-06fbb496f58fdb305",
            "association_id": "eipassoc-0d1776d3b8f86e56e",
            "connectivity_type": "public",
            "id": "nat-014f50983cedc95c3",
            "network_interface_id": "eni-0ad2add3eaa8aca79",
            "private_ip": "10.0.148.29",
            "public_ip": "3.149.41.167",
            "secondary_allocation_ids": [],
            "secondary_private_ip_address_count": 0,
            "secondary_private_ip_addresses": [],
            "subnet_id": "subnet-0a6560834fa060d9b",
            "tags": {
              "Name": "nat_gateway_b"
            },
            "tags_all": {
              "Name": "nat_gateway_b"
            },
            "timeouts": null
          },
          "sensitive_attributes": [],
          "identity_schema_version": 0,
          "private": "eyJlMmJmYjczMC1lY2FhLTExZTYtOGY4OC0zNDM2M2JjN2M0YzAiOnsiY3JlYXRlIjo2MDAwMDAwMDAwMDAsImRlbGV0ZSI6MTgwMDAwMDAwMDAwMCwidXBkYXRlIjo2MDAwMDAwMDAwMDB9fQ==",
          "dependencies": [
            "aws_eip.nat_2",
            "aws_internet_gateway.igw",
            "aws_subnet.public_2",
            "aws_vpc.main_vpc"
          ]
        }
      ]
    },
    {
      "mode": "managed",
      "type": "aws_route_table",
      "name": "private_1",
      "provider": "provider[\"registry.terraform.io/hashicorp/aws\"]",
      "instances": [
        {
          "schema_version": 0,
          "attributes": {
            "arn": "arn:aws:ec2:us-east-2:215848077383:route-table/rtb-08b7ebd7dbb76f3b1",
            "id": "rtb-08b7ebd7dbb76f3b1",
            "owner_id": "215848077383",
            "propagating_vgws": [],
            "route": [
              {
                "carrier_gateway_id": "",
                "cidr_block": "0.0.0.0/0",
                "core_network_arn": "",
                "destination_prefix_list_id": "",
                "egress_only_gateway_id": "",
                "gateway_id": "",
                "ipv6_cidr_block": "",
                "local_gateway_id": "",
                "nat_gateway_id": "nat-0784805585d2a3070",
                "network_interface_id": "",
                "transit_gateway_id": "",
                "vpc_endpoint_id": "",
                "vpc_peering_connection_id": ""
              }
            ],
            "tags": {
              "Name": "private_rt_1"
            },
            "tags_all": {
              "Name": "private_rt_1"
            },
            "timeouts": null,
            "vpc_id": "vpc-0fb4405a171d17c92"
          },
          "sensitive_attributes": [],
          "identity_schema_version": 0,
          "private": "eyJlMmJmYjczMC1lY2FhLTExZTYtOGY4OC0zNDM2M2JjN2M0YzAiOnsiY3JlYXRlIjozMDAwMDAwMDAwMDAsImRlbGV0ZSI6MzAwMDAwMDAwMDAwLCJ1cGRhdGUiOjEyMDAwMDAwMDAwMH19",
          "dependencies": [
            "aws_eip.nat_1",
            "aws_internet_gateway.igw",
            "aws_nat_gateway.nat_1",
            "aws_subnet.public_1",
            "aws_vpc.main_vpc"
          ]
        }
      ]
    },
    {
      "mode": "managed",
      "type": "aws_route_table",
      "name": "private_2",
      "provider": "provider[\"registry.terraform.io/hashicorp/aws\"]",
      "instances": [
        {
          "schema_version": 0,
          "attributes": {
            "arn": "arn:aws:ec2:us-east-2:215848077383:route-table/rtb-05db4fbaa0ba4d736",
            "id": "rtb-05db4fbaa0ba4d736",
            "owner_id": "215848077383",
            "propagating_vgws": [],
            "route": [
              {
                "carrier_gateway_id": "",
                "cidr_block": "0.0.0.0/0",
                "core_network_arn": "",
                "destination_prefix_list_id": "",
                "egress_only_gateway_id": "",
                "gateway_id": "",
                "ipv6_cidr_block": "",
                "local_gateway_id": "",
                "nat_gateway_id": "nat-014f50983cedc95c3",
                "network_interface_id": "",
                "transit_gateway_id": "",
                "vpc_endpoint_id": "",
                "vpc_peering_connection_id": ""
              }
            ],
            "tags": {
              "Name": "private_rt_2"
            },
            "tags_all": {
              "Name": "private_rt_2"
            },
            "timeouts": null,
            "vpc_id": "vpc-0fb4405a171d17c92"
          },
          "sensitive_attributes": [],
          "identity_schema_version": 0,
          "private": "eyJlMmJmYjczMC1lY2FhLTExZTYtOGY4OC0zNDM2M2JjN2M0YzAiOnsiY3JlYXRlIjozMDAwMDAwMDAwMDAsImRlbGV0ZSI6MzAwMDAwMDAwMDAwLCJ1cGRhdGUiOjEyMDAwMDAwMDAwMH19",
          "dependencies": [
            "aws_eip.nat_2",
            "aws_internet_gateway.igw",
            "aws_nat_gateway.nat_2",
            "aws_subnet.public_2",
            "aws_vpc.main_vpc"
          ]
        }
      ]
    },
    {
      "mode": "managed",
      "type": "aws_route_table",
      "name": "public",
      "provider": "provider[\"registry.terraform.io/hashicorp/aws\"]",
      "instances": [
        {
          "schema_version": 0,
          "attributes": {
            "arn": "arn:aws:ec2:us-east-2:215848077383:route-table/rtb-02cbcd1fb120aa06f",
            "id": "rtb-02cbcd1fb120aa06f",
            "owner_id": "215848077383",
            "propagating_vgws": [],
            "route": [
              {
                "carrier_gateway_id": "",
                "cidr_block": "0.0.0.0/0",
                "core_network_arn": "",
                "destination_prefix_list_id": "",
                "egress_only_gateway_id": "",
                "gateway_id": "igw-02b2fef49170835bf",
                "ipv6_cidr_block": "",
                "local_gateway_id": "",
                "nat_gateway_id": "",
                "network_interface_id": "",
                "transit_gateway_id": "",
                "vpc_endpoint_id": "",
                "vpc_peering_connection_id": ""
              }
            ],
            "tags": {
              "Name": "public_route_table"
            },
            "tags_all": {
              "Name": "public_route_table"
            },
            "timeouts": null,
            "vpc_id": "vpc-0fb4405a171d17c92"
          },
          "sensitive_attributes": [],
          "identity_schema_version": 0,
          "private": "eyJlMmJmYjczMC1lY2FhLTExZTYtOGY4OC0zNDM2M2JjN2M0YzAiOnsiY3JlYXRlIjozMDAwMDAwMDAwMDAsImRlbGV0ZSI6MzAwMDAwMDAwMDAwLCJ1cGRhdGUiOjEyMDAwMDAwMDAwMH19",
          "dependencies": [
            "aws_internet_gateway.igw",
            "aws_vpc.main_vpc"
          ]
        }
      ]
    },
    {
      "mode": "managed",
      "type": "aws_route_table_association",
      "name": "private_a",
      "provider": "provider[\"registry.terraform.io/hashicorp/aws\"]",
      "instances": [
        {
          "schema_version": 0,
          "attributes": {
            "gateway_id": "",
            "id": "rtbassoc-0fd6b867992835868",
            "route_table_id": "rtb-08b7ebd7dbb76f3b1",
            "subnet_id": "subnet-0c2c8bd6650fe89a4",
            "timeouts": null
          },
          "sensitive_attributes": [],
          "identity_schema_version": 0,
          "private": "eyJlMmJmYjczMC1lY2FhLTExZTYtOGY4OC0zNDM2M2JjN2M0YzAiOnsiY3JlYXRlIjozMDAwMDAwMDAwMDAsImRlbGV0ZSI6MzAwMDAwMDAwMDAwLCJ1cGRhdGUiOjEyMDAwMDAwMDAwMH19",
          "dependencies": [
            "aws_eip.nat_1",
            "aws_internet_gateway.igw",
            "aws_nat_gateway.nat_1",
            "aws_route_table.private_1",
            "aws_subnet.private_1",
            "aws_subnet.public_1",
            "aws_vpc.main_vpc"
          ]
        }
      ]
    },
    {
      "mode": "managed",
      "type": "aws_route_table_association",
      "name": "private_b",
      "provider": "provider[\"registry.terraform.io/hashicorp/aws\"]",
      "instances": [
        {
          "schema_version": 0,
          "attributes": {
            "gateway_id": "",
            "id": "rtbassoc-006fbc52119e055bb",
            "route_table_id": "rtb-05db4fbaa0ba4d736",
            "subnet_id": "subnet-0d92cbda201d1edea",
            "timeouts": null
          },
          "sensitive_attributes": [],
          "identity_schema_version": 0,
          "private": "eyJlMmJmYjczMC1lY2FhLTExZTYtOGY4OC0zNDM2M2JjN2M0YzAiOnsiY3JlYXRlIjozMDAwMDAwMDAwMDAsImRlbGV0ZSI6MzAwMDAwMDAwMDAwLCJ1cGRhdGUiOjEyMDAwMDAwMDAwMH19",
          "dependencies": [
            "aws_eip.nat_2",
            "aws_internet_gateway.igw",
            "aws_nat_gateway.nat_2",
            "aws_route_table.private_2",
            "aws_subnet.private_2",
            "aws_subnet.public_2",
            "aws_vpc.main_vpc"
          ]
        }
      ]
    },
    {
      "mode": "managed",
      "type": "aws_route_table_association",
      "name": "public_a",
      "provider": "provider[\"registry.terraform.io/hashicorp/aws\"]",
      "instances": [
        {
          "schema_version": 0,
          "attributes": {
            "gateway_id": "",
            "id": "rtbassoc-046de817efcaebe3e",
            "route_table_id": "rtb-02cbcd1fb120aa06f",
            "subnet_id": "subnet-0ff6dc7afee25bd3d",
            "timeouts": null
          },
          "sensitive_attributes": [],
          "identity_schema_version": 0,
          "private": "eyJlMmJmYjczMC1lY2FhLTExZTYtOGY4OC0zNDM2M2JjN2M0YzAiOnsiY3JlYXRlIjozMDAwMDAwMDAwMDAsImRlbGV0ZSI6MzAwMDAwMDAwMDAwLCJ1cGRhdGUiOjEyMDAwMDAwMDAwMH19",
          "dependencies": [
            "aws_internet_gateway.igw",
            "aws_route_table.public",
            "aws_subnet.public_1",
            "aws_vpc.main_vpc"
          ]
        }
      ]
    },
    {
      "mode": "managed",
      "type": "aws_route_table_association",
      "name": "public_b",
      "provider": "provider[\"registry.terraform.io/hashicorp/aws\"]",
      "instances": [
        {
          "schema_version": 0,
          "attributes": {
            "gateway_id": "",
            "id": "rtbassoc-01d018528f39f0e79",
            "route_table_id": "rtb-02cbcd1fb120aa06f",
            "subnet_id": "subnet-0a6560834fa060d9b",
            "timeouts": null
          },
          "sensitive_attributes": [],
          "identity_schema_version": 0,
          "private": "eyJlMmJmYjczMC1lY2FhLTExZTYtOGY4OC0zNDM2M2JjN2M0YzAiOnsiY3JlYXRlIjozMDAwMDAwMDAwMDAsImRlbGV0ZSI6MzAwMDAwMDAwMDAwLCJ1cGRhdGUiOjEyMDAwMDAwMDAwMH19",
          "dependencies": [
            "aws_internet_gateway.igw",
            "aws_route_table.public",
            "aws_subnet.public_2",
            "aws_vpc.main_vpc"
          ]
        }
      ]
    },
    {
      "mode": "managed",
      "type": "aws_secretsmanager_secret",
      "name": "bastion_private_key",
      "provider": "provider[\"registry.terraform.io/hashicorp/aws\"]",
      "instances": [
        {
          "schema_version": 0,
          "attributes": {
            "arn": "arn:aws:secretsmanager:us-east-2:215848077383:secret:bastion-ssh-private-key-pDBlMF",
            "description": "Private key for Bastion Host SSH access",
            "force_overwrite_replica_secret": false,
            "id": "bastion-ssh-private-key",
            "kms_key_id": "",
            "name": "bastion-ssh-private-key",
            "name_prefix": "",
            "policy": "",
            "recovery_window_in_days": 30,
            "replica": [],
            "tags": {},
            "tags_all": {}
          },
          "sensitive_attributes": [],
          "identity_schema_version": 0,
          "private": "bnVsbA=="
        }
      ]
    },
    {
      "mode": "managed",
      "type": "aws_secretsmanager_secret",
      "name": "bastion_public_key",
      "provider": "provider[\"registry.terraform.io/hashicorp/aws\"]",
      "instances": [
        {
          "schema_version": 0,
          "attributes": {
            "arn": "arn:aws:secretsmanager:us-east-2:215848077383:secret:bastion-ssh-public-key-D4AscI",
            "description": "Public key for Bastion Host authorized_keys",
            "force_overwrite_replica_secret": false,
            "id": "bastion-ssh-public-key",
            "kms_key_id": "",
            "name": "bastion-ssh-public-key",
            "name_prefix": "",
            "policy": "",
            "recovery_window_in_days": 30,
            "replica": [],
            "tags": {},
            "tags_all": {}
          },
          "sensitive_attributes": [],
          "identity_schema_version": 0,
          "private": "bnVsbA=="
        }
      ]
    },
    {
      "mode": "managed",
      "type": "aws_secretsmanager_secret",
      "name": "infrahash_db_secret",
      "provider": "provider[\"registry.terraform.io/hashicorp/aws\"]",
      "instances": [
        {
          "schema_version": 0,
          "attributes": {
            "arn": "arn:aws:secretsmanager:us-east-2:215848077383:secret:infrahash-db-credentials-D4AscI",
            "description": "Database credentials for InfraHash app and EKS workloads",
            "force_overwrite_replica_secret": false,
            "id": "infrahash-db-credentials",
            "kms_key_id": "",
            "name": "infrahash-db-credentials",
            "name_prefix": "",
            "policy": "",
            "recovery_window_in_days": 30,
            "replica": [],
            "tags": {},
            "tags_all": {}
          },
          "sensitive_attributes": [],
          "identity_schema_version": 0,
          "private": "bnVsbA=="
        }
      ]
    },
    {
      "mode": "managed",
      "type": "aws_secretsmanager_secret",
      "name": "management_private_key",
      "provider": "provider[\"registry.terraform.io/hashicorp/aws\"]",
      "instances": [
        {
          "schema_version": 0,
          "attributes": {
            "arn": "arn:aws:secretsmanager:us-east-2:215848077383:secret:management-ssh-private-key-yyrjuD",
            "description": "Private key for Management Node SSH access",
            "force_overwrite_replica_secret": false,
            "id": "management-ssh-private-key",
            "kms_key_id": "",
            "name": "management-ssh-private-key",
            "name_prefix": "",
            "policy": "",
            "recovery_window_in_days": 30,
            "replica": [],
            "tags": {},
            "tags_all": {}
          },
          "sensitive_attributes": [],
          "identity_schema_version": 0,
          "private": "bnVsbA=="
        }
      ]
    },
    {
      "mode": "managed",
      "type": "aws_secretsmanager_secret",
      "name": "management_public_key",
      "provider": "provider[\"registry.terraform.io/hashicorp/aws\"]",
      "instances": [
        {
          "schema_version": 0,
          "attributes": {
            "arn": "arn:aws:secretsmanager:us-east-2:215848077383:secret:management-ssh-public-key-r4DeFH",
            "description": "Public key for Bastion Host",
            "force_overwrite_replica_secret": false,
            "id": "management-ssh-public-key",
            "kms_key_id": "",
            "name": "management-ssh-public-key",
            "name_prefix": "",
            "policy": "",
            "recovery_window_in_days": 30,
            "replica": [],
            "tags": {},
            "tags_all": {}
          },
          "sensitive_attributes": [],
          "identity_schema_version": 0,
          "private": "bnVsbA=="
        }
      ]
    },
    {
      "mode": "managed",
      "type": "aws_secretsmanager_secret_rotation",
      "name": "bastion_key_rotation",
      "provider": "provider[\"registry.terraform.io/hashicorp/aws\"]",
      "instances": [
        {
          "schema_version": 1,
          "attributes": {
            "id": "arn:aws:secretsmanager:us-east-2:215848077383:secret:bastion-ssh-private-key-pDBlMF",
            "rotate_immediately": true,
            "rotation_enabled": true,
            "rotation_lambda_arn": "arn:aws:lambda:us-east-2:215848077383:function:rotate-bastion-ssh-key",
            "rotation_rules": [
              {
                "automatically_after_days": 30,
                "duration": "",
                "schedule_expression": ""
              }
            ],
            "secret_id": "arn:aws:secretsmanager:us-east-2:215848077383:secret:bastion-ssh-private-key-pDBlMF"
          },
          "sensitive_attributes": [],
          "identity_schema_version": 0,
          "private": "eyJzY2hlbWFfdmVyc2lvbiI6IjEifQ==",
          "dependencies": [
            "aws_iam_role.bastion_key_rotation_role",
            "aws_lambda_function.bastion_key_rotation_lambda",
            "aws_secretsmanager_secret.bastion_private_key",
            "aws_secretsmanager_secret.bastion_public_key"
          ]
        }
      ]
    },
    {
      "mode": "managed",
      "type": "aws_secretsmanager_secret_version",
      "name": "bastion_private_key_version",
      "provider": "provider[\"registry.terraform.io/hashicorp/aws\"]",
      "instances": [
        {
          "schema_version": 0,
          "attributes": {
            "arn": "arn:aws:secretsmanager:us-east-2:215848077383:secret:bastion-ssh-private-key-pDBlMF",
            "has_secret_string_wo": null,
            "id": "bastion-ssh-private-key|terraform-20260126170122056600000001",
            "secret_binary": "",
            "secret_id": "bastion-ssh-private-key",
            "secret_string": "-----BEGIN RSA PRIVATE KEY-----\nMIIJKQIBAAKCAgEA14c6ibQUbJIuQMmN7QH171ICy0WvyPNke1B+aklMW1ZABd0K\n8HZWWXnS2EgblRyj/aXtjjTECafyUu4o2PhClEf/7U0G9g6bU0LQBZucMu+QXO0t\nNq2oKBxX49wKqI5RPzALdr+Nyo2DUkQh08ZIZU5ojSrZr1ToWMP0V/Gm0WmM3zjA\npH+2hWd6tPRuTOV1dDTc4kcIar8bAca+hbbtkbYB0r7JUOYhfvys1YtPAW/rliy9\n3revb7yhLqCL8aWgTkTK1iXASzlb8grpPL7xE/wPmmi+1Ho5Ra+LXr6L/Ly1+z8J\ndwvTr0xgl8b6wyWpVe5fl9ibeWrkgByYQ9jrcJ3wW3RObhzVRBc3TuazG/nS6LTY\nmNVm2FZ7XvKu9Vb3wEottEx6eDazvMcYPjGGUlXZ5Q8ftF2Yv337cFsYY214f+Vg\nT7/SUEgb8LgdDdiYURhoVM+pnc1wGHDzKKf9JLOmlPWPfO/M4SGsdFn3W/dvgg5y\ncAx+4jiaIsFIIAeGVSl2hJZZPDpB7r34gBSXSqGGw/qM2I2MyHFIuJm7lLCCYYBr\nwTteKvopuUKnMHRK5V+dITtJVBAXd6Z/sExRL8C/1Bi9ocOM4/ThdnFIxDbHcBVF\ne9dMCC1c460+dm0+/JXVZflIILnCa1BkzFINdVAmRWEmSIhRmGINVtutrY0CAwEA\nAQKCAgALh4qMSEEEHSkdQnWgVUevNuS7CVjMd/y1k1+X1vZJ4oodO4Rfda0hLzZQ\nvJbBJMg/BDZ6Midp2X1J42n1pV4xFCLu3P0qLNYxSjSE6vHxpZrEOynShXqmiVGd\no61BnroI68yJMdkSGfze6eciBDbmOHS5AdmlmqCtSETqGXK85sJoRInFovwEFJOI\nr5S2R1tqTSj4b9Kq8dsuKVAS0296U9Fde+LwEXIpmrcHhg1tZxZ5W55dQNfr3cba\nOYYS9ghmd3ae+w5Xgn4r1gVBFc52rQ1hS14opqXUAlPYdyVXmU67iH/nSY+C4/k8\n1Uz1Iy7KT9dMRlmW0VmKOD1gT8UpvAr/6+yeRisEvS/YBE4xLicCP1M7DfV8v0Lv\n8mGJnNbMfxQ+5FP5c0oERl+c+OIOnjOYfGlPtG2OM/6OdFUahnL3s6R+dzkCZgT/\nTHOhqZ+3gCY6kCX1Ewl/UO5bdQnik1JU1zBu+YMapMihbagvu0Tq5zkyomSjDpIi\nNBHX8p7gfhu5KYNxJ5Cj3Oy7MGyXd2JOuGB38myKuCfppHzoPbf+wrMDqFxtEexR\n43gux1qONR5DFp0i2yhyaH1J3msrCBn5iJbHBWiaKA/5PBLwupa0xwCgnMG5XVkc\n3GuPWnMaLkTTgmIfeaF1d44g3jg8NXE2TDY5U5mJfpcOBSkccQKCAQEA/nTSZ/Jp\nEZH75NZK67tv6wO8mnSJyzq0Q2n67I+9FNDoWWz9TUgiHgN/SL38ohx6ZTuDLqNR\nMjSWsb2mpATj5x+6g5QL0MtC1faG35aHypkSpDOlsmEIx/9kexommfJ0ByF8I8wF\ns+OCsaXJt026lfVFN6fI8zEJ8/aFikHM4j90NPGv4EcDVNVpfMhPoEHOCxlsPg+K\ne7iiXqaOYpogcjMjIYrruNHOU+jnHIUr5Hk3W85PXJluOH/lPqglhUyIOsO2PqRs\nUfFWo+r5A9XUneX3E5zJtWHOpQqsIAaylp20kUqLl5RDvl5LKfn4/pRLlKAIyXD8\nhJoxO+ma/HLgFQKCAQEA2NXzRngeTPLFU/A1E3/eqSNJrTaycn4E43HWIfsM569b\nPcv5cNPKRBoXhLas9mIgpmz+gbs86cybR3hOVGVgnu5bI+9IhKlxVjLmLiK+ezu7\nnzkMv6ggTzwsyo7NZuuGrw7gQ1PzU0XKRhFJrccdX7nsgWXuMMK05ga7hBt2kEDl\nGBa4NzayO4TH7i4+8zAMBvs9U1+4TIa/fOsUPkVdH31STallppDh0IQixHx5EHt2\nLXHAXbQDd57CeGpixWJ6YGo8HVQIDCwXt0GItLFSk0NLV0JGeKO2xUukWcrYnLo7\nnRInMmAOs/szACvsYie5rkbcdCIVXv2bGz5g6I39mQKCAQEAvT5bAc3q0JN2+MFb\nZSi42tujmGfV11zolj6qzOc2I9YfB+skFCbyoMnPD2WlD1gIu2Ngc/4otCMidDxt\nRA0TBmC1kYg4pWeWZJT9yConAcmIcLCsqha6tiu+KkPPs6z7GBaSQflJwHkTSVXY\nyMg5Xa/Vc8gIjr3I/jU5KhM38ohov7uEJ1QJKT2zP4emmLR4Lg8RTrK2Nr+hmq1a\ntgCU4vofRaIRIBqBziwoPjDY7Qot3sx4f5DoxYJxF4Fsrk+1/aZy0vHsUaEg47Ys\nzupoP6q5cE+qQIjmbB6c1xDEH3pYwbnkSa6OF3X/hs+PnJ7j+zxubIrocyJOPZXG\nm7w/5QKCAQBfY+ftBWTXFyoGHjNLS8KJh/OeluR0B8pgwLCiLE5mEjfCfNxUbWeb\nBBt6j96RWWPhsytXqSZH+HILQ/q5mAukf1lq+pZdfilU8XlfrHs9vW5xwmhAXFcy\nZFeUGLR15YFPu+ye0ezGono0zuAp6eGbPjC0UEI0A0QPucB+gpJrLZFbQotyBsbr\n9iL6PjAFTgrMe3RkHET4rYLKEqTKLDumYbx2W+JTH4On9qlQ5S1hOd8oaNVmo42u\n7xHAZZTkHsmVZsbhZBlSOYeJX/QjAatBC6a2UXqtEeCS9Q7tTZZzhF47YEQMHkP5\nm7W5CpmoKK+/4n6TPHdIXasBljSNugFpAoIBAQCXd2A72SD7rv2+ywh0A88/hZQF\ninhy/MVB4OMWn8xfXqXzxpBxXjlOVTN3oZ2o6ZKT/My9KVnHHtweROfpRxOZ5ZOu\nqxyZ9M20fYXI0cRYkx3h8HvKgSPaWvx5ASoM07Js0da3DjLiH8yEV3cVfszgp5vr\nK7cqf9UCXSWadhlWCn9SnS8ZbWEdaQQ8dwT5amqrrL+0SJjLjgHBwrs7bsdU9hZH\n4s/j3eNNGvg38iUNDfyITKOLt3nTt95EXIUlHJsG+3WvdisiCc314YRXdaDVP8gg\nOBqBNJh3rOh4e9G3Px07y5xAsaiGssAjsoMKt9aWEOqPzFFpJYaeV6ckLqJu\n-----END RSA PRIVATE KEY-----\n",
            "secret_string_wo": null,
            "secret_string_wo_version": null,
            "version_id": "terraform-20260126170122056600000001",
            "version_stages": [
              "AWSCURRENT"
            ]
          },
          "sensitive_attributes": [
            [
              {
                "type": "get_attr",
                "value": "secret_binary"
              }
            ],
            [
              {
                "type": "get_attr",
                "value": "secret_string"
              }
            ],
            [
              {
                "type": "get_attr",
                "value": "secret_string_wo"
              }
            ]
          ],
          "identity_schema_version": 0,
          "private": "bnVsbA==",
          "dependencies": [
            "aws_secretsmanager_secret.bastion_private_key",
            "tls_private_key.bastion_ssh_key"
          ]
        }
      ]
    },
    {
      "mode": "managed",
      "type": "aws_secretsmanager_secret_version",
      "name": "bastion_public_key_version",
      "provider": "provider[\"registry.terraform.io/hashicorp/aws\"]",
      "instances": [
        {
          "schema_version": 0,
          "attributes": {
            "arn": "arn:aws:secretsmanager:us-east-2:215848077383:secret:bastion-ssh-public-key-D4AscI",
            "has_secret_string_wo": null,
            "id": "bastion-ssh-public-key|terraform-20260126170122086600000002",
            "secret_binary": "",
            "secret_id": "bastion-ssh-public-key",
            "secret_string": "ssh-rsa AAAAB3NzaC1yc2EAAAADAQABAAACAQDXhzqJtBRski5AyY3tAfXvUgLLRa/I82R7UH5qSUxbVkAF3QrwdlZZedLYSBuVHKP9pe2ONMQJp/JS7ijY+EKUR//tTQb2DptTQtAFm5wy75Bc7S02ragoHFfj3AqojlE/MAt2v43KjYNSRCHTxkhlTmiNKtmvVOhYw/RX8abRaYzfOMCkf7aFZ3q09G5M5XV0NNziRwhqvxsBxr6Ftu2RtgHSvslQ5iF+/KzVi08Bb+uWLL3et69vvKEuoIvxpaBORMrWJcBLOVvyCuk8vvET/A+aaL7UejlFr4tevov8vLX7Pwl3C9OvTGCXxvrDJalV7l+X2Jt5auSAHJhD2OtwnfBbdE5uHNVEFzdO5rMb+dLotNiY1WbYVnte8q71VvfASi20THp4NrO8xxg+MYZSVdnlDx+0XZi/fftwWxhjbXh/5WBPv9JQSBvwuB0N2JhRGGhUz6mdzXAYcPMop/0ks6aU9Y9878zhIax0Wfdb92+CDnJwDH7iOJoiwUggB4ZVKXaEllk8OkHuvfiAFJdKoYbD+ozYjYzIcUi4mbuUsIJhgGvBO14q+im5QqcwdErlX50hO0lUEBd3pn+wTFEvwL/UGL2hw4zj9OF2cUjENsdwFUV710wILVzjrT52bT78ldVl+UggucJrUGTMUg11UCZFYSZIiFGYYg1W262tjQ==\n",
            "secret_string_wo": null,
            "secret_string_wo_version": null,
            "version_id": "terraform-20260126170122086600000002",
            "version_stages": [
              "AWSCURRENT"
            ]
          },
          "sensitive_attributes": [
            [
              {
                "type": "get_attr",
                "value": "secret_binary"
              }
            ],
            [
              {
                "type": "get_attr",
                "value": "secret_string"
              }
            ],
            [
              {
                "type": "get_attr",
                "value": "secret_string_wo"
              }
            ]
          ],
          "identity_schema_version": 0,
          "private": "bnVsbA==",
          "dependencies": [
            "aws_secretsmanager_secret.bastion_public_key",
            "tls_private_key.bastion_ssh_key"
          ]
        }
      ]
    },
    {
      "mode": "managed",
      "type": "aws_secretsmanager_secret_version",
      "name": "infrahash_db_secret_value",
      "provider": "provider[\"registry.terraform.io/hashicorp/aws\"]",
      "instances": [
        {
          "schema_version": 0,
          "attributes": {
            "arn": "arn:aws:secretsmanager:us-east-2:215848077383:secret:infrahash-db-credentials-D4AscI",
            "has_secret_string_wo": null,
            "id": "infrahash-db-credentials|terraform-20260126170122138100000004",
            "secret_binary": "",
            "secret_id": "infrahash-db-credentials",
            "secret_string": "{\"dbname\":\"\",\"engine\":\"postgres\",\"host\":\"infrahash-db.cnssacwgkq31.us-east-2.rds.amazonaws.com\",\"password\":\"vl%u#pr+990w4wEakv]2\",\"port\":5432,\"username\":\"infrahash_admin\"}",
            "secret_string_wo": null,
            "secret_string_wo_version": null,
            "version_id": "terraform-20260126170122138100000004",
            "version_stages": [
              "AWSCURRENT"
            ]
          },
          "sensitive_attributes": [
            [
              {
                "type": "get_attr",
                "value": "secret_binary"
              }
            ],
            [
              {
                "type": "get_attr",
                "value": "secret_string"
              }
            ],
            [
              {
                "type": "get_attr",
                "value": "secret_string_wo"
              }
            ]
          ],
          "identity_schema_version": 0,
          "private": "bnVsbA==",
          "dependencies": [
            "aws_db_instance.infrahash_db",
            "aws_db_subnet_group.infrahash_db_subnet_group",
            "aws_secretsmanager_secret.infrahash_db_secret",
            "aws_security_group.alb_sg",
            "aws_security_group.app_sg",
            "aws_security_group.management_sg",
            "aws_security_group.rds_sg",
            "aws_subnet.private_1",
            "aws_subnet.private_2",
            "aws_vpc.main_vpc",
            "random_password.infrahash_db_password"
          ]
        }
      ]
    },
    {
      "mode": "managed",
      "type": "aws_secretsmanager_secret_version",
      "name": "management_private_key_version",
      "provider": "provider[\"registry.terraform.io/hashicorp/aws\"]",
      "instances": [
        {
          "schema_version": 0,
          "attributes": {
            "arn": "arn:aws:secretsmanager:us-east-2:215848077383:secret:management-ssh-private-key-yyrjuD",
            "has_secret_string_wo": null,
            "id": "management-ssh-private-key|terraform-20260126170122141700000005",
            "secret_binary": "",
            "secret_id": "management-ssh-private-key",
            "secret_string": "-----BEGIN RSA PRIVATE KEY-----\nMIIJKQIBAAKCAgEAy3LcQZn1tr2yVCyYfLDE+qwyDKEPxdVFi6Sdza1cqOaP7T+E\nJLW+ZgtthuJJernBwCssAXd0uGRv0WlR8VXMe4lTAmA8E/Lcc2o1rrrOxAhP3i2Q\n8wBiLkerJ+mesXihWXYHSCidsPm+39edNq8Yl+SjUvuA2hQn70kn8aQs7JdITWHK\n10UFwo9DrDhovVle1zArh+re4spXx8ba7qPnTS763oDrml12FiDE9NrbOUngiaNo\nh9HKPMv+satu1en71IdBXohDkHl7XtS9nZn00WsC9beLZIIYfkf+E2w/qQFHmrpF\nK3/pq2D47GxDBJtIvpC+x8Sn6YJUc4dhnD9DA29+Htk48gf55UqxzynNhtTIL6n5\nAUd2KqRGLZjldqME7cShYrcdAN2RoILy5QnK6f4+Iai7aV1wlibmkIyK5x0Z4zGZ\nn3TAu7PxcJnaOTzrvfhQXMdh53r7JqjidN6+J8QOxq7Px8a1GxYaQiuDAshpXpSU\n1p/k7Hromn0CpIQXhNP0MvGsWFVOH7vudP+ihrnYWMPaKIJSSrxkq2HZRYe2a3r0\nXD/uuneUxb3z9e2X/hmC42eglFH2Cx4aeOrwvgVmQWn+rQQ4nndkN5lJk/PFJHQG\n2gwjDRU4KCAx4ILrjqYq/7a6l7sNtPdT0Ih9bdc8xjr0iZgJCQ2aIjyD1kECAwEA\nAQKCAgAqp7PXSzzRqhcT/9+esP8zoVvC+xfP/iWdIA/32gOl4+VEND9z5Oj9AyNd\nFt+aDA07ybFpw05lBKXPDZphE4CSXBnb0yp1ckNXLWsA7ejBAA8iwYH0+N0c3+ja\nLuiXQ/fsRktDjUR2oP4sd0vedbqdyhGWKeX7kyNGT5vA1Y+XsSY3FyxMkwugnaHu\nH0uSe4TfcBmIXy2I9iyOVbp8M0AhFhsCAJylGjhSbl9tCN/StJMPuIOHimww8AI/\n5PYRgoPKrOr/M2mbBmVf3hG9U9SY/as6sldW5NHW1ChIkTcNq5eEMM6kzqZCyMuX\n4iDw+8+2KKnfP3OHCUzEhhtog3j8hPeRvp95m4avwuGtcAA2KePpfxFcTRtLybfP\nwwOTKdh7RJ+yq7IcvDmPmstdVKbLnuWLUdecmd/XUgKqzUfOKa2p+wvFtMMmgkZE\ngut6S+kRKE7lz7e5JnDFXgee63+NkuinH0tCx2woHafywveP71usAe9c84kzCrIj\nGwIDkip2KZsXYzcqVydaHQFT8XuyWtuCFB7WYUCk7KxP/6ZmuNVKQnd/3pDdY21y\nPNt0CMbVBKR7tK6tzD3t+zueEYyDKx30Nyy245Hbdlnv23qh1fxOrVD8Au9rnEW5\nddlKlea5xl8Z06IF32XprktEFbyMfJjeyvDsuFsgRtbCmHqzEwKCAQEA1GlfOdoh\n5/YCuRX0zAVae+xRZvqAkghb9oEPOE4NySmmU84VVPhTMVNXoVvZIb3f8IVL7Pgc\n6woDxv8HBpx7JUFWhhnSWPa4+MWLU7qqbjfWVDiJbjs7AduJJVWk/2aqXT+DsPkE\nQuI7Q0z9wxx9mv7VDF75PngaQOJ7eMrQlgN0lj4Ouq8FI2nvRU0Qm7OpdSNMNSpZ\nZgW8ydfe2dUKWEb3Ja8CvfrPZZGncjjHASwJjOMple2cbfLfCxxF4cvcNalv40UY\ntOOzVXBPa5BaCW8edKq3nDqTKFUOpda8qe15wjAeqoj8pa8FIO2Bm9BSGGQosLFg\n0Fnzn269VM0WJwKCAQEA9TKjWwvTc1/VT7/JTmiVYxhf6mM0wCFzLnGKReMJ/hKX\nsSi4XWfc/61NDqi7/1/qGQcqRiMSlqE8wiVu3PR6V6GhqcfL1OjxRnYdzAsiWU08\ntnP0M7O2mJfC33KsbxcUuUaXz3fpY3G0DaMzKDN92PptaBCfl7HNHUg8tjBiHmzj\n43oAI61vGSexp17Qpk230adY28PWX/6ZTnY+LBCYZGASoIa13q88V8d8kDTAwPoA\nk31MahzSLtI3BFQXm5LF9wc3IzyEZypiGOsn4TcepYnHCBODjZHsw3kteh5R9xgw\nkxFRBnVNN2mtftWtfIPH0bZ3evi0477CX67ks0yZVwKCAQEAwx0nw9SDYLeyOKHa\ng65HN54UCCwC/iF/mCdk+6t3Lll7129uWObiRGTyEd50zXHEywMmgz5GEgDZB2or\n4f7Lf6VM/VGqzt2Te7C6EudctnHEBwkH9KGjykkG6ayKK7D6vT0ikuWq7GUzWtbW\nIuuA1WdP/FUhTii0tPVVxddHUwVJitjmXsV2Stl8WIQ5xUx7VIZf8lY8WGLcz+vj\nYOU4424MiCkCs9A3wmzRCzLsWj9BZpEkGfxxvO1jxKjr6EWCuigyBunpj/+5M7o+\nueeXTSMtLq3Ci1ei5WF8Wwmts8nYFnBtOukqamcipuSEMcRiJNWcKvJEpB58ku7+\nK29X8QKCAQAxg2I9VmwClk2K5x2Nec0Az8E+oX3bdmW98SuM5UX1SmfbXG+uXPTh\npGs1FJmx/fpVx36f3yE3zaNpSQnUEIJMA9WTZUch3VArfFqUA4OSKOijp1KexiGP\nOsYdPRjY7f4/U6QAPySf8iv7vQLtkUhOcnN5WjH//eV/jkDEQYzuu+pg2xgAHFuc\n5skXFSxpCLSf330wE6HMjKsEjxgK6eb8DfJ0+/7p0tUKnLvomt55mYJYRisSGnPP\nBKAbfaeuwLq9IXXe5a+O7Z4Vjhblga3sm5/XX6lnAxqedm/agxjmHrpgWFTWSwWm\ntO5V+GwqAqptDL2f1W0huDmj/LsuAb/NAoIBAQDHF3vqAtz66tnmHKX9Xf0SmuHw\nztHPU91kWJJWPpwOyAzK2xny1XC9XXTj70Qo2/kEFsJpFd2F6X3OQspRVCUvzasD\nKR+kXERm8Dhr2rWd1zusiHpKN+l8tGV/VJT524rLH0JjW0x4xf+T7/neoTWvCXV2\nb79EsRYGaXNX2IB35lW7kyMGUTXJlFQ1gIMn2hm2roPlp9sG+md/OZYMhDjlNHGj\nR01HsNwvzTVUdIXlV/kqEbpZ14K0tkN4r5Wksi6OstM5FEt3tdvGMD1Z5hwgeFET\novGStL7pIpf3+MR81PV2ZNtzB0PIM79K2BFV9OySjN62t/Zg2CqmcB2P8/0R\n-----END RSA PRIVATE KEY-----\n",
            "secret_string_wo": null,
            "secret_string_wo_version": null,
            "version_id": "terraform-20260126170122141700000005",
            "version_stages": [
              "AWSCURRENT"
            ]
          },
          "sensitive_attributes": [
            [
              {
                "type": "get_attr",
                "value": "secret_binary"
              }
            ],
            [
              {
                "type": "get_attr",
                "value": "secret_string"
              }
            ],
            [
              {
                "type": "get_attr",
                "value": "secret_string_wo"
              }
            ]
          ],
          "identity_schema_version": 0,
          "private": "bnVsbA==",
          "dependencies": [
            "aws_secretsmanager_secret.management_private_key",
            "tls_private_key.management_ssh_key"
          ]
        }
      ]
    },
    {
      "mode": "managed",
      "type": "aws_secretsmanager_secret_version",
      "name": "management_public_key_version",
      "provider": "provider[\"registry.terraform.io/hashicorp/aws\"]",
      "instances": [
        {
          "schema_version": 0,
          "attributes": {
            "arn": "arn:aws:secretsmanager:us-east-2:215848077383:secret:management-ssh-public-key-r4DeFH",
            "has_secret_string_wo": null,
            "id": "management-ssh-public-key|terraform-20260126170122114900000003",
            "secret_binary": "",
            "secret_id": "management-ssh-public-key",
            "secret_string": "ssh-rsa AAAAB3NzaC1yc2EAAAADAQABAAACAQDLctxBmfW2vbJULJh8sMT6rDIMoQ/F1UWLpJ3NrVyo5o/tP4Qktb5mC22G4kl6ucHAKywBd3S4ZG/RaVHxVcx7iVMCYDwT8txzajWuus7ECE/eLZDzAGIuR6sn6Z6xeKFZdgdIKJ2w+b7f1502rxiX5KNS+4DaFCfvSSfxpCzsl0hNYcrXRQXCj0OsOGi9WV7XMCuH6t7iylfHxtruo+dNLvregOuaXXYWIMT02ts5SeCJo2iH0co8y/6xq27V6fvUh0FeiEOQeXte1L2dmfTRawL1t4tkghh+R/4TbD+pAUeaukUrf+mrYPjsbEMEm0i+kL7HxKfpglRzh2GcP0MDb34e2TjyB/nlSrHPKc2G1MgvqfkBR3YqpEYtmOV2owTtxKFitx0A3ZGggvLlCcrp/j4hqLtpXXCWJuaQjIrnHRnjMZmfdMC7s/Fwmdo5POu9+FBcx2HnevsmqOJ03r4nxA7Grs/HxrUbFhpCK4MCyGlelJTWn+TseuiafQKkhBeE0/Qy8axYVU4fu+50/6KGudhYw9ooglJKvGSrYdlFh7ZrevRcP+66d5TFvfP17Zf+GYLjZ6CUUfYLHhp46vC+BWZBaf6tBDied2Q3mUmT88UkdAbaDCMNFTgoIDHgguuOpir/trqXuw2091PQiH1t1zzGOvSJmAkJDZoiPIPWQQ==\n",
            "secret_string_wo": null,
            "secret_string_wo_version": null,
            "version_id": "terraform-20260126170122114900000003",
            "version_stages": [
              "AWSCURRENT"
            ]
          },
          "sensitive_attributes": [
            [
              {
                "type": "get_attr",
                "value": "secret_binary"
              }
            ],
            [
              {
                "type": "get_attr",
                "value": "secret_string"
              }
            ],
            [
              {
                "type": "get_attr",
                "value": "secret_string_wo"
              }
            ]
          ],
          "identity_schema_version": 0,
          "private": "bnVsbA==",
          "dependencies": [
            "aws_secretsmanager_secret.management_public_key",
            "tls_private_key.management_ssh_key"
          ]
        }
      ]
    },
    {
      "mode": "managed",
      "type": "aws_security_group",
      "name": "alb_sg",
      "provider": "provider[\"registry.terraform.io/hashicorp/aws\"]",
      "instances": [
        {
          "schema_version": 1,
          "attributes": {
            "arn": "arn:aws:ec2:us-east-2:215848077383:security-group/sg-0903b9799754f354f",
            "description": "Allow web traffic",
            "egress": [
              {
                "cidr_blocks": [
                  "0.0.0.0/0"
                ],
                "description": "",
                "from_port": 0,
                "ipv6_cidr_blocks": [],
                "prefix_list_ids": [],
                "protocol": "-1",
                "security_groups": [],
                "self": false,
                "to_port": 0
              }
            ],
            "id": "sg-0903b9799754f354f",
            "ingress": [
              {
                "cidr_blocks": [
                  "0.0.0.0/0"
                ],
                "description": "HTTP",
                "from_port": 80,
                "ipv6_cidr_blocks": [],
                "prefix_list_ids": [],
                "protocol": "tcp",
                "security_groups": [],
                "self": false,
                "to_port": 80
              },
              {
                "cidr_blocks": [
                  "0.0.0.0/0"
                ],
                "description": "HTTPS",
                "from_port": 443,
                "ipv6_cidr_blocks": [],
                "prefix_list_ids": [],
                "protocol": "tcp",
                "security_groups": [],
                "self": false,
                "to_port": 443
              }
            ],
            "name": "alb-sg",
            "name_prefix": "",
            "owner_id": "215848077383",
            "revoke_rules_on_delete": false,
            "tags": {
              "Name": "alb-sg"
            },
            "tags_all": {
              "Name": "alb-sg"
            },
            "timeouts": null,
            "vpc_id": "vpc-0fb4405a171d17c92"
          },
          "sensitive_attributes": [],
          "identity_schema_version": 0,
          "private": "eyJlMmJmYjczMC1lY2FhLTExZTYtOGY4OC0zNDM2M2JjN2M0YzAiOnsiY3JlYXRlIjo2MDAwMDAwMDAwMDAsImRlbGV0ZSI6OTAwMDAwMDAwMDAwfSwic2NoZW1hX3ZlcnNpb24iOiIxIn0=",
          "dependencies": [
            "aws_vpc.main_vpc"
          ]
        }
      ]
    },
    {
      "mode": "managed",
      "type": "aws_security_group",
      "name": "app_sg",
      "provider": "provider[\"registry.terraform.io/hashicorp/aws\"]",
      "instances": [
        {
          "schema_version": 1,
          "attributes": {
            "arn": "arn:aws:ec2:us-east-2:215848077383:security-group/sg-0f2aad34e499309b6",
            "description": "Managed by Terraform",
            "egress": [
              {
                "cidr_blocks": [
                  "0.0.0.0/0"
                ],
                "description": "",
                "from_port": 0,
                "ipv6_cidr_blocks": [],
                "prefix_list_ids": [],
                "protocol": "-1",
                "security_groups": [],
                "self": false,
                "to_port": 0
              }
            ],
            "id": "sg-0f2aad34e499309b6",
            "ingress": [
              {
                "cidr_blocks": [],
                "description": "",
                "from_port": 5000,
                "ipv6_cidr_blocks": [],
                "prefix_list_ids": [],
                "protocol": "tcp",
                "security_groups": [
                  "sg-0903b9799754f354f"
                ],
                "self": false,
                "to_port": 5000
              }
            ],
            "name": "app-sg",
            "name_prefix": "",
            "owner_id": "215848077383",
            "revoke_rules_on_delete": false,
            "tags": {
              "Name": "app-sg"
            },
            "tags_all": {
              "Name": "app-sg"
            },
            "timeouts": null,
            "vpc_id": "vpc-0fb4405a171d17c92"
          },
          "sensitive_attributes": [],
          "identity_schema_version": 0,
          "private": "eyJlMmJmYjczMC1lY2FhLTExZTYtOGY4OC0zNDM2M2JjN2M0YzAiOnsiY3JlYXRlIjo2MDAwMDAwMDAwMDAsImRlbGV0ZSI6OTAwMDAwMDAwMDAwfSwic2NoZW1hX3ZlcnNpb24iOiIxIn0=",
          "dependencies": [
            "aws_security_group.alb_sg",
            "aws_vpc.main_vpc"
          ]
        }
      ]
    },
    {
      "mode": "managed",
      "type": "aws_security_group",
      "name": "bastion_sg",
      "provider": "provider[\"registry.terraform.io/hashicorp/aws\"]",
      "instances": [
        {
          "schema_version": 1,
          "attributes": {
            "arn": "arn:aws:ec2:us-east-2:215848077383:security-group/sg-0ab358879eedc3757",
            "description": "Allow SSH access to bastion host",
            "egress": [
              {
                "cidr_blocks": [
                  "0.0.0.0/0"
                ],
                "description": "",
                "from_port": 0,
                "ipv6_cidr_blocks": [],
                "prefix_list_ids": [],
                "protocol": "-1",
                "security_groups": [],
                "self": false,
                "to_port": 0
              }
            ],
            "id": "sg-0ab358879eedc3757",
            "ingress": [
              {
                "cidr_blocks": [
                  "67.173.221.178/32"
                ],
                "description": "SSH from admin IP",
                "from_port": 22,
                "ipv6_cidr_blocks": [],
                "prefix_list_ids": [],
                "protocol": "tcp",
                "security_groups": [],
                "self": false,
                "to_port": 22
              }
            ],
            "name": "bastion_sg",
            "name_prefix": "",
            "owner_id": "215848077383",
            "revoke_rules_on_delete": false,
            "tags": {
              "Name": "bastion_sg"
            },
            "tags_all": {
              "Name": "bastion_sg"
            },
            "timeouts": null,
            "vpc_id": "vpc-0fb4405a171d17c92"
          },
          "sensitive_attributes": [],
          "identity_schema_version": 0,
          "private": "eyJlMmJmYjczMC1lY2FhLTExZTYtOGY4OC0zNDM2M2JjN2M0YzAiOnsiY3JlYXRlIjo2MDAwMDAwMDAwMDAsImRlbGV0ZSI6OTAwMDAwMDAwMDAwfSwic2NoZW1hX3ZlcnNpb24iOiIxIn0=",
          "dependencies": [
            "aws_vpc.main_vpc"
          ],
          "create_before_destroy": true
        }
      ]
    },
    {
      "mode": "managed",
      "type": "aws_security_group",
      "name": "management_sg",
      "provider": "provider[\"registry.terraform.io/hashicorp/aws\"]",
      "instances": [
        {
          "schema_version": 1,
          "attributes": {
            "arn": "arn:aws:ec2:us-east-2:215848077383:security-group/sg-0d4bd0314b548b655",
            "description": "Security group for EKS management node",
            "egress": [
              {
                "cidr_blocks": [
                  "0.0.0.0/0"
                ],
                "description": "",
                "from_port": 0,
                "ipv6_cidr_blocks": [],
                "prefix_list_ids": [],
                "protocol": "-1",
                "security_groups": [],
                "self": false,
                "to_port": 0
              }
            ],
            "id": "sg-0d4bd0314b548b655",
            "ingress": [
              {
                "cidr_blocks": [],
                "description": "Allow SSH from bastion hosts only",
                "from_port": 22,
                "ipv6_cidr_blocks": [],
                "prefix_list_ids": [],
                "protocol": "tcp",
                "security_groups": [
                  "sg-0ab358879eedc3757"
                ],
                "self": false,
                "to_port": 22
              }
            ],
            "name": "eks-management-sg",
            "name_prefix": "",
            "owner_id": "215848077383",
            "revoke_rules_on_delete": false,
            "tags": {
              "Name": "eks-management-sg"
            },
            "tags_all": {
              "Name": "eks-management-sg"
            },
            "timeouts": null,
            "vpc_id": "vpc-0fb4405a171d17c92"
          },
          "sensitive_attributes": [],
          "identity_schema_version": 0,
          "private": "eyJlMmJmYjczMC1lY2FhLTExZTYtOGY4OC0zNDM2M2JjN2M0YzAiOnsiY3JlYXRlIjo2MDAwMDAwMDAwMDAsImRlbGV0ZSI6OTAwMDAwMDAwMDAwfSwic2NoZW1hX3ZlcnNpb24iOiIxIn0=",
          "dependencies": [
            "aws_vpc.main_vpc"
          ]
        }
      ]
    },
    {
      "mode": "managed",
      "type": "aws_security_group",
      "name": "rds_sg",
      "provider": "provider[\"registry.terraform.io/hashicorp/aws\"]",
      "instances": [
        {
          "schema_version": 1,
          "attributes": {
            "arn": "arn:aws:ec2:us-east-2:215848077383:security-group/sg-00538752aa134122f",
            "description": "Allow PostgreSQL access from EKS app and management node",
            "egress": [
              {
                "cidr_blocks": [
                  "0.0.0.0/0"
                ],
                "description": "",
                "from_port": 0,
                "ipv6_cidr_blocks": [],
                "prefix_list_ids": [],
                "protocol": "-1",
                "security_groups": [],
                "self": false,
                "to_port": 0
              }
            ],
            "id": "sg-00538752aa134122f",
            "ingress": [
              {
                "cidr_blocks": [],
                "description": "PostgreSQL from app SG",
                "from_port": 5432,
                "ipv6_cidr_blocks": [],
                "prefix_list_ids": [],
                "protocol": "tcp",
                "security_groups": [
                  "sg-0f2aad34e499309b6"
                ],
                "self": false,
                "to_port": 5432
              },
              {
                "cidr_blocks": [],
                "description": "PostgreSQL from management SG",
                "from_port": 5432,
                "ipv6_cidr_blocks": [],
                "prefix_list_ids": [],
                "protocol": "tcp",
                "security_groups": [
                  "sg-0d4bd0314b548b655"
                ],
                "self": false,
                "to_port": 5432
              }
            ],
            "name": "infrahash-rds-sg",
            "name_prefix": "",
            "owner_id": "215848077383",
            "revoke_rules_on_delete": false,
            "tags": {
              "Name": "infrahash-rds-sg"
            },
            "tags_all": {
              "Name": "infrahash-rds-sg"
            },
            "timeouts": null,
            "vpc_id": "vpc-0fb4405a171d17c92"
          },
          "sensitive_attributes": [],
          "identity_schema_version": 0,
          "private": "eyJlMmJmYjczMC1lY2FhLTExZTYtOGY4OC0zNDM2M2JjN2M0YzAiOnsiY3JlYXRlIjo2MDAwMDAwMDAwMDAsImRlbGV0ZSI6OTAwMDAwMDAwMDAwfSwic2NoZW1hX3ZlcnNpb24iOiIxIn0=",
          "dependencies": [
            "aws_security_group.alb_sg",
            "aws_security_group.app_sg",
            "aws_security_group.management_sg",
            "aws_vpc.main_vpc"
          ]
        }
      ]
    },
    {
      "mode": "managed",
      "type": "aws_security_group_rule",
      "name": "allow_mgmt_to_eks_private",
      "provider": "provider[\"registry.terraform.io/hashicorp/aws\"]",
      "instances": [
        {
          "schema_version": 2,
          "attributes": {
            "cidr_blocks": null,
            "description": "Allow management node to reach EKS private endpoint",
            "from_port": 443,
            "id": "sgrule-1094118838",
            "ipv6_cidr_blocks": null,
            "prefix_list_ids": null,
            "protocol": "tcp",
            "security_group_id": "sg-01d8aa9d36db6d8a5",
            "security_group_rule_id": "sgr-0c7ac5ef28581c11e",
            "self": false,
            "source_security_group_id": "sg-0d4bd0314b548b655",
            "timeouts": null,
            "to_port": 443,
            "type": "ingress"
          },
          "sensitive_attributes": [],
          "identity_schema_version": 0,
          "private": "eyJlMmJmYjczMC1lY2FhLTExZTYtOGY4OC0zNDM2M2JjN2M0YzAiOnsiY3JlYXRlIjozMDAwMDAwMDAwMDB9LCJzY2hlbWFfdmVyc2lvbiI6IjIifQ==",
          "dependencies": [
            "aws_eks_cluster.main",
            "aws_iam_role.eks_cluster_role",
            "aws_iam_role_policy_attachment.eks_cluster_policy",
            "aws_iam_role_policy_attachment.eks_vpc_controller",
            "aws_security_group.management_sg",
            "aws_subnet.private_1",
            "aws_subnet.private_2",
            "aws_subnet.public_1",
            "aws_subnet.public_2",
            "aws_vpc.main_vpc"
          ]
        }
      ]
    },
    {
      "mode": "managed",
      "type": "aws_security_group_rule",
      "name": "management_allow_ssh_from_bastion",
      "provider": "provider[\"registry.terraform.io/hashicorp/aws\"]",
      "instances": [
        {
          "schema_version": 2,
          "attributes": {
            "cidr_blocks": null,
            "description": "Allow SSH from bastion hosts only",
            "from_port": 22,
            "id": "sgrule-1765630070",
            "ipv6_cidr_blocks": null,
            "prefix_list_ids": null,
            "protocol": "tcp",
            "security_group_id": "sg-0d4bd0314b548b655",
            "security_group_rule_id": "sgr-0b58441924c458ba6",
            "self": false,
            "source_security_group_id": "sg-0ab358879eedc3757",
            "timeouts": null,
            "to_port": 22,
            "type": "ingress"
          },
          "sensitive_attributes": [],
          "identity_schema_version": 0,
          "private": "eyJlMmJmYjczMC1lY2FhLTExZTYtOGY4OC0zNDM2M2JjN2M0YzAiOnsiY3JlYXRlIjozMDAwMDAwMDAwMDB9LCJzY2hlbWFfdmVyc2lvbiI6IjIifQ==",
          "dependencies": [
            "aws_security_group.bastion_sg",
            "aws_security_group.management_sg",
            "aws_vpc.main_vpc"
          ]
        }
      ]
    },
    {
      "mode": "managed",
      "type": "aws_subnet",
      "name": "private_1",
      "provider": "provider[\"registry.terraform.io/hashicorp/aws\"]",
      "instances": [
        {
          "schema_version": 1,
          "attributes": {
            "arn": "arn:aws:ec2:us-east-2:215848077383:subnet/subnet-0c2c8bd6650fe89a4",
            "assign_ipv6_address_on_creation": false,
            "availability_zone": "us-east-2a",
            "availability_zone_id": "use2-az1",
            "cidr_block": "10.0.0.0/19",
            "customer_owned_ipv4_pool": "",
            "enable_dns64": false,
            "enable_lni_at_device_index": 0,
            "enable_resource_name_dns_a_record_on_launch": false,
            "enable_resource_name_dns_aaaa_record_on_launch": false,
            "id": "subnet-0c2c8bd6650fe89a4",
            "ipv6_cidr_block": "",
            "ipv6_cidr_block_association_id": "",
            "ipv6_native": false,
            "map_customer_owned_ip_on_launch": false,
            "map_public_ip_on_launch": false,
            "outpost_arn": "",
            "owner_id": "215848077383",
            "private_dns_hostname_type_on_launch": "ip-name",
            "tags": {
              "Name": "private-subnet-1",
              "kubernetes.io/role/internal-elb": "1"
            },
            "tags_all": {
              "Name": "private-subnet-1",
              "kubernetes.io/role/internal-elb": "1"
            },
            "timeouts": null,
            "vpc_id": "vpc-0fb4405a171d17c92"
          },
          "sensitive_attributes": [],
          "identity_schema_version": 0,
          "private": "eyJlMmJmYjczMC1lY2FhLTExZTYtOGY4OC0zNDM2M2JjN2M0YzAiOnsiY3JlYXRlIjo2MDAwMDAwMDAwMDAsImRlbGV0ZSI6MTIwMDAwMDAwMDAwMH0sInNjaGVtYV92ZXJzaW9uIjoiMSJ9",
          "dependencies": [
            "aws_vpc.main_vpc"
          ]
        }
      ]
    },
    {
      "mode": "managed",
      "type": "aws_subnet",
      "name": "private_2",
      "provider": "provider[\"registry.terraform.io/hashicorp/aws\"]",
      "instances": [
        {
          "schema_version": 1,
          "attributes": {
            "arn": "arn:aws:ec2:us-east-2:215848077383:subnet/subnet-0d92cbda201d1edea",
            "assign_ipv6_address_on_creation": false,
            "availability_zone": "us-east-2b",
            "availability_zone_id": "use2-az2",
            "cidr_block": "10.0.32.0/19",
            "customer_owned_ipv4_pool": "",
            "enable_dns64": false,
            "enable_lni_at_device_index": 0,
            "enable_resource_name_dns_a_record_on_launch": false,
            "enable_resource_name_dns_aaaa_record_on_launch": false,
            "id": "subnet-0d92cbda201d1edea",
            "ipv6_cidr_block": "",
            "ipv6_cidr_block_association_id": "",
            "ipv6_native": false,
            "map_customer_owned_ip_on_launch": false,
            "map_public_ip_on_launch": false,
            "outpost_arn": "",
            "owner_id": "215848077383",
            "private_dns_hostname_type_on_launch": "ip-name",
            "tags": {
              "Name": "private-subnet-2",
              "kubernetes.io/role/internal-elb": "1"
            },
            "tags_all": {
              "Name": "private-subnet-2",
              "kubernetes.io/role/internal-elb": "1"
            },
            "timeouts": null,
            "vpc_id": "vpc-0fb4405a171d17c92"
          },
          "sensitive_attributes": [],
          "identity_schema_version": 0,
          "private": "eyJlMmJmYjczMC1lY2FhLTExZTYtOGY4OC0zNDM2M2JjN2M0YzAiOnsiY3JlYXRlIjo2MDAwMDAwMDAwMDAsImRlbGV0ZSI6MTIwMDAwMDAwMDAwMH0sInNjaGVtYV92ZXJzaW9uIjoiMSJ9",
          "dependencies": [
            "aws_vpc.main_vpc"
          ]
        }
      ]
    },
    {
      "mode": "managed",
      "type": "aws_subnet",
      "name": "public_1",
      "provider": "provider[\"registry.terraform.io/hashicorp/aws\"]",
      "instances": [
        {
          "schema_version": 1,
          "attributes": {
            "arn": "arn:aws:ec2:us-east-2:215848077383:subnet/subnet-0ff6dc7afee25bd3d",
            "assign_ipv6_address_on_creation": false,
            "availability_zone": "us-east-2a",
            "availability_zone_id": "use2-az1",
            "cidr_block": "10.0.128.0/20",
            "customer_owned_ipv4_pool": "",
            "enable_dns64": false,
            "enable_lni_at_device_index": 0,
            "enable_resource_name_dns_a_record_on_launch": false,
            "enable_resource_name_dns_aaaa_record_on_launch": false,
            "id": "subnet-0ff6dc7afee25bd3d",
            "ipv6_cidr_block": "",
            "ipv6_cidr_block_association_id": "",
            "ipv6_native": false,
            "map_customer_owned_ip_on_launch": false,
            "map_public_ip_on_launch": true,
            "outpost_arn": "",
            "owner_id": "215848077383",
            "private_dns_hostname_type_on_launch": "ip-name",
            "tags": {
              "Name": "public-subnet-1",
              "kubernetes.io/role/elb": "1"
            },
            "tags_all": {
              "Name": "public-subnet-1",
              "kubernetes.io/role/elb": "1"
            },
            "timeouts": null,
            "vpc_id": "vpc-0fb4405a171d17c92"
          },
          "sensitive_attributes": [],
          "identity_schema_version": 0,
          "private": "eyJlMmJmYjczMC1lY2FhLTExZTYtOGY4OC0zNDM2M2JjN2M0YzAiOnsiY3JlYXRlIjo2MDAwMDAwMDAwMDAsImRlbGV0ZSI6MTIwMDAwMDAwMDAwMH0sInNjaGVtYV92ZXJzaW9uIjoiMSJ9",
          "dependencies": [
            "aws_vpc.main_vpc"
          ],
          "create_before_destroy": true
        }
      ]
    },
    {
      "mode": "managed",
      "type": "aws_subnet",
      "name": "public_2",
      "provider": "provider[\"registry.terraform.io/hashicorp/aws\"]",
      "instances": [
        {
          "schema_version": 1,
          "attributes": {
            "arn": "arn:aws:ec2:us-east-2:215848077383:subnet/subnet-0a6560834fa060d9b",
            "assign_ipv6_address_on_creation": false,
            "availability_zone": "us-east-2b",
            "availability_zone_id": "use2-az2",
            "cidr_block": "10.0.144.0/20",
            "customer_owned_ipv4_pool": "",
            "enable_dns64": false,
            "enable_lni_at_device_index": 0,
            "enable_resource_name_dns_a_record_on_launch": false,
            "enable_resource_name_dns_aaaa_record_on_launch": false,
            "id": "subnet-0a6560834fa060d9b",
            "ipv6_cidr_block": "",
            "ipv6_cidr_block_association_id": "",
            "ipv6_native": false,
            "map_customer_owned_ip_on_launch": false,
            "map_public_ip_on_launch": true,
            "outpost_arn": "",
            "owner_id": "215848077383",
            "private_dns_hostname_type_on_launch": "ip-name",
            "tags": {
              "Name": "public-subnet-2",
              "kubernetes.io/role/elb": "1"
            },
            "tags_all": {
              "Name": "public-subnet-2",
              "kubernetes.io/role/elb": "1"
            },
            "timeouts": null,
            "vpc_id": "vpc-0fb4405a171d17c92"
          },
          "sensitive_attributes": [],
          "identity_schema_version": 0,
          "private": "eyJlMmJmYjczMC1lY2FhLTExZTYtOGY4OC0zNDM2M2JjN2M0YzAiOnsiY3JlYXRlIjo2MDAwMDAwMDAwMDAsImRlbGV0ZSI6MTIwMDAwMDAwMDAwMH0sInNjaGVtYV92ZXJzaW9uIjoiMSJ9",
          "dependencies": [
            "aws_vpc.main_vpc"
          ],
          "create_before_destroy": true
        }
      ]
    },
    {
      "mode": "managed",
      "type": "aws_vpc",
      "name": "main_vpc",
      "provider": "provider[\"registry.terraform.io/hashicorp/aws\"]",
      "instances": [
        {
          "schema_version": 1,
          "attributes": {
            "arn": "arn:aws:ec2:us-east-2:215848077383:vpc/vpc-0fb4405a171d17c92",
            "assign_generated_ipv6_cidr_block": false,
            "cidr_block": "10.0.0.0/16",
            "default_network_acl_id": "acl-0375cff3a4956b5c0",
            "default_route_table_id": "rtb-0df9434899eb8661c",
            "default_security_group_id": "sg-06ff3c6abde0727da",
            "dhcp_options_id": "dopt-0105aadbf61f7b7c7",
            "enable_dns_hostnames": true,
            "enable_dns_support": true,
            "enable_network_address_usage_metrics": false,
            "id": "vpc-0fb4405a171d17c92",
            "instance_tenancy": "default",
            "ipv4_ipam_pool_id": null,
            "ipv4_netmask_length": null,
            "ipv6_association_id": "",
            "ipv6_cidr_block": "",
            "ipv6_cidr_block_network_border_group": "",
            "ipv6_ipam_pool_id": "",
            "ipv6_netmask_length": 0,
            "main_route_table_id": "rtb-0df9434899eb8661c",
            "owner_id": "215848077383",
            "tags": {
              "Name": "cloud_vpc"
            },
            "tags_all": {
              "Name": "cloud_vpc"
            }
          },
          "sensitive_attributes": [],
          "identity_schema_version": 0,
          "private": "eyJzY2hlbWFfdmVyc2lvbiI6IjEifQ==",
          "create_before_destroy": true
        }
      ]
    },
    {
      "mode": "managed",
      "type": "null_resource",
      "name": "build_and_push_infrahash",
      "provider": "provider[\"registry.terraform.io/hashicorp/null\"]",
      "instances": [
        {
          "schema_version": 0,
          "attributes": {
            "id": "8128718391384977771",
            "triggers": {
              "always_run": "2026-01-26T17:01:21Z"
            }
          },
          "sensitive_attributes": [],
          "identity_schema_version": 0,
          "dependencies": [
            "aws_ecr_repository.infrahash_repo"
          ]
        }
      ]
    },
    {
      "mode": "managed",
      "type": "random_password",
      "name": "infrahash_db_password",
      "provider": "provider[\"registry.terraform.io/hashicorp/random\"]",
      "instances": [
        {
          "schema_version": 3,
          "attributes": {
            "bcrypt_hash": "$2a$10$BPrsMgiBNcd4D2hLsJsYlOoKcHHBTR5/N.ET7g6I3ZOik7OnAGntO",
            "id": "none",
            "keepers": null,
            "length": 20,
            "lower": true,
            "min_lower": 0,
            "min_numeric": 0,
            "min_special": 0,
            "min_upper": 0,
            "number": true,
            "numeric": true,
            "override_special": "!#$%^\u0026*()-_=+[]{}\u003c\u003e:?",
            "result": "vl%u#pr+990w4wEakv]2",
            "special": true,
            "upper": true
          },
          "sensitive_attributes": [
            [
              {
                "type": "get_attr",
                "value": "bcrypt_hash"
              }
            ],
            [
              {
                "type": "get_attr",
                "value": "result"
              }
            ]
          ],
          "identity_schema_version": 0
        }
      ]
    },
    {
      "mode": "managed",
      "type": "tls_private_key",
      "name": "bastion_ssh_key",
      "provider": "provider[\"registry.terraform.io/hashicorp/tls\"]",
      "instances": [
        {
          "schema_version": 1,
          "attributes": {
            "algorithm": "RSA",
            "ecdsa_curve": "P224",
            "id": "b74f24fb127db33becd93724de61d2ea2c0bbd1a",
            "private_key_openssh": "-----BEGIN OPENSSH PRIVATE KEY-----\nb3BlbnNzaC1rZXktdjEAAAAABG5vbmUAAAAEbm9uZQAAAAAAAAABAAACFwAAAAdz\nc2gtcnNhAAAAAwEAAQAAAgEA14c6ibQUbJIuQMmN7QH171ICy0WvyPNke1B+aklM\nW1ZABd0K8HZWWXnS2EgblRyj/aXtjjTECafyUu4o2PhClEf/7U0G9g6bU0LQBZuc\nMu+QXO0tNq2oKBxX49wKqI5RPzALdr+Nyo2DUkQh08ZIZU5ojSrZr1ToWMP0V/Gm\n0WmM3zjApH+2hWd6tPRuTOV1dDTc4kcIar8bAca+hbbtkbYB0r7JUOYhfvys1YtP\nAW/rliy93revb7yhLqCL8aWgTkTK1iXASzlb8grpPL7xE/wPmmi+1Ho5Ra+LXr6L\n/Ly1+z8JdwvTr0xgl8b6wyWpVe5fl9ibeWrkgByYQ9jrcJ3wW3RObhzVRBc3Tuaz\nG/nS6LTYmNVm2FZ7XvKu9Vb3wEottEx6eDazvMcYPjGGUlXZ5Q8ftF2Yv337cFsY\nY214f+VgT7/SUEgb8LgdDdiYURhoVM+pnc1wGHDzKKf9JLOmlPWPfO/M4SGsdFn3\nW/dvgg5ycAx+4jiaIsFIIAeGVSl2hJZZPDpB7r34gBSXSqGGw/qM2I2MyHFIuJm7\nlLCCYYBrwTteKvopuUKnMHRK5V+dITtJVBAXd6Z/sExRL8C/1Bi9ocOM4/ThdnFI\nxDbHcBVFe9dMCC1c460+dm0+/JXVZflIILnCa1BkzFINdVAmRWEmSIhRmGINVtut\nrY0AAAc4xDTLR8Q0y0cAAAAHc3NoLXJzYQAAAgEA14c6ibQUbJIuQMmN7QH171IC\ny0WvyPNke1B+aklMW1ZABd0K8HZWWXnS2EgblRyj/aXtjjTECafyUu4o2PhClEf/\n7U0G9g6bU0LQBZucMu+QXO0tNq2oKBxX49wKqI5RPzALdr+Nyo2DUkQh08ZIZU5o\njSrZr1ToWMP0V/Gm0WmM3zjApH+2hWd6tPRuTOV1dDTc4kcIar8bAca+hbbtkbYB\n0r7JUOYhfvys1YtPAW/rliy93revb7yhLqCL8aWgTkTK1iXASzlb8grpPL7xE/wP\nmmi+1Ho5Ra+LXr6L/Ly1+z8JdwvTr0xgl8b6wyWpVe5fl9ibeWrkgByYQ9jrcJ3w\nW3RObhzVRBc3TuazG/nS6LTYmNVm2FZ7XvKu9Vb3wEottEx6eDazvMcYPjGGUlXZ\n5Q8ftF2Yv337cFsYY214f+VgT7/SUEgb8LgdDdiYURhoVM+pnc1wGHDzKKf9JLOm\nlPWPfO/M4SGsdFn3W/dvgg5ycAx+4jiaIsFIIAeGVSl2hJZZPDpB7r34gBSXSqGG\nw/qM2I2MyHFIuJm7lLCCYYBrwTteKvopuUKnMHRK5V+dITtJVBAXd6Z/sExRL8C/\n1Bi9ocOM4/ThdnFIxDbHcBVFe9dMCC1c460+dm0+/JXVZflIILnCa1BkzFINdVAm\nRWEmSIhRmGINVtutrY0AAAADAQABAAACAAuHioxIQQQdKR1CdaBVR6825LsJWMx3\n/LWTX5fW9kniih07hF91rSEvNlC8lsEkyD8ENnoyJ2nZfUnjafWlXjEUIu7c/Sos\n1jFKNITq8fGlmsQ7KdKFeqaJUZ2jrUGeugjrzIkx2RIZ/N7p5yIENuY4dLkB2aWa\noK1IROoZcrzmwmhEicWi/AQUk4ivlLZHW2pNKPhv0qrx2y4pUBLTb3pT0V174vAR\ncimatweGDW1nFnlbnl1A1+vdxto5hhL2CGZ3dp77DleCfivWBUEVznatDWFLXiim\npdQCU9h3JVeZTruIf+dJj4Lj+TzVTPUjLspP10xGWZbRWYo4PWBPxSm8Cv/r7J5G\nKwS9L9gETjEuJwI/UzsN9Xy/Qu/yYYmc1sx/FD7kU/lzSgRGX5z44g6eM5h8aU+0\nbY4z/o50VRqGcvezpH53OQJmBP9Mc6Gpn7eAJjqQJfUTCX9Q7lt1CeKTUlTXMG75\ngxqkyKFtqC+7ROrnOTKiZKMOkiI0EdfynuB+G7kpg3EnkKPc7LswbJd3Yk64YHfy\nbIq4J+mkfOg9t/7CswOoXG0R7FHjeC7HWo41HkMWnSLbKHJofUneaysIGfmIlscF\naJooD/k8EvC6lrTHAKCcwbldWRzca49acxouRNOCYh95oXV3jiDeODw1cTZMNjlT\nmYl+lw4FKRxxAAABAQCXd2A72SD7rv2+ywh0A88/hZQFinhy/MVB4OMWn8xfXqXz\nxpBxXjlOVTN3oZ2o6ZKT/My9KVnHHtweROfpRxOZ5ZOuqxyZ9M20fYXI0cRYkx3h\n8HvKgSPaWvx5ASoM07Js0da3DjLiH8yEV3cVfszgp5vrK7cqf9UCXSWadhlWCn9S\nnS8ZbWEdaQQ8dwT5amqrrL+0SJjLjgHBwrs7bsdU9hZH4s/j3eNNGvg38iUNDfyI\nTKOLt3nTt95EXIUlHJsG+3WvdisiCc314YRXdaDVP8ggOBqBNJh3rOh4e9G3Px07\ny5xAsaiGssAjsoMKt9aWEOqPzFFpJYaeV6ckLqJuAAABAQD+dNJn8mkRkfvk1krr\nu2/rA7yadInLOrRDafrsj70U0OhZbP1NSCIeA39IvfyiHHplO4Muo1EyNJaxvaak\nBOPnH7qDlAvQy0LV9obflofKmRKkM6WyYQjH/2R7GiaZ8nQHIXwjzAWz44Kxpcm3\nTbqV9UU3p8jzMQnz9oWKQcziP3Q08a/gRwNU1Wl8yE+gQc4LGWw+D4p7uKJepo5i\nmiByMyMhiuu40c5T6OcchSvkeTdbzk9cmW44f+U+qCWFTIg6w7Y+pGxR8Vaj6vkD\n1dSd5fcTnMm1Yc6lCqwgBrKWnbSRSouXlEO+Xksp+fj+lEuUoAjJcPyEmjE76Zr8\ncuAVAAABAQDY1fNGeB5M8sVT8DUTf96pI0mtNrJyfgTjcdYh+wznr1s9y/lw08pE\nGheEtqz2YiCmbP6BuzzpzJtHeE5UZWCe7lsj70iEqXFWMuYuIr57O7ufOQy/qCBP\nPCzKjs1m64avDuBDU/NTRcpGEUmtxx1fueyBZe4wwrTmBruEG3aQQOUYFrg3NrI7\nhMfuLj7zMAwG+z1TX7hMhr986xQ+RV0ffVJNqWWmkOHQhCLEfHkQe3YtccBdtAN3\nnsJ4amLFYnpgajwdVAgMLBe3QYi0sVKTQ0tXQkZ4o7bFS6RZyticujudEicyYA6z\n+zMAK+xiJ7muRtx0IhVe/ZsbPmDojf2ZAAAAAAEC\n-----END OPENSSH PRIVATE KEY-----\n",
            "private_key_pem": "-----BEGIN RSA PRIVATE KEY-----\nMIIJKQIBAAKCAgEA14c6ibQUbJIuQMmN7QH171ICy0WvyPNke1B+aklMW1ZABd0K\n8HZWWXnS2EgblRyj/aXtjjTECafyUu4o2PhClEf/7U0G9g6bU0LQBZucMu+QXO0t\nNq2oKBxX49wKqI5RPzALdr+Nyo2DUkQh08ZIZU5ojSrZr1ToWMP0V/Gm0WmM3zjA\npH+2hWd6tPRuTOV1dDTc4kcIar8bAca+hbbtkbYB0r7JUOYhfvys1YtPAW/rliy9\n3revb7yhLqCL8aWgTkTK1iXASzlb8grpPL7xE/wPmmi+1Ho5Ra+LXr6L/Ly1+z8J\ndwvTr0xgl8b6wyWpVe5fl9ibeWrkgByYQ9jrcJ3wW3RObhzVRBc3TuazG/nS6LTY\nmNVm2FZ7XvKu9Vb3wEottEx6eDazvMcYPjGGUlXZ5Q8ftF2Yv337cFsYY214f+Vg\nT7/SUEgb8LgdDdiYURhoVM+pnc1wGHDzKKf9JLOmlPWPfO/M4SGsdFn3W/dvgg5y\ncAx+4jiaIsFIIAeGVSl2hJZZPDpB7r34gBSXSqGGw/qM2I2MyHFIuJm7lLCCYYBr\nwTteKvopuUKnMHRK5V+dITtJVBAXd6Z/sExRL8C/1Bi9ocOM4/ThdnFIxDbHcBVF\ne9dMCC1c460+dm0+/JXVZflIILnCa1BkzFINdVAmRWEmSIhRmGINVtutrY0CAwEA\nAQKCAgALh4qMSEEEHSkdQnWgVUevNuS7CVjMd/y1k1+X1vZJ4oodO4Rfda0hLzZQ\nvJbBJMg/BDZ6Midp2X1J42n1pV4xFCLu3P0qLNYxSjSE6vHxpZrEOynShXqmiVGd\no61BnroI68yJMdkSGfze6eciBDbmOHS5AdmlmqCtSETqGXK85sJoRInFovwEFJOI\nr5S2R1tqTSj4b9Kq8dsuKVAS0296U9Fde+LwEXIpmrcHhg1tZxZ5W55dQNfr3cba\nOYYS9ghmd3ae+w5Xgn4r1gVBFc52rQ1hS14opqXUAlPYdyVXmU67iH/nSY+C4/k8\n1Uz1Iy7KT9dMRlmW0VmKOD1gT8UpvAr/6+yeRisEvS/YBE4xLicCP1M7DfV8v0Lv\n8mGJnNbMfxQ+5FP5c0oERl+c+OIOnjOYfGlPtG2OM/6OdFUahnL3s6R+dzkCZgT/\nTHOhqZ+3gCY6kCX1Ewl/UO5bdQnik1JU1zBu+YMapMihbagvu0Tq5zkyomSjDpIi\nNBHX8p7gfhu5KYNxJ5Cj3Oy7MGyXd2JOuGB38myKuCfppHzoPbf+wrMDqFxtEexR\n43gux1qONR5DFp0i2yhyaH1J3msrCBn5iJbHBWiaKA/5PBLwupa0xwCgnMG5XVkc\n3GuPWnMaLkTTgmIfeaF1d44g3jg8NXE2TDY5U5mJfpcOBSkccQKCAQEA/nTSZ/Jp\nEZH75NZK67tv6wO8mnSJyzq0Q2n67I+9FNDoWWz9TUgiHgN/SL38ohx6ZTuDLqNR\nMjSWsb2mpATj5x+6g5QL0MtC1faG35aHypkSpDOlsmEIx/9kexommfJ0ByF8I8wF\ns+OCsaXJt026lfVFN6fI8zEJ8/aFikHM4j90NPGv4EcDVNVpfMhPoEHOCxlsPg+K\ne7iiXqaOYpogcjMjIYrruNHOU+jnHIUr5Hk3W85PXJluOH/lPqglhUyIOsO2PqRs\nUfFWo+r5A9XUneX3E5zJtWHOpQqsIAaylp20kUqLl5RDvl5LKfn4/pRLlKAIyXD8\nhJoxO+ma/HLgFQKCAQEA2NXzRngeTPLFU/A1E3/eqSNJrTaycn4E43HWIfsM569b\nPcv5cNPKRBoXhLas9mIgpmz+gbs86cybR3hOVGVgnu5bI+9IhKlxVjLmLiK+ezu7\nnzkMv6ggTzwsyo7NZuuGrw7gQ1PzU0XKRhFJrccdX7nsgWXuMMK05ga7hBt2kEDl\nGBa4NzayO4TH7i4+8zAMBvs9U1+4TIa/fOsUPkVdH31STallppDh0IQixHx5EHt2\nLXHAXbQDd57CeGpixWJ6YGo8HVQIDCwXt0GItLFSk0NLV0JGeKO2xUukWcrYnLo7\nnRInMmAOs/szACvsYie5rkbcdCIVXv2bGz5g6I39mQKCAQEAvT5bAc3q0JN2+MFb\nZSi42tujmGfV11zolj6qzOc2I9YfB+skFCbyoMnPD2WlD1gIu2Ngc/4otCMidDxt\nRA0TBmC1kYg4pWeWZJT9yConAcmIcLCsqha6tiu+KkPPs6z7GBaSQflJwHkTSVXY\nyMg5Xa/Vc8gIjr3I/jU5KhM38ohov7uEJ1QJKT2zP4emmLR4Lg8RTrK2Nr+hmq1a\ntgCU4vofRaIRIBqBziwoPjDY7Qot3sx4f5DoxYJxF4Fsrk+1/aZy0vHsUaEg47Ys\nzupoP6q5cE+qQIjmbB6c1xDEH3pYwbnkSa6OF3X/hs+PnJ7j+zxubIrocyJOPZXG\nm7w/5QKCAQBfY+ftBWTXFyoGHjNLS8KJh/OeluR0B8pgwLCiLE5mEjfCfNxUbWeb\nBBt6j96RWWPhsytXqSZH+HILQ/q5mAukf1lq+pZdfilU8XlfrHs9vW5xwmhAXFcy\nZFeUGLR15YFPu+ye0ezGono0zuAp6eGbPjC0UEI0A0QPucB+gpJrLZFbQotyBsbr\n9iL6PjAFTgrMe3RkHET4rYLKEqTKLDumYbx2W+JTH4On9qlQ5S1hOd8oaNVmo42u\n7xHAZZTkHsmVZsbhZBlSOYeJX/QjAatBC6a2UXqtEeCS9Q7tTZZzhF47YEQMHkP5\nm7W5CpmoKK+/4n6TPHdIXasBljSNugFpAoIBAQCXd2A72SD7rv2+ywh0A88/hZQF\ninhy/MVB4OMWn8xfXqXzxpBxXjlOVTN3oZ2o6ZKT/My9KVnHHtweROfpRxOZ5ZOu\nqxyZ9M20fYXI0cRYkx3h8HvKgSPaWvx5ASoM07Js0da3DjLiH8yEV3cVfszgp5vr\nK7cqf9UCXSWadhlWCn9SnS8ZbWEdaQQ8dwT5amqrrL+0SJjLjgHBwrs7bsdU9hZH\n4s/j3eNNGvg38iUNDfyITKOLt3nTt95EXIUlHJsG+3WvdisiCc314YRXdaDVP8gg\nOBqBNJh3rOh4e9G3Px07y5xAsaiGssAjsoMKt9aWEOqPzFFpJYaeV6ckLqJu\n-----END RSA PRIVATE KEY-----\n",
            "private_key_pem_pkcs8": "-----BEGIN PRIVATE KEY-----\nMIIJQwIBADANBgkqhkiG9w0BAQEFAASCCS0wggkpAgEAAoICAQDXhzqJtBRski5A\nyY3tAfXvUgLLRa/I82R7UH5qSUxbVkAF3QrwdlZZedLYSBuVHKP9pe2ONMQJp/JS\n7ijY+EKUR//tTQb2DptTQtAFm5wy75Bc7S02ragoHFfj3AqojlE/MAt2v43KjYNS\nRCHTxkhlTmiNKtmvVOhYw/RX8abRaYzfOMCkf7aFZ3q09G5M5XV0NNziRwhqvxsB\nxr6Ftu2RtgHSvslQ5iF+/KzVi08Bb+uWLL3et69vvKEuoIvxpaBORMrWJcBLOVvy\nCuk8vvET/A+aaL7UejlFr4tevov8vLX7Pwl3C9OvTGCXxvrDJalV7l+X2Jt5auSA\nHJhD2OtwnfBbdE5uHNVEFzdO5rMb+dLotNiY1WbYVnte8q71VvfASi20THp4NrO8\nxxg+MYZSVdnlDx+0XZi/fftwWxhjbXh/5WBPv9JQSBvwuB0N2JhRGGhUz6mdzXAY\ncPMop/0ks6aU9Y9878zhIax0Wfdb92+CDnJwDH7iOJoiwUggB4ZVKXaEllk8OkHu\nvfiAFJdKoYbD+ozYjYzIcUi4mbuUsIJhgGvBO14q+im5QqcwdErlX50hO0lUEBd3\npn+wTFEvwL/UGL2hw4zj9OF2cUjENsdwFUV710wILVzjrT52bT78ldVl+UggucJr\nUGTMUg11UCZFYSZIiFGYYg1W262tjQIDAQABAoICAAuHioxIQQQdKR1CdaBVR682\n5LsJWMx3/LWTX5fW9kniih07hF91rSEvNlC8lsEkyD8ENnoyJ2nZfUnjafWlXjEU\nIu7c/Sos1jFKNITq8fGlmsQ7KdKFeqaJUZ2jrUGeugjrzIkx2RIZ/N7p5yIENuY4\ndLkB2aWaoK1IROoZcrzmwmhEicWi/AQUk4ivlLZHW2pNKPhv0qrx2y4pUBLTb3pT\n0V174vARcimatweGDW1nFnlbnl1A1+vdxto5hhL2CGZ3dp77DleCfivWBUEVznat\nDWFLXiimpdQCU9h3JVeZTruIf+dJj4Lj+TzVTPUjLspP10xGWZbRWYo4PWBPxSm8\nCv/r7J5GKwS9L9gETjEuJwI/UzsN9Xy/Qu/yYYmc1sx/FD7kU/lzSgRGX5z44g6e\nM5h8aU+0bY4z/o50VRqGcvezpH53OQJmBP9Mc6Gpn7eAJjqQJfUTCX9Q7lt1CeKT\nUlTXMG75gxqkyKFtqC+7ROrnOTKiZKMOkiI0EdfynuB+G7kpg3EnkKPc7LswbJd3\nYk64YHfybIq4J+mkfOg9t/7CswOoXG0R7FHjeC7HWo41HkMWnSLbKHJofUneaysI\nGfmIlscFaJooD/k8EvC6lrTHAKCcwbldWRzca49acxouRNOCYh95oXV3jiDeODw1\ncTZMNjlTmYl+lw4FKRxxAoIBAQD+dNJn8mkRkfvk1krru2/rA7yadInLOrRDafrs\nj70U0OhZbP1NSCIeA39IvfyiHHplO4Muo1EyNJaxvaakBOPnH7qDlAvQy0LV9obf\nlofKmRKkM6WyYQjH/2R7GiaZ8nQHIXwjzAWz44Kxpcm3TbqV9UU3p8jzMQnz9oWK\nQcziP3Q08a/gRwNU1Wl8yE+gQc4LGWw+D4p7uKJepo5imiByMyMhiuu40c5T6Occ\nhSvkeTdbzk9cmW44f+U+qCWFTIg6w7Y+pGxR8Vaj6vkD1dSd5fcTnMm1Yc6lCqwg\nBrKWnbSRSouXlEO+Xksp+fj+lEuUoAjJcPyEmjE76Zr8cuAVAoIBAQDY1fNGeB5M\n8sVT8DUTf96pI0mtNrJyfgTjcdYh+wznr1s9y/lw08pEGheEtqz2YiCmbP6Buzzp\nzJtHeE5UZWCe7lsj70iEqXFWMuYuIr57O7ufOQy/qCBPPCzKjs1m64avDuBDU/NT\nRcpGEUmtxx1fueyBZe4wwrTmBruEG3aQQOUYFrg3NrI7hMfuLj7zMAwG+z1TX7hM\nhr986xQ+RV0ffVJNqWWmkOHQhCLEfHkQe3YtccBdtAN3nsJ4amLFYnpgajwdVAgM\nLBe3QYi0sVKTQ0tXQkZ4o7bFS6RZyticujudEicyYA6z+zMAK+xiJ7muRtx0IhVe\n/ZsbPmDojf2ZAoIBAQC9PlsBzerQk3b4wVtlKLja26OYZ9XXXOiWPqrM5zYj1h8H\n6yQUJvKgyc8PZaUPWAi7Y2Bz/ii0IyJ0PG1EDRMGYLWRiDilZ5ZklP3IKicByYhw\nsKyqFrq2K74qQ8+zrPsYFpJB+UnAeRNJVdjIyDldr9VzyAiOvcj+NTkqEzfyiGi/\nu4QnVAkpPbM/h6aYtHguDxFOsrY2v6GarVq2AJTi+h9FohEgGoHOLCg+MNjtCi3e\nzHh/kOjFgnEXgWyuT7X9pnLS8exRoSDjtizO6mg/qrlwT6pAiOZsHpzXEMQfeljB\nueRJro4Xdf+Gz4+cnuP7PG5siuhzIk49lcabvD/lAoIBAF9j5+0FZNcXKgYeM0tL\nwomH856W5HQHymDAsKIsTmYSN8J83FRtZ5sEG3qP3pFZY+GzK1epJkf4cgtD+rmY\nC6R/WWr6ll1+KVTxeV+sez29bnHCaEBcVzJkV5QYtHXlgU+77J7R7MaiejTO4Cnp\n4Zs+MLRQQjQDRA+5wH6CkmstkVtCi3IGxuv2Ivo+MAVOCsx7dGQcRPitgsoSpMos\nO6ZhvHZb4lMfg6f2qVDlLWE53yho1Wajja7vEcBllOQeyZVmxuFkGVI5h4lf9CMB\nq0ELprZReq0R4JL1Du1NlnOEXjtgRAweQ/mbtbkKmagor7/ifpM8d0hdqwGWNI26\nAWkCggEBAJd3YDvZIPuu/b7LCHQDzz+FlAWKeHL8xUHg4xafzF9epfPGkHFeOU5V\nM3ehnajpkpP8zL0pWcce3B5E5+lHE5nlk66rHJn0zbR9hcjRxFiTHeHwe8qBI9pa\n/HkBKgzTsmzR1rcOMuIfzIRXdxV+zOCnm+srtyp/1QJdJZp2GVYKf1KdLxltYR1p\nBDx3BPlqaqusv7RImMuOAcHCuztux1T2Fkfiz+Pd400a+DfyJQ0N/IhMo4u3edO3\n3kRchSUcmwb7da92KyIJzfXhhFd1oNU/yCA4GoE0mHes6Hh70bc/HTvLnECxqIay\nwCOygwq31pYQ6o/MUWklhp5XpyQuom4=\n-----END PRIVATE KEY-----\n",
            "public_key_fingerprint_md5": "7a:7b:93:47:9d:93:f6:fa:0c:2f:fa:c7:3f:90:2a:b2",
            "public_key_fingerprint_sha256": "SHA256:k3tbzZS66GTUKIPxekGa1x7grLXpLPmwkQpBfKxUO7M",
            "public_key_openssh": "ssh-rsa AAAAB3NzaC1yc2EAAAADAQABAAACAQDXhzqJtBRski5AyY3tAfXvUgLLRa/I82R7UH5qSUxbVkAF3QrwdlZZedLYSBuVHKP9pe2ONMQJp/JS7ijY+EKUR//tTQb2DptTQtAFm5wy75Bc7S02ragoHFfj3AqojlE/MAt2v43KjYNSRCHTxkhlTmiNKtmvVOhYw/RX8abRaYzfOMCkf7aFZ3q09G5M5XV0NNziRwhqvxsBxr6Ftu2RtgHSvslQ5iF+/KzVi08Bb+uWLL3et69vvKEuoIvxpaBORMrWJcBLOVvyCuk8vvET/A+aaL7UejlFr4tevov8vLX7Pwl3C9OvTGCXxvrDJalV7l+X2Jt5auSAHJhD2OtwnfBbdE5uHNVEFzdO5rMb+dLotNiY1WbYVnte8q71VvfASi20THp4NrO8xxg+MYZSVdnlDx+0XZi/fftwWxhjbXh/5WBPv9JQSBvwuB0N2JhRGGhUz6mdzXAYcPMop/0ks6aU9Y9878zhIax0Wfdb92+CDnJwDH7iOJoiwUggB4ZVKXaEllk8OkHuvfiAFJdKoYbD+ozYjYzIcUi4mbuUsIJhgGvBO14q+im5QqcwdErlX50hO0lUEBd3pn+wTFEvwL/UGL2hw4zj9OF2cUjENsdwFUV710wILVzjrT52bT78ldVl+UggucJrUGTMUg11UCZFYSZIiFGYYg1W262tjQ==\n",
            "public_key_pem": "-----BEGIN PUBLIC KEY-----\nMIICIjANBgkqhkiG9w0BAQEFAAOCAg8AMIICCgKCAgEA14c6ibQUbJIuQMmN7QH1\n71ICy0WvyPNke1B+aklMW1ZABd0K8HZWWXnS2EgblRyj/aXtjjTECafyUu4o2PhC\nlEf/7U0G9g6bU0LQBZucMu+QXO0tNq2oKBxX49wKqI5RPzALdr+Nyo2DUkQh08ZI\nZU5ojSrZr1ToWMP0V/Gm0WmM3zjApH+2hWd6tPRuTOV1dDTc4kcIar8bAca+hbbt\nkbYB0r7JUOYhfvys1YtPAW/rliy93revb7yhLqCL8aWgTkTK1iXASzlb8grpPL7x\nE/wPmmi+1Ho5Ra+LXr6L/Ly1+z8JdwvTr0xgl8b6wyWpVe5fl9ibeWrkgByYQ9jr\ncJ3wW3RObhzVRBc3TuazG/nS6LTYmNVm2FZ7XvKu9Vb3wEottEx6eDazvMcYPjGG\nUlXZ5Q8ftF2Yv337cFsYY214f+VgT7/SUEgb8LgdDdiYURhoVM+pnc1wGHDzKKf9\nJLOmlPWPfO/M4SGsdFn3W/dvgg5ycAx+4jiaIsFIIAeGVSl2hJZZPDpB7r34gBSX\nSqGGw/qM2I2MyHFIuJm7lLCCYYBrwTteKvopuUKnMHRK5V+dITtJVBAXd6Z/sExR\nL8C/1Bi9ocOM4/ThdnFIxDbHcBVFe9dMCC1c460+dm0+/JXVZflIILnCa1BkzFIN\ndVAmRWEmSIhRmGINVtutrY0CAwEAAQ==\n-----END PUBLIC KEY-----\n",
            "rsa_bits": 4096
          },
          "sensitive_attributes": [
            [
              {
                "type": "get_attr",
                "value": "private_key_openssh"
              }
            ],
            [
              {
                "type": "get_attr",
                "value": "private_key_pem"
              }
            ],
            [
              {
                "type": "get_attr",
                "value": "private_key_pem_pkcs8"
              }
            ]
          ],
          "identity_schema_version": 0,
          "create_before_destroy": true
        }
      ]
    },
    {
      "mode": "managed",
      "type": "tls_private_key",
      "name": "management_ssh_key",
      "provider": "provider[\"registry.terraform.io/hashicorp/tls\"]",
      "instances": [
        {
          "schema_version": 1,
          "attributes": {
            "algorithm": "RSA",
            "ecdsa_curve": "P224",
            "id": "6740849abe2404ad0c7d7f34d165fef6dd646134",
            "private_key_openssh": "-----BEGIN OPENSSH PRIVATE KEY-----\nb3BlbnNzaC1rZXktdjEAAAAABG5vbmUAAAAEbm9uZQAAAAAAAAABAAACFwAAAAdz\nc2gtcnNhAAAAAwEAAQAAAgEAy3LcQZn1tr2yVCyYfLDE+qwyDKEPxdVFi6Sdza1c\nqOaP7T+EJLW+ZgtthuJJernBwCssAXd0uGRv0WlR8VXMe4lTAmA8E/Lcc2o1rrrO\nxAhP3i2Q8wBiLkerJ+mesXihWXYHSCidsPm+39edNq8Yl+SjUvuA2hQn70kn8aQs\n7JdITWHK10UFwo9DrDhovVle1zArh+re4spXx8ba7qPnTS763oDrml12FiDE9Nrb\nOUngiaNoh9HKPMv+satu1en71IdBXohDkHl7XtS9nZn00WsC9beLZIIYfkf+E2w/\nqQFHmrpFK3/pq2D47GxDBJtIvpC+x8Sn6YJUc4dhnD9DA29+Htk48gf55UqxzynN\nhtTIL6n5AUd2KqRGLZjldqME7cShYrcdAN2RoILy5QnK6f4+Iai7aV1wlibmkIyK\n5x0Z4zGZn3TAu7PxcJnaOTzrvfhQXMdh53r7JqjidN6+J8QOxq7Px8a1GxYaQiuD\nAshpXpSU1p/k7Hromn0CpIQXhNP0MvGsWFVOH7vudP+ihrnYWMPaKIJSSrxkq2HZ\nRYe2a3r0XD/uuneUxb3z9e2X/hmC42eglFH2Cx4aeOrwvgVmQWn+rQQ4nndkN5lJ\nk/PFJHQG2gwjDRU4KCAx4ILrjqYq/7a6l7sNtPdT0Ih9bdc8xjr0iZgJCQ2aIjyD\n1kEAAAc48XBwu/FwcLsAAAAHc3NoLXJzYQAAAgEAy3LcQZn1tr2yVCyYfLDE+qwy\nDKEPxdVFi6Sdza1cqOaP7T+EJLW+ZgtthuJJernBwCssAXd0uGRv0WlR8VXMe4lT\nAmA8E/Lcc2o1rrrOxAhP3i2Q8wBiLkerJ+mesXihWXYHSCidsPm+39edNq8Yl+Sj\nUvuA2hQn70kn8aQs7JdITWHK10UFwo9DrDhovVle1zArh+re4spXx8ba7qPnTS76\n3oDrml12FiDE9NrbOUngiaNoh9HKPMv+satu1en71IdBXohDkHl7XtS9nZn00WsC\n9beLZIIYfkf+E2w/qQFHmrpFK3/pq2D47GxDBJtIvpC+x8Sn6YJUc4dhnD9DA29+\nHtk48gf55UqxzynNhtTIL6n5AUd2KqRGLZjldqME7cShYrcdAN2RoILy5QnK6f4+\nIai7aV1wlibmkIyK5x0Z4zGZn3TAu7PxcJnaOTzrvfhQXMdh53r7JqjidN6+J8QO\nxq7Px8a1GxYaQiuDAshpXpSU1p/k7Hromn0CpIQXhNP0MvGsWFVOH7vudP+ihrnY\nWMPaKIJSSrxkq2HZRYe2a3r0XD/uuneUxb3z9e2X/hmC42eglFH2Cx4aeOrwvgVm\nQWn+rQQ4nndkN5lJk/PFJHQG2gwjDRU4KCAx4ILrjqYq/7a6l7sNtPdT0Ih9bdc8\nxjr0iZgJCQ2aIjyD1kEAAAADAQABAAACACqns9dLPNGqFxP/356w/zOhW8L7F8/+\nJZ0gD/faA6Xj5UQ0P3Pk6P0DI10W35oMDTvJsWnDTmUEpc8NmmETgJJcGdvTKnVy\nQ1ctawDt6MEADyLBgfT43Rzf6Nou6JdD9+xGS0ONRHag/ix3S951up3KEZYp5fuT\nI0ZPm8DVj5exJjcXLEyTC6Cdoe4fS5J7hN9wGYhfLYj2LI5VunwzQCEWGwIAnKUa\nOFJuX20I39K0kw+4g4eKbDDwAj/k9hGCg8qs6v8zaZsGZV/eEb1T1Jj9qzqyV1bk\n0dbUKEiRNw2rl4QwzqTOpkLIy5fiIPD7z7Yoqd8/c4cJTMSGG2iDePyE95G+n3mb\nhq/C4a1wADYp4+l/EVxNG0vJt8/DA5Mp2HtEn7Krshy8OY+ay11Upsue5YtR15yZ\n39dSAqrNR84pran7C8W0wyaCRkSC63pL6REoTuXPt7kmcMVeB57rf42S6KcfS0LH\nbCgdp/LC94/vW6wB71zziTMKsiMbAgOSKnYpmxdjNypXJ1odAVPxe7Ja24IUHtZh\nQKTsrE//pma41UpCd3/ekN1jbXI823QIxtUEpHu0rq3MPe37O54RjIMrHfQ3LLbj\nkdt2We/beqHV/E6tUPwC72ucRbl12UqV5rnGXxnTogXfZemuS0QVvIx8mN7K8Oy4\nWyBG1sKYerMTAAABAQDHF3vqAtz66tnmHKX9Xf0SmuHwztHPU91kWJJWPpwOyAzK\n2xny1XC9XXTj70Qo2/kEFsJpFd2F6X3OQspRVCUvzasDKR+kXERm8Dhr2rWd1zus\niHpKN+l8tGV/VJT524rLH0JjW0x4xf+T7/neoTWvCXV2b79EsRYGaXNX2IB35lW7\nkyMGUTXJlFQ1gIMn2hm2roPlp9sG+md/OZYMhDjlNHGjR01HsNwvzTVUdIXlV/kq\nEbpZ14K0tkN4r5Wksi6OstM5FEt3tdvGMD1Z5hwgeFETovGStL7pIpf3+MR81PV2\nZNtzB0PIM79K2BFV9OySjN62t/Zg2CqmcB2P8/0RAAABAQDUaV852iHn9gK5FfTM\nBVp77FFm+oCSCFv2gQ84Tg3JKaZTzhVU+FMxU1ehW9khvd/whUvs+BzrCgPG/wcG\nnHslQVaGGdJY9rj4xYtTuqpuN9ZUOIluOzsB24klVaT/ZqpdP4Ow+QRC4jtDTP3D\nHH2a/tUMXvk+eBpA4nt4ytCWA3SWPg66rwUjae9FTRCbs6l1I0w1KllmBbzJ197Z\n1QpYRvclrwK9+s9lkadyOMcBLAmM4ymV7Zxt8t8LHEXhy9w1qW/jRRi047NVcE9r\nkFoJbx50qrecOpMoVQ6l1ryp7XnCMB6qiPylrwUg7YGb0FIYZCiwsWDQWfOfbr1U\nzRYnAAABAQD1MqNbC9NzX9VPv8lOaJVjGF/qYzTAIXMucYpF4wn+EpexKLhdZ9z/\nrU0OqLv/X+oZBypGIxKWoTzCJW7c9HpXoaGpx8vU6PFGdh3MCyJZTTy2c/Qzs7aY\nl8LfcqxvFxS5RpfPd+ljcbQNozMoM33Y+m1oEJ+Xsc0dSDy2MGIebOPjegAjrW8Z\nJ7GnXtCmTbfRp1jbw9Zf/plOdj4sEJhkYBKghrXerzxXx3yQNMDA+gCTfUxqHNIu\n0jcEVBebksX3BzcjPIRnKmIY6yfhNx6liccIE4ONkezDeS16HlH3GDCTEVEGdU03\naa1+1a18g8fRtnd6+LTjvsJfruSzTJlXAAAAAAEC\n-----END OPENSSH PRIVATE KEY-----\n",
            "private_key_pem": "-----BEGIN RSA PRIVATE KEY-----\nMIIJKQIBAAKCAgEAy3LcQZn1tr2yVCyYfLDE+qwyDKEPxdVFi6Sdza1cqOaP7T+E\nJLW+ZgtthuJJernBwCssAXd0uGRv0WlR8VXMe4lTAmA8E/Lcc2o1rrrOxAhP3i2Q\n8wBiLkerJ+mesXihWXYHSCidsPm+39edNq8Yl+SjUvuA2hQn70kn8aQs7JdITWHK\n10UFwo9DrDhovVle1zArh+re4spXx8ba7qPnTS763oDrml12FiDE9NrbOUngiaNo\nh9HKPMv+satu1en71IdBXohDkHl7XtS9nZn00WsC9beLZIIYfkf+E2w/qQFHmrpF\nK3/pq2D47GxDBJtIvpC+x8Sn6YJUc4dhnD9DA29+Htk48gf55UqxzynNhtTIL6n5\nAUd2KqRGLZjldqME7cShYrcdAN2RoILy5QnK6f4+Iai7aV1wlibmkIyK5x0Z4zGZ\nn3TAu7PxcJnaOTzrvfhQXMdh53r7JqjidN6+J8QOxq7Px8a1GxYaQiuDAshpXpSU\n1p/k7Hromn0CpIQXhNP0MvGsWFVOH7vudP+ihrnYWMPaKIJSSrxkq2HZRYe2a3r0\nXD/uuneUxb3z9e2X/hmC42eglFH2Cx4aeOrwvgVmQWn+rQQ4nndkN5lJk/PFJHQG\n2gwjDRU4KCAx4ILrjqYq/7a6l7sNtPdT0Ih9bdc8xjr0iZgJCQ2aIjyD1kECAwEA\nAQKCAgAqp7PXSzzRqhcT/9+esP8zoVvC+xfP/iWdIA/32gOl4+VEND9z5Oj9AyNd\nFt+aDA07ybFpw05lBKXPDZphE4CSXBnb0yp1ckNXLWsA7ejBAA8iwYH0+N0c3+ja\nLuiXQ/fsRktDjUR2oP4sd0vedbqdyhGWKeX7kyNGT5vA1Y+XsSY3FyxMkwugnaHu\nH0uSe4TfcBmIXy2I9iyOVbp8M0AhFhsCAJylGjhSbl9tCN/StJMPuIOHimww8AI/\n5PYRgoPKrOr/M2mbBmVf3hG9U9SY/as6sldW5NHW1ChIkTcNq5eEMM6kzqZCyMuX\n4iDw+8+2KKnfP3OHCUzEhhtog3j8hPeRvp95m4avwuGtcAA2KePpfxFcTRtLybfP\nwwOTKdh7RJ+yq7IcvDmPmstdVKbLnuWLUdecmd/XUgKqzUfOKa2p+wvFtMMmgkZE\ngut6S+kRKE7lz7e5JnDFXgee63+NkuinH0tCx2woHafywveP71usAe9c84kzCrIj\nGwIDkip2KZsXYzcqVydaHQFT8XuyWtuCFB7WYUCk7KxP/6ZmuNVKQnd/3pDdY21y\nPNt0CMbVBKR7tK6tzD3t+zueEYyDKx30Nyy245Hbdlnv23qh1fxOrVD8Au9rnEW5\nddlKlea5xl8Z06IF32XprktEFbyMfJjeyvDsuFsgRtbCmHqzEwKCAQEA1GlfOdoh\n5/YCuRX0zAVae+xRZvqAkghb9oEPOE4NySmmU84VVPhTMVNXoVvZIb3f8IVL7Pgc\n6woDxv8HBpx7JUFWhhnSWPa4+MWLU7qqbjfWVDiJbjs7AduJJVWk/2aqXT+DsPkE\nQuI7Q0z9wxx9mv7VDF75PngaQOJ7eMrQlgN0lj4Ouq8FI2nvRU0Qm7OpdSNMNSpZ\nZgW8ydfe2dUKWEb3Ja8CvfrPZZGncjjHASwJjOMple2cbfLfCxxF4cvcNalv40UY\ntOOzVXBPa5BaCW8edKq3nDqTKFUOpda8qe15wjAeqoj8pa8FIO2Bm9BSGGQosLFg\n0Fnzn269VM0WJwKCAQEA9TKjWwvTc1/VT7/JTmiVYxhf6mM0wCFzLnGKReMJ/hKX\nsSi4XWfc/61NDqi7/1/qGQcqRiMSlqE8wiVu3PR6V6GhqcfL1OjxRnYdzAsiWU08\ntnP0M7O2mJfC33KsbxcUuUaXz3fpY3G0DaMzKDN92PptaBCfl7HNHUg8tjBiHmzj\n43oAI61vGSexp17Qpk230adY28PWX/6ZTnY+LBCYZGASoIa13q88V8d8kDTAwPoA\nk31MahzSLtI3BFQXm5LF9wc3IzyEZypiGOsn4TcepYnHCBODjZHsw3kteh5R9xgw\nkxFRBnVNN2mtftWtfIPH0bZ3evi0477CX67ks0yZVwKCAQEAwx0nw9SDYLeyOKHa\ng65HN54UCCwC/iF/mCdk+6t3Lll7129uWObiRGTyEd50zXHEywMmgz5GEgDZB2or\n4f7Lf6VM/VGqzt2Te7C6EudctnHEBwkH9KGjykkG6ayKK7D6vT0ikuWq7GUzWtbW\nIuuA1WdP/FUhTii0tPVVxddHUwVJitjmXsV2Stl8WIQ5xUx7VIZf8lY8WGLcz+vj\nYOU4424MiCkCs9A3wmzRCzLsWj9BZpEkGfxxvO1jxKjr6EWCuigyBunpj/+5M7o+\nueeXTSMtLq3Ci1ei5WF8Wwmts8nYFnBtOukqamcipuSEMcRiJNWcKvJEpB58ku7+\nK29X8QKCAQAxg2I9VmwClk2K5x2Nec0Az8E+oX3bdmW98SuM5UX1SmfbXG+uXPTh\npGs1FJmx/fpVx36f3yE3zaNpSQnUEIJMA9WTZUch3VArfFqUA4OSKOijp1KexiGP\nOsYdPRjY7f4/U6QAPySf8iv7vQLtkUhOcnN5WjH//eV/jkDEQYzuu+pg2xgAHFuc\n5skXFSxpCLSf330wE6HMjKsEjxgK6eb8DfJ0+/7p0tUKnLvomt55mYJYRisSGnPP\nBKAbfaeuwLq9IXXe5a+O7Z4Vjhblga3sm5/XX6lnAxqedm/agxjmHrpgWFTWSwWm\ntO5V+GwqAqptDL2f1W0huDmj/LsuAb/NAoIBAQDHF3vqAtz66tnmHKX9Xf0SmuHw\nztHPU91kWJJWPpwOyAzK2xny1XC9XXTj70Qo2/kEFsJpFd2F6X3OQspRVCUvzasD\nKR+kXERm8Dhr2rWd1zusiHpKN+l8tGV/VJT524rLH0JjW0x4xf+T7/neoTWvCXV2\nb79EsRYGaXNX2IB35lW7kyMGUTXJlFQ1gIMn2hm2roPlp9sG+md/OZYMhDjlNHGj\nR01HsNwvzTVUdIXlV/kqEbpZ14K0tkN4r5Wksi6OstM5FEt3tdvGMD1Z5hwgeFET\novGStL7pIpf3+MR81PV2ZNtzB0PIM79K2BFV9OySjN62t/Zg2CqmcB2P8/0R\n-----END RSA PRIVATE KEY-----\n",
            "private_key_pem_pkcs8": "-----BEGIN PRIVATE KEY-----\nMIIJQwIBADANBgkqhkiG9w0BAQEFAASCCS0wggkpAgEAAoICAQDLctxBmfW2vbJU\nLJh8sMT6rDIMoQ/F1UWLpJ3NrVyo5o/tP4Qktb5mC22G4kl6ucHAKywBd3S4ZG/R\naVHxVcx7iVMCYDwT8txzajWuus7ECE/eLZDzAGIuR6sn6Z6xeKFZdgdIKJ2w+b7f\n1502rxiX5KNS+4DaFCfvSSfxpCzsl0hNYcrXRQXCj0OsOGi9WV7XMCuH6t7iylfH\nxtruo+dNLvregOuaXXYWIMT02ts5SeCJo2iH0co8y/6xq27V6fvUh0FeiEOQeXte\n1L2dmfTRawL1t4tkghh+R/4TbD+pAUeaukUrf+mrYPjsbEMEm0i+kL7HxKfpglRz\nh2GcP0MDb34e2TjyB/nlSrHPKc2G1MgvqfkBR3YqpEYtmOV2owTtxKFitx0A3ZGg\ngvLlCcrp/j4hqLtpXXCWJuaQjIrnHRnjMZmfdMC7s/Fwmdo5POu9+FBcx2Hnevsm\nqOJ03r4nxA7Grs/HxrUbFhpCK4MCyGlelJTWn+TseuiafQKkhBeE0/Qy8axYVU4f\nu+50/6KGudhYw9ooglJKvGSrYdlFh7ZrevRcP+66d5TFvfP17Zf+GYLjZ6CUUfYL\nHhp46vC+BWZBaf6tBDied2Q3mUmT88UkdAbaDCMNFTgoIDHgguuOpir/trqXuw20\n91PQiH1t1zzGOvSJmAkJDZoiPIPWQQIDAQABAoICACqns9dLPNGqFxP/356w/zOh\nW8L7F8/+JZ0gD/faA6Xj5UQ0P3Pk6P0DI10W35oMDTvJsWnDTmUEpc8NmmETgJJc\nGdvTKnVyQ1ctawDt6MEADyLBgfT43Rzf6Nou6JdD9+xGS0ONRHag/ix3S951up3K\nEZYp5fuTI0ZPm8DVj5exJjcXLEyTC6Cdoe4fS5J7hN9wGYhfLYj2LI5VunwzQCEW\nGwIAnKUaOFJuX20I39K0kw+4g4eKbDDwAj/k9hGCg8qs6v8zaZsGZV/eEb1T1Jj9\nqzqyV1bk0dbUKEiRNw2rl4QwzqTOpkLIy5fiIPD7z7Yoqd8/c4cJTMSGG2iDePyE\n95G+n3mbhq/C4a1wADYp4+l/EVxNG0vJt8/DA5Mp2HtEn7Krshy8OY+ay11Upsue\n5YtR15yZ39dSAqrNR84pran7C8W0wyaCRkSC63pL6REoTuXPt7kmcMVeB57rf42S\n6KcfS0LHbCgdp/LC94/vW6wB71zziTMKsiMbAgOSKnYpmxdjNypXJ1odAVPxe7Ja\n24IUHtZhQKTsrE//pma41UpCd3/ekN1jbXI823QIxtUEpHu0rq3MPe37O54RjIMr\nHfQ3LLbjkdt2We/beqHV/E6tUPwC72ucRbl12UqV5rnGXxnTogXfZemuS0QVvIx8\nmN7K8Oy4WyBG1sKYerMTAoIBAQDUaV852iHn9gK5FfTMBVp77FFm+oCSCFv2gQ84\nTg3JKaZTzhVU+FMxU1ehW9khvd/whUvs+BzrCgPG/wcGnHslQVaGGdJY9rj4xYtT\nuqpuN9ZUOIluOzsB24klVaT/ZqpdP4Ow+QRC4jtDTP3DHH2a/tUMXvk+eBpA4nt4\nytCWA3SWPg66rwUjae9FTRCbs6l1I0w1KllmBbzJ197Z1QpYRvclrwK9+s9lkady\nOMcBLAmM4ymV7Zxt8t8LHEXhy9w1qW/jRRi047NVcE9rkFoJbx50qrecOpMoVQ6l\n1ryp7XnCMB6qiPylrwUg7YGb0FIYZCiwsWDQWfOfbr1UzRYnAoIBAQD1MqNbC9Nz\nX9VPv8lOaJVjGF/qYzTAIXMucYpF4wn+EpexKLhdZ9z/rU0OqLv/X+oZBypGIxKW\noTzCJW7c9HpXoaGpx8vU6PFGdh3MCyJZTTy2c/Qzs7aYl8LfcqxvFxS5RpfPd+lj\ncbQNozMoM33Y+m1oEJ+Xsc0dSDy2MGIebOPjegAjrW8ZJ7GnXtCmTbfRp1jbw9Zf\n/plOdj4sEJhkYBKghrXerzxXx3yQNMDA+gCTfUxqHNIu0jcEVBebksX3BzcjPIRn\nKmIY6yfhNx6liccIE4ONkezDeS16HlH3GDCTEVEGdU03aa1+1a18g8fRtnd6+LTj\nvsJfruSzTJlXAoIBAQDDHSfD1INgt7I4odqDrkc3nhQILAL+IX+YJ2T7q3cuWXvX\nb25Y5uJEZPIR3nTNccTLAyaDPkYSANkHaivh/st/pUz9UarO3ZN7sLoS51y2ccQH\nCQf0oaPKSQbprIorsPq9PSKS5arsZTNa1tYi64DVZ0/8VSFOKLS09VXF10dTBUmK\n2OZexXZK2XxYhDnFTHtUhl/yVjxYYtzP6+Ng5TjjbgyIKQKz0DfCbNELMuxaP0Fm\nkSQZ/HG87WPEqOvoRYK6KDIG6emP/7kzuj6555dNIy0urcKLV6LlYXxbCa2zydgW\ncG066SpqZyKm5IQxxGIk1Zwq8kSkHnyS7v4rb1fxAoIBADGDYj1WbAKWTYrnHY15\nzQDPwT6hfdt2Zb3xK4zlRfVKZ9tcb65c9OGkazUUmbH9+lXHfp/fITfNo2lJCdQQ\ngkwD1ZNlRyHdUCt8WpQDg5Io6KOnUp7GIY86xh09GNjt/j9TpAA/JJ/yK/u9Au2R\nSE5yc3laMf/95X+OQMRBjO676mDbGAAcW5zmyRcVLGkItJ/ffTATocyMqwSPGArp\n5vwN8nT7/unS1Qqcu+ia3nmZglhGKxIac88EoBt9p67Aur0hdd7lr47tnhWOFuWB\nreybn9dfqWcDGp52b9qDGOYeumBYVNZLBaa07lX4bCoCqm0MvZ/VbSG4OaP8uy4B\nv80CggEBAMcXe+oC3Prq2eYcpf1d/RKa4fDO0c9T3WRYklY+nA7IDMrbGfLVcL1d\ndOPvRCjb+QQWwmkV3YXpfc5CylFUJS/NqwMpH6RcRGbwOGvatZ3XO6yIeko36Xy0\nZX9UlPnbissfQmNbTHjF/5Pv+d6hNa8JdXZvv0SxFgZpc1fYgHfmVbuTIwZRNcmU\nVDWAgyfaGbaug+Wn2wb6Z385lgyEOOU0caNHTUew3C/NNVR0heVX+SoRulnXgrS2\nQ3ivlaSyLo6y0zkUS3e128YwPVnmHCB4UROi8ZK0vukil/f4xHzU9XZk23MHQ8gz\nv0rYEVX07JKM3ra39mDYKqZwHY/z/RE=\n-----END PRIVATE KEY-----\n",
            "public_key_fingerprint_md5": "95:23:43:fa:e0:60:a5:41:d1:0d:d1:04:bc:ce:fc:be",
            "public_key_fingerprint_sha256": "SHA256:lEGxUpzIiHn0z3kH4yDs3Ufp9Ur2Uz95NuVSXu9YqlM",
            "public_key_openssh": "ssh-rsa AAAAB3NzaC1yc2EAAAADAQABAAACAQDLctxBmfW2vbJULJh8sMT6rDIMoQ/F1UWLpJ3NrVyo5o/tP4Qktb5mC22G4kl6ucHAKywBd3S4ZG/RaVHxVcx7iVMCYDwT8txzajWuus7ECE/eLZDzAGIuR6sn6Z6xeKFZdgdIKJ2w+b7f1502rxiX5KNS+4DaFCfvSSfxpCzsl0hNYcrXRQXCj0OsOGi9WV7XMCuH6t7iylfHxtruo+dNLvregOuaXXYWIMT02ts5SeCJo2iH0co8y/6xq27V6fvUh0FeiEOQeXte1L2dmfTRawL1t4tkghh+R/4TbD+pAUeaukUrf+mrYPjsbEMEm0i+kL7HxKfpglRzh2GcP0MDb34e2TjyB/nlSrHPKc2G1MgvqfkBR3YqpEYtmOV2owTtxKFitx0A3ZGggvLlCcrp/j4hqLtpXXCWJuaQjIrnHRnjMZmfdMC7s/Fwmdo5POu9+FBcx2HnevsmqOJ03r4nxA7Grs/HxrUbFhpCK4MCyGlelJTWn+TseuiafQKkhBeE0/Qy8axYVU4fu+50/6KGudhYw9ooglJKvGSrYdlFh7ZrevRcP+66d5TFvfP17Zf+GYLjZ6CUUfYLHhp46vC+BWZBaf6tBDied2Q3mUmT88UkdAbaDCMNFTgoIDHgguuOpir/trqXuw2091PQiH1t1zzGOvSJmAkJDZoiPIPWQQ==\n",
            "public_key_pem": "-----BEGIN PUBLIC KEY-----\nMIICIjANBgkqhkiG9w0BAQEFAAOCAg8AMIICCgKCAgEAy3LcQZn1tr2yVCyYfLDE\n+qwyDKEPxdVFi6Sdza1cqOaP7T+EJLW+ZgtthuJJernBwCssAXd0uGRv0WlR8VXM\ne4lTAmA8E/Lcc2o1rrrOxAhP3i2Q8wBiLkerJ+mesXihWXYHSCidsPm+39edNq8Y\nl+SjUvuA2hQn70kn8aQs7JdITWHK10UFwo9DrDhovVle1zArh+re4spXx8ba7qPn\nTS763oDrml12FiDE9NrbOUngiaNoh9HKPMv+satu1en71IdBXohDkHl7XtS9nZn0\n0WsC9beLZIIYfkf+E2w/qQFHmrpFK3/pq2D47GxDBJtIvpC+x8Sn6YJUc4dhnD9D\nA29+Htk48gf55UqxzynNhtTIL6n5AUd2KqRGLZjldqME7cShYrcdAN2RoILy5QnK\n6f4+Iai7aV1wlibmkIyK5x0Z4zGZn3TAu7PxcJnaOTzrvfhQXMdh53r7JqjidN6+\nJ8QOxq7Px8a1GxYaQiuDAshpXpSU1p/k7Hromn0CpIQXhNP0MvGsWFVOH7vudP+i\nhrnYWMPaKIJSSrxkq2HZRYe2a3r0XD/uuneUxb3z9e2X/hmC42eglFH2Cx4aeOrw\nvgVmQWn+rQQ4nndkN5lJk/PFJHQG2gwjDRU4KCAx4ILrjqYq/7a6l7sNtPdT0Ih9\nbdc8xjr0iZgJCQ2aIjyD1kECAwEAAQ==\n-----END PUBLIC KEY-----\n",
            "rsa_bits": 4096
          },
          "sensitive_attributes": [
            [
              {
                "type": "get_attr",
                "value": "private_key_openssh"
              }
            ],
            [
              {
                "type": "get_attr",
                "value": "private_key_pem"
              }
            ],
            [
              {
                "type": "get_attr",
                "value": "private_key_pem_pkcs8"
              }
            ]
          ],
          "identity_schema_version": 0
        }
      ]
    }
  ],
  "check_results": null
}
