{
  "version": 4,
  "terraform_version": "1.14.3",
  "serial": 31,
  "lineage": "0db58d79-93ad-1adf-4556-5b5f26e12f5f",
  "outputs": {},
  "resources": [
    {
      "mode": "data",
      "type": "aws_eks_cluster",
      "name": "main",
      "provider": "provider[\"registry.terraform.io/hashicorp/aws\"]",
      "instances": [
        {
          "schema_version": 0,
          "attributes": {
            "access_config": [
              {
                "authentication_mode": "CONFIG_MAP",
                "bootstrap_cluster_creator_admin_permissions": true
              }
            ],
            "arn": "arn:aws:eks:us-east-2:215848077383:cluster/my-eks-cluster",
            "certificate_authority": [
              {
                "data": "LS0tLS1CRUdJTiBDRVJUSUZJQ0FURS0tLS0tCk1JSURCVENDQWUyZ0F3SUJBZ0lJYnhydDN4MUdudnd3RFFZSktvWklodmNOQVFFTEJRQXdGVEVUTUJFR0ExVUUKQXhNS2EzVmlaWEp1WlhSbGN6QWVGdzB5TmpBeE1qWXhOakkzTlRoYUZ3MHpOakF4TWpReE5qTXlOVGhhTUJVeApFekFSQmdOVkJBTVRDbXQxWW1WeWJtVjBaWE13Z2dFaU1BMEdDU3FHU0liM0RRRUJBUVVBQTRJQkR3QXdnZ0VLCkFvSUJBUURqZnZCZXVRMHA3eTZheVpzOEpEMm90TWFRWEQxR0F2Z1FJT0pQT05kbVFLekNoK1pJT3pXTXBVaTkKZWVua0VVUlNWTm5Cc0tuOWNjN2gzM2Vkdno4dm1FUkd4dGZqYkEwSmphMW1qekVhTHJGOWVkOHB4cjY2YUg2Ygp5Y2hhbTBIWkNMU0czR21XMi83cCs4Z05FYXRHb2VUcmVJSDEvank1TXc3cWZBcUVmWUxob3NnVlc3dVU1TmEwCjdzbkx3YndRSGF5R2lMQ1h4bGp1QXk0TVZWZktzWHpiUTBkOFRJaEN4RlVnT3c0ZlQ2NEZzZXhuZ1hyME5aY0MKTmNIa0VnYmFTTzdaUms3NzV0VkZ2d0FuUnFqTUhlYjJZa3JCdGpKZjcrbm5FYVJtWHZjaytmRGZLUi9IYy9lVQpHUmhZbTNIT0ZSR01tSktSSHhvd1Q3bUcrS1hCQWdNQkFBR2pXVEJYTUE0R0ExVWREd0VCL3dRRUF3SUNwREFQCkJnTlZIUk1CQWY4RUJUQURBUUgvTUIwR0ExVWREZ1FXQkJSVXhFMVQ1VG9rUkVEakR5Y2haa0tFZ05ia05EQVYKQmdOVkhSRUVEakFNZ2dwcmRXSmxjbTVsZEdWek1BMEdDU3FHU0liM0RRRUJDd1VBQTRJQkFRQlJNSmxjcDMrUgpUUVpGdlYxalpMNTdmK3VUNUd0SWRPVjRaMmh6WXVtSU1PMnVpUlJDZlVFTWg2RGxDeUVmeDBKNEVRTnJybVlHCkJsNWFWSEorV2lDRGdlcGhDTDBtb2JpenBYMmd2SXdRSHk5cFU3VU1EUW9lcmNBVHhPMTErYk5IY1VMb05CblMKRDZNSi8rZzgzVGRKc04zbW9oTnlsa2xQZk1QZXFMNzY4NUtBdjdaQmJXUU1HMjJuRTFOcHVQSTVnYnIzeXVJVApobUdZakFVWWF5aEFFYmVsMkxHMkU1NWN3OFljZjJhTkFtYlFoSjdoMkhacVpROGZPbTFTK3NZMlFvb1ZrZmF4CmNwNkw3WkJNdjhweWZRdDNUQU03cm5rUHBjdW9vd2lWRGdKcDR4c3hFUEhuRnFkSmN1aUpYNkFVSlZWeDNmY1UKdU1nUU1LSVlJdlhyCi0tLS0tRU5EIENFUlRJRklDQVRFLS0tLS0K"
              }
            ],
            "cluster_id": null,
            "compute_config": [],
            "created_at": "2026-01-26T16:28:35Z",
            "enabled_cluster_log_types": [],
            "endpoint": "https://3F8E05294598E461ABDA3C737CC73362.gr7.us-east-2.eks.amazonaws.com",
            "id": "my-eks-cluster",
            "identity": [
              {
                "oidc": [
                  {
                    "issuer": "https://oidc.eks.us-east-2.amazonaws.com/id/3F8E05294598E461ABDA3C737CC73362"
                  }
                ]
              }
            ],
            "kubernetes_network_config": [
              {
                "elastic_load_balancing": [
                  {
                    "enabled": false
                  }
                ],
                "ip_family": "ipv4",
                "service_ipv4_cidr": "172.20.0.0/16",
                "service_ipv6_cidr": ""
              }
            ],
            "name": "my-eks-cluster",
            "outpost_config": [],
            "platform_version": "eks.13",
            "remote_network_config": [],
            "role_arn": "arn:aws:iam::215848077383:role/eks-cluster-role",
            "status": "ACTIVE",
            "storage_config": [],
            "tags": {},
            "upgrade_policy": [
              {
                "support_type": "EXTENDED"
              }
            ],
            "version": "1.34",
            "vpc_config": [
              {
                "cluster_security_group_id": "sg-01d8aa9d36db6d8a5",
                "endpoint_private_access": true,
                "endpoint_public_access": true,
                "public_access_cidrs": [
                  "0.0.0.0/0"
                ],
                "security_group_ids": [],
                "subnet_ids": [
                  "subnet-0a6560834fa060d9b",
                  "subnet-0c2c8bd6650fe89a4",
                  "subnet-0d92cbda201d1edea",
                  "subnet-0ff6dc7afee25bd3d"
                ],
                "vpc_id": "vpc-0fb4405a171d17c92"
              }
            ],
            "zonal_shift_config": []
          },
          "sensitive_attributes": [],
          "identity_schema_version": 0
        }
      ]
    },
    {
      "mode": "data",
      "type": "aws_eks_cluster_auth",
      "name": "main",
      "provider": "provider[\"registry.terraform.io/hashicorp/aws\"]",
      "instances": [
        {
          "schema_version": 0,
          "attributes": {
            "id": "my-eks-cluster",
            "name": "my-eks-cluster",
            "token": "k8s-aws-v1.aHR0cHM6Ly9zdHMudXMtZWFzdC0yLmFtYXpvbmF3cy5jb20vP0FjdGlvbj1HZXRDYWxsZXJJZGVudGl0eSZWZXJzaW9uPTIwMTEtMDYtMTUmWC1BbXotQWxnb3JpdGhtPUFXUzQtSE1BQy1TSEEyNTYmWC1BbXotQ3JlZGVudGlhbD1BS0lBVEVRTU1KQkQyRDJMWU9RVyUyRjIwMjYwMTI2JTJGdXMtZWFzdC0yJTJGc3RzJTJGYXdzNF9yZXF1ZXN0JlgtQW16LURhdGU9MjAyNjAxMjZUMTczMTEwWiZYLUFtei1FeHBpcmVzPTAmWC1BbXotU2lnbmVkSGVhZGVycz1ob3N0JTNCeC1rOHMtYXdzLWlkJlgtQW16LVNpZ25hdHVyZT1hN2U5YjAxN2UyNGE3OTJmNzU2NjQyZTk2MTJkODhlYjkxZDhlZjZlNGI2NzI2N2Q4MWZkYzRmNjRmZDY3NmIw"
          },
          "sensitive_attributes": [
            [
              {
                "type": "get_attr",
                "value": "token"
              }
            ]
          ],
          "identity_schema_version": 0
        }
      ]
    },
    {
      "mode": "data",
      "type": "terraform_remote_state",
      "name": "infra",
      "provider": "provider[\"terraform.io/builtin/terraform\"]",
      "instances": [
        {
          "schema_version": 0,
          "attributes": {
            "backend": "local",
            "config": {
              "value": {
                "path": "../infra/terraform.tfstate"
              },
              "type": [
                "object",
                {
                  "path": "string"
                }
              ]
            },
            "defaults": null,
            "outputs": {
              "value": {
                "aws_region": "us-east-2",
                "bastion_1_public_ip": "3.148.207.51",
                "bastion_2_public_ip": "18.191.151.62",
                "bastion_keypair_name": "bastion-keypair",
                "bastion_private_key_secret_arn": "arn:aws:secretsmanager:us-east-2:215848077383:secret:bastion-ssh-private-key-pDBlMF",
                "bastion_public_key_secret_arn": "arn:aws:secretsmanager:us-east-2:215848077383:secret:bastion-ssh-public-key-D4AscI",
                "eks_cluster_endpoint": "https://3F8E05294598E461ABDA3C737CC73362.gr7.us-east-2.eks.amazonaws.com",
                "eks_cluster_name": "my-eks-cluster",
                "eks_control_node_private_ip": "10.0.20.117",
                "eks_control_node_role_arn": "arn:aws:iam::215848077383:role/eks-control-node-role",
                "eks_node_role_arn": "arn:aws:iam::215848077383:role/eks-node-role",
                "infrahash_db_endpoint": "infrahash-db.cnssacwgkq31.us-east-2.rds.amazonaws.com",
                "infrahash_db_name": "",
                "infrahash_db_password": "vl%u#pr+990w4wEakv]2",
                "infrahash_db_secret_arn": "arn:aws:secretsmanager:us-east-2:215848077383:secret:infrahash-db-credentials-D4AscI",
                "infrahash_db_username": "infrahash_admin",
                "infrahash_rds_sg_id": "sg-00538752aa134122f",
                "infrahash_repository_url": "215848077383.dkr.ecr.us-east-2.amazonaws.com/infrahash",
                "management_keypair_name": "management-keypair",
                "management_private_key_secret_arn": "arn:aws:secretsmanager:us-east-2:215848077383:secret:management-ssh-private-key-yyrjuD",
                "management_public_key_secret_arn": "arn:aws:secretsmanager:us-east-2:215848077383:secret:management-ssh-public-key-r4DeFH",
                "vpc_id": "vpc-0fb4405a171d17c92"
              },
              "type": [
                "object",
                {
                  "aws_region": "string",
                  "bastion_1_public_ip": "string",
                  "bastion_2_public_ip": "string",
                  "bastion_keypair_name": "string",
                  "bastion_private_key_secret_arn": "string",
                  "bastion_public_key_secret_arn": "string",
                  "eks_cluster_endpoint": "string",
                  "eks_cluster_name": "string",
                  "eks_control_node_private_ip": "string",
                  "eks_control_node_role_arn": "string",
                  "eks_node_role_arn": "string",
                  "infrahash_db_endpoint": "string",
                  "infrahash_db_name": "string",
                  "infrahash_db_password": "string",
                  "infrahash_db_secret_arn": "string",
                  "infrahash_db_username": "string",
                  "infrahash_rds_sg_id": "string",
                  "infrahash_repository_url": "string",
                  "management_keypair_name": "string",
                  "management_private_key_secret_arn": "string",
                  "management_public_key_secret_arn": "string",
                  "vpc_id": "string"
                }
              ]
            },
            "workspace": null
          },
          "sensitive_attributes": [],
          "identity_schema_version": 0
        }
      ]
    },
    {
      "mode": "managed",
      "type": "helm_release",
      "name": "aws_load_balancer_controller",
      "provider": "provider[\"registry.terraform.io/hashicorp/helm\"]",
      "instances": [
        {
          "schema_version": 1,
          "attributes": {
            "atomic": false,
            "chart": "aws-load-balancer-controller",
            "cleanup_on_fail": false,
            "create_namespace": false,
            "dependency_update": true,
            "description": null,
            "devel": null,
            "disable_crd_hooks": false,
            "disable_openapi_validation": false,
            "disable_webhooks": false,
            "force_update": false,
            "id": "aws-load-balancer-controller",
            "keyring": null,
            "lint": false,
            "manifest": null,
            "max_history": 0,
            "metadata": [
              {
                "app_version": "v2.7.2",
                "chart": "aws-load-balancer-controller",
                "first_deployed": 1769448679,
                "last_deployed": 1769448679,
                "name": "aws-load-balancer-controller",
                "namespace": "kube-system",
                "notes": "AWS Load Balancer controller installed!\n",
                "revision": 1,
                "values": "{\"clusterName\":\"my-eks-cluster\",\"region\":\"us-east-2\",\"serviceAccount\":{\"create\":false,\"name\":\"aws-load-balancer-controller\"},\"vpcId\":\"vpc-0fb4405a171d17c92\"}",
                "version": "1.7.2"
              }
            ],
            "name": "aws-load-balancer-controller",
            "namespace": "kube-system",
            "pass_credentials": false,
            "postrender": [],
            "recreate_pods": true,
            "render_subchart_notes": true,
            "replace": false,
            "repository": "https://aws.github.io/eks-charts",
            "repository_ca_file": null,
            "repository_cert_file": null,
            "repository_key_file": null,
            "repository_password": null,
            "repository_username": null,
            "reset_values": false,
            "reuse_values": false,
            "set": [
              {
                "name": "clusterName",
                "type": "",
                "value": "my-eks-cluster"
              },
              {
                "name": "region",
                "type": "",
                "value": "us-east-2"
              },
              {
                "name": "serviceAccount.create",
                "type": "",
                "value": "false"
              },
              {
                "name": "serviceAccount.name",
                "type": "",
                "value": "aws-load-balancer-controller"
              },
              {
                "name": "vpcId",
                "type": "",
                "value": "vpc-0fb4405a171d17c92"
              }
            ],
            "set_list": [],
            "set_sensitive": [],
            "skip_crds": false,
            "status": "deployed",
            "timeout": 900,
            "upgrade_install": null,
            "values": null,
            "verify": false,
            "version": "1.7.2",
            "wait": true,
            "wait_for_jobs": false
          },
          "sensitive_attributes": [
            [
              {
                "type": "get_attr",
                "value": "repository_password"
              }
            ]
          ],
          "identity_schema_version": 0,
          "private": "eyJzY2hlbWFfdmVyc2lvbiI6IjEifQ==",
          "dependencies": [
            "data.aws_eks_cluster.main",
            "data.aws_eks_cluster_auth.main",
            "data.terraform_remote_state.infra",
            "kubernetes_config_map.aws_auth"
          ]
        }
      ]
    },
    {
      "mode": "managed",
      "type": "kubernetes_config_map",
      "name": "aws_auth",
      "provider": "provider[\"registry.terraform.io/hashicorp/kubernetes\"]",
      "instances": [
        {
          "schema_version": 0,
          "attributes": {
            "binary_data": {},
            "data": {
              "mapRoles": "- \"groups\":\n  - \"system:bootstrappers\"\n  - \"system:nodes\"\n  \"rolearn\": \"arn:aws:iam::215848077383:role/eks-node-role\"\n  \"username\": \"system:node:{{EC2PrivateDNSName}}\"\n- \"groups\":\n  - \"system:masters\"\n  \"rolearn\": \"arn:aws:iam::215848077383:role/eks-control-node-role\"\n  \"username\": \"admin\"\n"
            },
            "id": "kube-system/aws-auth",
            "immutable": false,
            "metadata": [
              {
                "annotations": {},
                "generate_name": "",
                "generation": 0,
                "labels": {},
                "name": "aws-auth",
                "namespace": "kube-system",
                "resource_version": "5410",
                "uid": "d2cb9a12-580a-4a20-96eb-186aec43f237"
              }
            ]
          },
          "sensitive_attributes": [],
          "identity_schema_version": 1,
          "identity": {
            "api_version": "v1",
            "kind": "ConfigMap",
            "name": "aws-auth",
            "namespace": "kube-system"
          },
          "private": "bnVsbA==",
          "dependencies": [
            "data.aws_eks_cluster.main",
            "data.aws_eks_cluster_auth.main",
            "data.terraform_remote_state.infra"
          ]
        }
      ]
    },
    {
      "mode": "managed",
      "type": "kubernetes_deployment",
      "name": "infrahash",
      "provider": "provider[\"registry.terraform.io/hashicorp/kubernetes\"]",
      "instances": [
        {
          "schema_version": 1,
          "attributes": {
            "id": "default/infrahash",
            "metadata": [
              {
                "annotations": {},
                "generate_name": "",
                "generation": 1,
                "labels": {
                  "app": "infrahash"
                },
                "name": "infrahash",
                "namespace": "default",
                "resource_version": "5170",
                "uid": "4531282e-4de3-428d-ba61-0970eea3f4aa"
              }
            ],
            "spec": [
              {
                "min_ready_seconds": 0,
                "paused": false,
                "progress_deadline_seconds": 600,
                "replicas": "2",
                "revision_history_limit": 10,
                "selector": [
                  {
                    "match_expressions": [],
                    "match_labels": {
                      "app": "infrahash"
                    }
                  }
                ],
                "strategy": [
                  {
                    "rolling_update": [
                      {
                        "max_surge": "25%",
                        "max_unavailable": "25%"
                      }
                    ],
                    "type": "RollingUpdate"
                  }
                ],
                "template": [
                  {
                    "metadata": [
                      {
                        "annotations": {},
                        "generate_name": "",
                        "generation": 0,
                        "labels": {
                          "app": "infrahash"
                        },
                        "name": "",
                        "namespace": "",
                        "resource_version": "",
                        "uid": ""
                      }
                    ],
                    "spec": [
                      {
                        "active_deadline_seconds": 0,
                        "affinity": [],
                        "automount_service_account_token": true,
                        "container": [
                          {
                            "args": [],
                            "command": [],
                            "env": [],
                            "env_from": [
                              {
                                "config_map_ref": [],
                                "prefix": "",
                                "secret_ref": [
                                  {
                                    "name": "infrahash-db-secret",
                                    "optional": false
                                  }
                                ]
                              }
                            ],
                            "image": "215848077383.dkr.ecr.us-east-2.amazonaws.com/infrahash:latest",
                            "image_pull_policy": "Always",
                            "lifecycle": [],
                            "liveness_probe": [],
                            "name": "infrahash",
                            "port": [
                              {
                                "container_port": 5000,
                                "host_ip": "",
                                "host_port": 0,
                                "name": "",
                                "protocol": "TCP"
                              }
                            ],
                            "readiness_probe": [],
                            "resources": [
                              {
                                "limits": {
                                  "cpu": "250m",
                                  "memory": "256Mi"
                                },
                                "requests": {
                                  "cpu": "125m",
                                  "memory": "128Mi"
                                }
                              }
                            ],
                            "security_context": [],
                            "startup_probe": [],
                            "stdin": false,
                            "stdin_once": false,
                            "termination_message_path": "/dev/termination-log",
                            "termination_message_policy": "File",
                            "tty": false,
                            "volume_device": [],
                            "volume_mount": [],
                            "working_dir": ""
                          }
                        ],
                        "dns_config": [],
                        "dns_policy": "ClusterFirst",
                        "enable_service_links": true,
                        "host_aliases": [],
                        "host_ipc": false,
                        "host_network": false,
                        "host_pid": false,
                        "hostname": "",
                        "image_pull_secrets": [],
                        "init_container": [],
                        "node_name": "",
                        "node_selector": {},
                        "os": [],
                        "priority_class_name": "",
                        "readiness_gate": [],
                        "restart_policy": "Always",
                        "runtime_class_name": "",
                        "scheduler_name": "default-scheduler",
                        "security_context": [],
                        "service_account_name": "",
                        "share_process_namespace": false,
                        "subdomain": "",
                        "termination_grace_period_seconds": 30,
                        "toleration": [],
                        "topology_spread_constraint": [],
                        "volume": []
                      }
                    ]
                  }
                ]
              }
            ],
            "timeouts": null,
            "wait_for_rollout": true
          },
          "sensitive_attributes": [],
          "identity_schema_version": 1,
          "identity": {
            "api_version": "apps/v1",
            "kind": "Deployment",
            "name": "infrahash",
            "namespace": "default"
          },
          "private": "eyJlMmJmYjczMC1lY2FhLTExZTYtOGY4OC0zNDM2M2JjN2M0YzAiOnsiY3JlYXRlIjo2MDAwMDAwMDAwMDAsImRlbGV0ZSI6NjAwMDAwMDAwMDAwLCJ1cGRhdGUiOjYwMDAwMDAwMDAwMH0sInNjaGVtYV92ZXJzaW9uIjoiMSJ9",
          "dependencies": [
            "data.aws_eks_cluster.main",
            "data.aws_eks_cluster_auth.main",
            "data.terraform_remote_state.infra",
            "kubernetes_secret.infrahash_db_secret"
          ]
        }
      ]
    },
    {
      "mode": "managed",
      "type": "kubernetes_manifest",
      "name": "infrahash_ingress",
      "provider": "provider[\"registry.terraform.io/hashicorp/kubernetes\"]",
      "instances": [
        {
          "schema_version": 1,
          "attributes": {
            "computed_fields": null,
            "field_manager": [],
            "manifest": {
              "value": {
                "apiVersion": "networking.k8s.io/v1",
                "kind": "Ingress",
                "metadata": {
                  "annotations": {
                    "alb.ingress.kubernetes.io/listen-ports": "[{\"HTTP\":80}]",
                    "alb.ingress.kubernetes.io/scheme": "internet-facing",
                    "alb.ingress.kubernetes.io/target-type": "ip",
                    "kubernetes.io/ingress.class": "alb"
                  },
                  "name": "infrahash-ingress",
                  "namespace": "default"
                },
                "spec": {
                  "rules": [
                    {
                      "http": {
                        "paths": [
                          {
                            "backend": {
                              "service": {
                                "name": "infrahash-service",
                                "port": {
                                  "number": 5000
                                }
                              }
                            },
                            "path": "/",
                            "pathType": "Prefix"
                          }
                        ]
                      }
                    }
                  ]
                }
              },
              "type": [
                "object",
                {
                  "apiVersion": "string",
                  "kind": "string",
                  "metadata": [
                    "object",
                    {
                      "annotations": [
                        "object",
                        {
                          "alb.ingress.kubernetes.io/listen-ports": "string",
                          "alb.ingress.kubernetes.io/scheme": "string",
                          "alb.ingress.kubernetes.io/target-type": "string",
                          "kubernetes.io/ingress.class": "string"
                        }
                      ],
                      "name": "string",
                      "namespace": "string"
                    }
                  ],
                  "spec": [
                    "object",
                    {
                      "rules": [
                        "tuple",
                        [
                          [
                            "object",
                            {
                              "http": [
                                "object",
                                {
                                  "paths": [
                                    "tuple",
                                    [
                                      [
                                        "object",
                                        {
                                          "backend": [
                                            "object",
                                            {
                                              "service": [
                                                "object",
                                                {
                                                  "name": "string",
                                                  "port": [
                                                    "object",
                                                    {
                                                      "number": "number"
                                                    }
                                                  ]
                                                }
                                              ]
                                            }
                                          ],
                                          "path": "string",
                                          "pathType": "string"
                                        }
                                      ]
                                    ]
                                  ]
                                }
                              ]
                            }
                          ]
                        ]
                      ]
                    }
                  ]
                }
              ]
            },
            "object": {
              "value": {
                "apiVersion": "networking.k8s.io/v1",
                "kind": "Ingress",
                "metadata": {
                  "annotations": {
                    "alb.ingress.kubernetes.io/listen-ports": "[{\"HTTP\":80}]",
                    "alb.ingress.kubernetes.io/scheme": "internet-facing",
                    "alb.ingress.kubernetes.io/target-type": "ip",
                    "kubernetes.io/ingress.class": "alb"
                  },
                  "creationTimestamp": null,
                  "deletionGracePeriodSeconds": null,
                  "deletionTimestamp": null,
                  "finalizers": null,
                  "generateName": null,
                  "generation": null,
                  "labels": null,
                  "managedFields": null,
                  "name": "infrahash-ingress",
                  "namespace": "default",
                  "ownerReferences": null,
                  "resourceVersion": null,
                  "selfLink": null,
                  "uid": null
                },
                "spec": {
                  "defaultBackend": {
                    "resource": {
                      "apiGroup": null,
                      "kind": null,
                      "name": null
                    },
                    "service": {
                      "name": null,
                      "port": {
                        "name": null,
                        "number": null
                      }
                    }
                  },
                  "ingressClassName": null,
                  "rules": [
                    {
                      "host": null,
                      "http": {
                        "paths": [
                          {
                            "backend": {
                              "resource": {
                                "apiGroup": null,
                                "kind": null,
                                "name": null
                              },
                              "service": {
                                "name": "infrahash-service",
                                "port": {
                                  "name": null,
                                  "number": 5000
                                }
                              }
                            },
                            "path": "/",
                            "pathType": "Prefix"
                          }
                        ]
                      }
                    }
                  ],
                  "tls": null
                }
              },
              "type": [
                "object",
                {
                  "apiVersion": "string",
                  "kind": "string",
                  "metadata": [
                    "object",
                    {
                      "annotations": [
                        "map",
                        "string"
                      ],
                      "creationTimestamp": "string",
                      "deletionGracePeriodSeconds": "number",
                      "deletionTimestamp": "string",
                      "finalizers": [
                        "list",
                        "string"
                      ],
                      "generateName": "string",
                      "generation": "number",
                      "labels": [
                        "map",
                        "string"
                      ],
                      "managedFields": [
                        "tuple",
                        [
                          [
                            "object",
                            {
                              "apiVersion": "string",
                              "fieldsType": "string",
                              "fieldsV1": "dynamic",
                              "manager": "string",
                              "operation": "string",
                              "subresource": "string",
                              "time": "string"
                            }
                          ]
                        ]
                      ],
                      "name": "string",
                      "namespace": "string",
                      "ownerReferences": [
                        "list",
                        [
                          "object",
                          {
                            "apiVersion": "string",
                            "blockOwnerDeletion": "bool",
                            "controller": "bool",
                            "kind": "string",
                            "name": "string",
                            "uid": "string"
                          }
                        ]
                      ],
                      "resourceVersion": "string",
                      "selfLink": "string",
                      "uid": "string"
                    }
                  ],
                  "spec": [
                    "object",
                    {
                      "defaultBackend": [
                        "object",
                        {
                          "resource": [
                            "object",
                            {
                              "apiGroup": "string",
                              "kind": "string",
                              "name": "string"
                            }
                          ],
                          "service": [
                            "object",
                            {
                              "name": "string",
                              "port": [
                                "object",
                                {
                                  "name": "string",
                                  "number": "number"
                                }
                              ]
                            }
                          ]
                        }
                      ],
                      "ingressClassName": "string",
                      "rules": [
                        "list",
                        [
                          "object",
                          {
                            "host": "string",
                            "http": [
                              "object",
                              {
                                "paths": [
                                  "list",
                                  [
                                    "object",
                                    {
                                      "backend": [
                                        "object",
                                        {
                                          "resource": [
                                            "object",
                                            {
                                              "apiGroup": "string",
                                              "kind": "string",
                                              "name": "string"
                                            }
                                          ],
                                          "service": [
                                            "object",
                                            {
                                              "name": "string",
                                              "port": [
                                                "object",
                                                {
                                                  "name": "string",
                                                  "number": "number"
                                                }
                                              ]
                                            }
                                          ]
                                        }
                                      ],
                                      "path": "string",
                                      "pathType": "string"
                                    }
                                  ]
                                ]
                              }
                            ]
                          }
                        ]
                      ],
                      "tls": [
                        "list",
                        [
                          "object",
                          {
                            "hosts": [
                              "list",
                              "string"
                            ],
                            "secretName": "string"
                          }
                        ]
                      ]
                    }
                  ]
                }
              ]
            },
            "timeouts": [],
            "wait": [],
            "wait_for": null
          },
          "sensitive_attributes": [],
          "identity_schema_version": 1,
          "identity": {
            "api_version": "networking.k8s.io/v1",
            "kind": "Ingress",
            "name": "infrahash-ingress",
            "namespace": "default"
          },
          "dependencies": [
            "data.aws_eks_cluster.main",
            "data.aws_eks_cluster_auth.main",
            "data.terraform_remote_state.infra",
            "helm_release.aws_load_balancer_controller",
            "kubernetes_config_map.aws_auth",
            "kubernetes_service.infrahash_service"
          ]
        }
      ]
    },
    {
      "mode": "managed",
      "type": "kubernetes_secret",
      "name": "infrahash_db_secret",
      "provider": "provider[\"registry.terraform.io/hashicorp/kubernetes\"]",
      "instances": [
        {
          "schema_version": 0,
          "attributes": {
            "binary_data": null,
            "binary_data_wo": null,
            "binary_data_wo_revision": null,
            "data": {
              "DATABASE_HOST": "infrahash-db.cnssacwgkq31.us-east-2.rds.amazonaws.com",
              "DATABASE_NAME": "",
              "DATABASE_PASSWORD": "vl%u#pr+990w4wEakv]2",
              "DATABASE_PORT": "5432",
              "DATABASE_USER": "infrahash_admin"
            },
            "data_wo": null,
            "data_wo_revision": null,
            "id": "default/infrahash-db-secret",
            "immutable": false,
            "metadata": [
              {
                "annotations": {},
                "generate_name": "",
                "generation": 0,
                "labels": {},
                "name": "infrahash-db-secret",
                "namespace": "default",
                "resource_version": "5111",
                "uid": "7a80d7e6-b381-4497-b155-18c5de170cfe"
              }
            ],
            "timeouts": null,
            "type": "Opaque",
            "wait_for_service_account_token": true
          },
          "sensitive_attributes": [
            [
              {
                "type": "get_attr",
                "value": "binary_data"
              }
            ],
            [
              {
                "type": "get_attr",
                "value": "data"
              }
            ]
          ],
          "identity_schema_version": 1,
          "identity": {
            "api_version": "v1",
            "kind": "Secret",
            "name": "infrahash-db-secret",
            "namespace": "default"
          },
          "private": "eyJlMmJmYjczMC1lY2FhLTExZTYtOGY4OC0zNDM2M2JjN2M0YzAiOnsiY3JlYXRlIjo2MDAwMDAwMDAwMH19",
          "dependencies": [
            "data.aws_eks_cluster.main",
            "data.aws_eks_cluster_auth.main",
            "data.terraform_remote_state.infra"
          ]
        }
      ]
    },
    {
      "mode": "managed",
      "type": "kubernetes_service",
      "name": "infrahash_service",
      "provider": "provider[\"registry.terraform.io/hashicorp/kubernetes\"]",
      "instances": [
        {
          "schema_version": 1,
          "attributes": {
            "id": "default/infrahash-service",
            "metadata": [
              {
                "annotations": {},
                "generate_name": "",
                "generation": 0,
                "labels": {
                  "app": "infrahash"
                },
                "name": "infrahash-service",
                "namespace": "default",
                "resource_version": "5114",
                "uid": "abe71d61-ce88-432a-981e-38901eb248e1"
              }
            ],
            "spec": [
              {
                "allocate_load_balancer_node_ports": true,
                "cluster_ip": "172.20.79.132",
                "cluster_ips": [
                  "172.20.79.132"
                ],
                "external_ips": [],
                "external_name": "",
                "external_traffic_policy": "Cluster",
                "health_check_node_port": 0,
                "internal_traffic_policy": "Cluster",
                "ip_families": [
                  "IPv4"
                ],
                "ip_family_policy": "SingleStack",
                "load_balancer_class": "",
                "load_balancer_ip": "",
                "load_balancer_source_ranges": [],
                "port": [
                  {
                    "app_protocol": "",
                    "name": "",
                    "node_port": 32710,
                    "port": 5000,
                    "protocol": "TCP",
                    "target_port": "5000"
                  }
                ],
                "publish_not_ready_addresses": false,
                "selector": {
                  "app": "infrahash"
                },
                "session_affinity": "None",
                "session_affinity_config": [],
                "type": "NodePort"
              }
            ],
            "status": [
              {
                "load_balancer": [
                  {
                    "ingress": []
                  }
                ]
              }
            ],
            "timeouts": null,
            "wait_for_load_balancer": true
          },
          "sensitive_attributes": [],
          "identity_schema_version": 1,
          "identity": {
            "api_version": "v1",
            "kind": "Service",
            "name": "infrahash-service",
            "namespace": "default"
          },
          "private": "eyJlMmJmYjczMC1lY2FhLTExZTYtOGY4OC0zNDM2M2JjN2M0YzAiOnsiY3JlYXRlIjo2MDAwMDAwMDAwMDB9LCJzY2hlbWFfdmVyc2lvbiI6IjEifQ==",
          "dependencies": [
            "data.aws_eks_cluster.main",
            "data.aws_eks_cluster_auth.main",
            "data.terraform_remote_state.infra"
          ]
        }
      ]
    }
  ],
  "check_results": null
}
